<?xml version="1.0" encoding="utf-8"?>
<Project ToolsVersion="4.0" xmlns="http://schemas.microsoft.com/developer/msbuild/2003">
  <ItemGroup>
    <Natvis Include="$(MSBuildThisFileDirectory)..\..\natvis\wil.natvis" />
    <Natvis Include="$(MSBuildThisFileDirectory)..\..\natvis\wil.natstepfilter" />
  </ItemGroup>
  <ItemGroup>
    <ClCompile Include="dllmain.cpp" />
    <ClCompile Include="pch.cpp" />
    <ClCompile Include="Midi2.MidiSynthBidi.cpp">
      <Filter>Source Files</Filter>
    </ClCompile>
    <ClCompile Include="Midi2.MidiSynthConfigurationManager.cpp">
      <Filter>Source Files</Filter>
    </ClCompile>
    <ClCompile Include="Midi2.MidiSynthEndpointManager.cpp">
      <Filter>Source Files</Filter>
    </ClCompile>
    <ClCompile Include="Midi2.MidiSynthTransport.cpp">
      <Filter>Source Files</Filter>
    </ClCompile>
    <ClCompile Include="Midi2MidiSynthPluginMetadataProvider.cpp">
      <Filter>Source Files</Filter>
    </ClCompile>
    <ClCompile Include="MidiSynthDevice.cpp">
      <Filter>Source Files</Filter>
    </ClCompile>
    <ClCompile Include="TransportState.cpp">
      <Filter>Source Files</Filter>
    </ClCompile>
  </ItemGroup>
  <ItemGroup>
    <ClInclude Include="dllmain.h" />
    <ClInclude Include="pch.h" />
    <ClInclude Include="Midi2.MidiSynthBidi.h">
      <Filter>Header Files</Filter>
    </ClInclude>
    <ClInclude Include="Midi2.MidiSynthConfigurationManager.h">
      <Filter>Header Files</Filter>
    </ClInclude>
    <ClInclude Include="Midi2.MidiSynthPluginMetadataProvider.h">
      <Filter>Header Files</Filter>
    </ClInclude>
    <ClInclude Include="Midi2.MidiSynthEndpointManager.h">
      <Filter>Header Files</Filter>
    </ClInclude>
    <ClInclude Include="midi_synth_transport_defs.h">
      <Filter>Header Files</Filter>
    </ClInclude>
    <ClInclude Include="Midi2.MidiSynthTransport.h">
      <Filter>Header Files</Filter>
    </ClInclude>
    <ClInclude Include="MidiSynthDevice.h">
      <Filter>Header Files</Filter>
    </ClInclude>
    <ClInclude Include="MidiSynthSettings.h">
      <Filter>Header Files</Filter>
    </ClInclude>
    <ClInclude Include="TransportState.h">
      <Filter>Header Files</Filter>
    </ClInclude>
    <ClInclude Include="Resource.h">
      <Filter>Resource Files</Filter>
    </ClInclude>
    <ClInclude Include="..\RtpMidiTransport\transport_defs.h" />
    <ClInclude Include="..\RtpMidiTransport\TransportState.h" />
  </ItemGroup>
  <ItemGroup>
    <None Include="Midi2.MidiSynthTransport.def" />
    <None Include="packages.config" />
    <None Include="Midi2.MidiSynthTransport.rgs">
      <Filter>Resource Files</Filter>
    </None>
  </ItemGroup>
  <ItemGroup>
    <Filter Include="Header Files">
      <UniqueIdentifier>{f7ee2913-7eee-48b8-8a5e-84928d738d77}</UniqueIdentifier>
    </Filter>
    <Filter Include="Resource Files">
      <UniqueIdentifier>{a35335d0-23f8-4b20-9ea6-56077a4836db}</UniqueIdentifier>
    </Filter>
    <Filter Include="Source Files">
      <UniqueIdentifier>{44e64eaf-c9ca-464f-84ba-a8232f52c446}</UniqueIdentifier>
    </Filter>
  </ItemGroup>
  <ItemGroup>
    <ResourceCompile Include="Midi2.MidiSynthTransport.rc">
      <Filter>Resource Files</Filter>
    </ResourceCompile>
  </ItemGroup>
  <ItemGroup>
    <Midl Include="Midi2MidiSynthTransport.idl">
      <Filter>Source Files</Filter>
    </Midl>
  </ItemGroup>
</Project>