<?xml version="1.0" encoding="utf-8"?>
<Project ToolsVersion="15.0" xmlns="http://schemas.microsoft.com/developer/msbuild/2003">
  <ItemGroup>
    <Filter Include="Resources">
      <UniqueIdentifier>accd3aa8-1ba0-4223-9bbe-0c431709210b</UniqueIdentifier>
      <Extensions>rc;ico;cur;bmp;dlg;rc2;rct;bin;rgs;gif;jpg;jpeg;jpe;resx;tga;tiff;tif;png;wav;mfcribbon-ms</Extensions>
    </Filter>
    <Filter Include="Generated Files">
      <UniqueIdentifier>{926ab91d-31b4-48c3-b9a4-e681349f27f0}</UniqueIdentifier>
    </Filter>
    <Filter Include="SDK">
      <UniqueIdentifier>{4f6a2ac4-8b62-49bf-a42b-79a9e2584abe}</UniqueIdentifier>
    </Filter>
    <Filter Include="SDK\Messages">
      <UniqueIdentifier>{aa2a2918-1030-4549-946a-8ae21d00e0a6}</UniqueIdentifier>
    </Filter>
    <Filter Include="SDK\Endpoints">
      <UniqueIdentifier>{6965e07f-f558-4fdb-821c-dcb0ae49819a}</UniqueIdentifier>
    </Filter>
    <Filter Include="SDK\Display">
      <UniqueIdentifier>{e7e0aa49-381b-47bc-aa9b-b112d1cb6a03}</UniqueIdentifier>
    </Filter>
    <Filter Include="SDK\Enumeration">
      <UniqueIdentifier>{82d4c35a-889e-43da-aff9-d630e51b0046}</UniqueIdentifier>
    </Filter>
    <Filter Include="Internal">
      <UniqueIdentifier>{6abb387d-1da9-403e-bb35-70e4359f1b00}</UniqueIdentifier>
    </Filter>
    <Filter Include="SDK\Transports">
      <UniqueIdentifier>{7a309dc0-af6f-4fa7-8827-649ef97dcc9a}</UniqueIdentifier>
    </Filter>
    <Filter Include="Resources\Strings">
      <UniqueIdentifier>{58686a9f-285f-4481-b81c-3f06420aad3d}</UniqueIdentifier>
    </Filter>
    <Filter Include="Resources\Strings\en-US">
      <UniqueIdentifier>{53c77fb9-8938-4813-ab1f-eb196c6512ab}</UniqueIdentifier>
    </Filter>
    <Filter Include="SDK\Listeners">
      <UniqueIdentifier>{163e6eab-50a4-49ba-8cc5-3dcebbe6bb11}</UniqueIdentifier>
    </Filter>
    <Filter Include="SDK\Messages\Buffer">
      <UniqueIdentifier>{7f998efe-71c4-4ad0-8215-d9536c879c45}</UniqueIdentifier>
    </Filter>
    <Filter Include="SDK\CI">
      <UniqueIdentifier>{a8eac16b-2d26-4ccb-bc3b-90ded9db0596}</UniqueIdentifier>
    </Filter>
  </ItemGroup>
  <ItemGroup>
    <ClCompile Include="pch.cpp" />
    <ClCompile Include="Generated Files\module.g.cpp" />
    <ClCompile Include="MidiServices.cpp" />
    <ClCompile Include="MidiHighResolutionValueDisplayFormatter.cpp">
      <Filter>SDK\Display</Filter>
    </ClCompile>
    <ClCompile Include="MidiTransportInformation.cpp">
      <Filter>SDK\Transports</Filter>
    </ClCompile>
    <ClCompile Include="MidiMessageBufferHelper.cpp">
      <Filter>SDK\Messages\Buffer</Filter>
    </ClCompile>
    <ClCompile Include="MidiMessageBufferReader.cpp">
      <Filter>SDK\Messages\Buffer</Filter>
    </ClCompile>
    <ClCompile Include="MidiMessageBufferWriter.cpp">
      <Filter>SDK\Messages\Buffer</Filter>
    </ClCompile>
  </ItemGroup>
  <ItemGroup>
    <ClInclude Include="pch.h" />
    <ClInclude Include="MidiServices.h" />
    <ClInclude Include="midi_app_sdk_version.h">
      <Filter>Internal</Filter>
    </ClInclude>
    <ClInclude Include="MidiHighResolutionValueDisplayFormatter.h">
      <Filter>SDK\Display</Filter>
    </ClInclude>
    <ClInclude Include="MidiTransportInformation.h">
      <Filter>SDK\Transports</Filter>
    </ClInclude>
    <ClInclude Include="ump_helpers.h">
      <Filter>Internal</Filter>
    </ClInclude>
    <ClInclude Include="midi_sdk_inproc_loopback_simulator.h">
      <Filter>Internal</Filter>
    </ClInclude>
    <ClInclude Include="MidiMessageBufferHelper.h">
      <Filter>SDK\Messages\Buffer</Filter>
    </ClInclude>
    <ClInclude Include="MidiMessageBufferReader.h">
      <Filter>SDK\Messages\Buffer</Filter>
    </ClInclude>
    <ClInclude Include="MidiMessageBufferWriter.h">
      <Filter>SDK\Messages\Buffer</Filter>
    </ClInclude>
  </ItemGroup>
  <ItemGroup>
    <Midl Include="MidiUmpUtilities.idl">
      <Filter>SDK\Messages</Filter>
    </Midl>
    <Midl Include="MidiMessageTranslator.idl">
      <Filter>SDK\Messages</Filter>
    </Midl>
    <Midl Include="MidiDeviceInformation.idl">
      <Filter>SDK\Enumeration</Filter>
    </Midl>
    <Midl Include="MidiEndpointDisplayFormatter.idl">
      <Filter>SDK\Display</Filter>
    </Midl>
    <Midl Include="MidiEndpointInformation.idl">
      <Filter>SDK\Endpoints</Filter>
    </Midl>
    <Midl Include="MidiLocalizedStrings.idl">
      <Filter>SDK\Display</Filter>
    </Midl>
    <Midl Include="MidiServices.idl">
      <Filter>SDK</Filter>
    </Midl>
    <Midl Include="MidiHighResolutionValueDisplayFormatter.idl">
      <Filter>SDK\Display</Filter>
    </Midl>
    <Midl Include="MidiTransportInformation.idl">
      <Filter>SDK\Transports</Filter>
    </Midl>
    <Midl Include="IMidiTransportSettingsData.idl">
      <Filter>SDK\Transports</Filter>
    </Midl>
    <Midl Include="MidiEndpointDataFormatEnum.idl">
      <Filter>SDK\Enumeration</Filter>
    </Midl>
    <Midl Include="MidiGroupTerminalBlock.idl">
      <Filter>SDK\Enumeration</Filter>
    </Midl>
    <Midl Include="MidiMessageBufferReader.idl">
      <Filter>SDK\Messages\Buffer</Filter>
    </Midl>
    <Midl Include="MidiMessageBufferWriter.idl">
      <Filter>SDK\Messages\Buffer</Filter>
    </Midl>
    <Midl Include="MidiMessageBufferHelper.idl">
      <Filter>SDK\Messages\Buffer</Filter>
    </Midl>
    <Midl Include="MidiVirtualDevice.idl">
      <Filter>SDK\CI</Filter>
    </Midl>
    <Midl Include="MidiCIPropertyRequestedEventArgs.idl">
      <Filter>SDK\CI</Filter>
    </Midl>
  </ItemGroup>
  <ItemGroup>
    <None Include="midi-app-sdk.def" />
    <None Include="packages.config" />
  </ItemGroup>
  <ItemGroup>
    <None Include="PropertySheet.props" />
  </ItemGroup>
  <ItemGroup>
    <PRIResource Include="..\..\shared\strings\en-US\MidiMessageResources.resw">
      <Filter>Resources\Strings\en-US</Filter>
    </PRIResource>
    <PRIResource Include="..\..\shared\strings\en-US\MidiEntities.resw">
      <Filter>Resources\Strings\en-US</Filter>
    </PRIResource>
  </ItemGroup>
</Project>