<?xml version="1.0" encoding="utf-8"?>
<Project ToolsVersion="4.0" xmlns="http://schemas.microsoft.com/developer/msbuild/2003">
  <ItemGroup>
    <Filter Include="Source Files">
      <UniqueIdentifier>{c542d473-bacf-42de-84cc-8a0bc3242237}</UniqueIdentifier>
    </Filter>
    <Filter Include="Header Files">
      <UniqueIdentifier>{29af8d27-c614-42a4-8cac-c48162daa8e5}</UniqueIdentifier>
    </Filter>
  </ItemGroup>
  <ItemGroup>
    <ClCompile Include="utils.cpp">
      <Filter>Source Files</Filter>
    </ClCompile>
    <ClCompile Include="bytestreamToUMP.cpp">
      <Filter>Source Files</Filter>
    </ClCompile>
    <ClCompile Include="mcoded7.cpp">
      <Filter>Source Files</Filter>
    </ClCompile>
    <ClCompile Include="midiCIMessageCreate.cpp">
      <Filter>Source Files</Filter>
    </ClCompile>
    <ClCompile Include="midiCIProcessor.cpp">
      <Filter>Source Files</Filter>
    </ClCompile>
    <ClCompile Include="umpMessageCreate.cpp">
      <Filter>Source Files</Filter>
    </ClCompile>
    <ClCompile Include="umpProcessor.cpp">
      <Filter>Source Files</Filter>
    </ClCompile>
    <ClCompile Include="umpToBytestream.cpp">
      <Filter>Source Files</Filter>
    </ClCompile>
  </ItemGroup>
  <ItemGroup>
    <ClInclude Include="..\include\bytestreamToUMP.h">
      <Filter>Header Files</Filter>
    </ClInclude>
    <ClInclude Include="..\include\mcoded7.h">
      <Filter>Header Files</Filter>
    </ClInclude>
    <ClInclude Include="..\include\midiCIMessageCreate.h">
      <Filter>Header Files</Filter>
    </ClInclude>
    <ClInclude Include="..\include\midiCIProcessor.h">
      <Filter>Header Files</Filter>
    </ClInclude>
    <ClInclude Include="..\include\umpMessageCreate.h">
      <Filter>Header Files</Filter>
    </ClInclude>
    <ClInclude Include="..\include\umpProcessor.h">
      <Filter>Header Files</Filter>
    </ClInclude>
    <ClInclude Include="..\include\umpToBytestream.h">
      <Filter>Header Files</Filter>
    </ClInclude>
    <ClInclude Include="..\include\utils.h">
      <Filter>Header Files</Filter>
    </ClInclude>
  </ItemGroup>
</Project>