<?xml version="1.0" encoding="utf-8"?>
<Project ToolsVersion="4.0" xmlns="http://schemas.microsoft.com/developer/msbuild/2003">
  <ItemGroup>
    <ClCompile Include="pch.cpp" />
    <ClCompile Include="$(GeneratedFilesDir)module.g.cpp" />
    <ClCompile Include="MidiSysEx7Sender.cpp">
      <Filter>SDK</Filter>
    </ClCompile>
    <ClCompile Include="MidiSysEx8Sender.cpp">
      <Filter>SDK</Filter>
    </ClCompile>
    <ClCompile Include="MidiSysExReceiveProcessor.cpp">
      <Filter>SDK</Filter>
    </ClCompile>
  </ItemGroup>
  <ItemGroup>
    <ClInclude Include="pch.h" />
    <ClInclude Include="MidiSysEx7Sender.h">
      <Filter>SDK</Filter>
    </ClInclude>
    <ClInclude Include="MidiSysEx8Sender.h">
      <Filter>SDK</Filter>
    </ClInclude>
    <ClInclude Include="MidiSysExReceiveProcessor.h">
      <Filter>SDK</Filter>
    </ClInclude>
  </ItemGroup>
  <ItemGroup>
    <None Include="Microsoft_Devices_Midi2_SysExProcessor.def" />
    <None Include="PropertySheet.props" />
    <None Include="packages.config" />
  </ItemGroup>
  <ItemGroup>
    <Filter Include="SDK">
      <UniqueIdentifier>{a0594348-7e4a-45fb-985f-d2b4079daa94}</UniqueIdentifier>
    </Filter>
  </ItemGroup>
  <ItemGroup>
    <Midl Include="MidiSysEx7Sender.idl">
      <Filter>SDK</Filter>
    </Midl>
    <Midl Include="MidiSysEx8Sender.idl">
      <Filter>SDK</Filter>
    </Midl>
    <Midl Include="MidiSysExReceiveProcessor.idl">
      <Filter>SDK</Filter>
    </Midl>
  </ItemGroup>
</Project>