
Microsoft Visual Studio Solution File, Format Version 12.00
# Visual Studio Version 17
VisualStudioVersion = 17.11.35005.142
MinimumVisualStudioVersion = 10.0.40219.1
Project("{9A19103F-16F7-4668-BE54-9A1E7A4F7556}") = "client-basics-cs", "basics\client-basics-cs.csproj", "{1CC716E5-9D3D-4402-9169-9E7D2B76540B}"
EndProject
Project("{9A19103F-16F7-4668-BE54-9A1E7A4F7556}") = "virtual-device-app-winui-cs", "virtual-device-app-winui\virtual-device-app-winui-cs.csproj", "{B2A27EAA-93BA-4FA4-AFDA-62CD5031950A}"
EndProject
Project("{FAE04EC0-301F-11D3-BF4B-00C04F79EFBC}") = "virtual-device-app-wpf", "virtual-device-app-wpf\virtual-device-app-wpf.csproj", "{51C95EAA-B943-4DC6-92C8-855A6C50DBC1}"
EndProject
Global
	GlobalSection(SolutionConfigurationPlatforms) = preSolution
		Debug|Any CPU = Debug|Any CPU
		Debug|ARM64 = Debug|ARM64
		Debug|x64 = Debug|x64
		Release|Any CPU = Release|Any CPU
		Release|ARM64 = Release|ARM64
		Release|x64 = Release|x64
	EndGlobalSection
	GlobalSection(ProjectConfigurationPlatforms) = postSolution
		{1CC716E5-9D3D-4402-9169-9E7D2B76540B}.Debug|Any CPU.ActiveCfg = Debug|Any CPU
		{1CC716E5-9D3D-4402-9169-9E7D2B76540B}.Debug|Any CPU.Build.0 = Debug|Any CPU
		{1CC716E5-9D3D-4402-9169-9E7D2B76540B}.Debug|ARM64.ActiveCfg = Debug|Any CPU
		{1CC716E5-9D3D-4402-9169-9E7D2B76540B}.Debug|ARM64.Build.0 = Debug|Any CPU
		{1CC716E5-9D3D-4402-9169-9E7D2B76540B}.Debug|x64.ActiveCfg = Debug|x64
		{1CC716E5-9D3D-4402-9169-9E7D2B76540B}.Debug|x64.Build.0 = Debug|x64
		{1CC716E5-9D3D-4402-9169-9E7D2B76540B}.Release|Any CPU.ActiveCfg = Release|Any CPU
		{1CC716E5-9D3D-4402-9169-9E7D2B76540B}.Release|Any CPU.Build.0 = Release|Any CPU
		{1CC716E5-9D3D-4402-9169-9E7D2B76540B}.Release|ARM64.ActiveCfg = Release|Any CPU
		{1CC716E5-9D3D-4402-9169-9E7D2B76540B}.Release|ARM64.Build.0 = Release|Any CPU
		{1CC716E5-9D3D-4402-9169-9E7D2B76540B}.Release|x64.ActiveCfg = Release|x64
		{1CC716E5-9D3D-4402-9169-9E7D2B76540B}.Release|x64.Build.0 = Release|x64
		{B2A27EAA-93BA-4FA4-AFDA-62CD5031950A}.Debug|Any CPU.ActiveCfg = Debug|x64
		{B2A27EAA-93BA-4FA4-AFDA-62CD5031950A}.Debug|Any CPU.Build.0 = Debug|x64
		{B2A27EAA-93BA-4FA4-AFDA-62CD5031950A}.Debug|ARM64.ActiveCfg = Debug|ARM64
		{B2A27EAA-93BA-4FA4-AFDA-62CD5031950A}.Debug|ARM64.Build.0 = Debug|ARM64
		{B2A27EAA-93BA-4FA4-AFDA-62CD5031950A}.Debug|x64.ActiveCfg = Debug|x64
		{B2A27EAA-93BA-4FA4-AFDA-62CD5031950A}.Debug|x64.Build.0 = Debug|x64
		{B2A27EAA-93BA-4FA4-AFDA-62CD5031950A}.Release|Any CPU.ActiveCfg = Release|x64
		{B2A27EAA-93BA-4FA4-AFDA-62CD5031950A}.Release|Any CPU.Build.0 = Release|x64
		{B2A27EAA-93BA-4FA4-AFDA-62CD5031950A}.Release|ARM64.ActiveCfg = Release|ARM64
		{B2A27EAA-93BA-4FA4-AFDA-62CD5031950A}.Release|ARM64.Build.0 = Release|ARM64
		{B2A27EAA-93BA-4FA4-AFDA-62CD5031950A}.Release|x64.ActiveCfg = Release|x64
		{B2A27EAA-93BA-4FA4-AFDA-62CD5031950A}.Release|x64.Build.0 = Release|x64
		{51C95EAA-B943-4DC6-92C8-855A6C50DBC1}.Debug|Any CPU.ActiveCfg = Debug|Any CPU
		{51C95EAA-B943-4DC6-92C8-855A6C50DBC1}.Debug|Any CPU.Build.0 = Debug|Any CPU
		{51C95EAA-B943-4DC6-92C8-855A6C50DBC1}.Debug|ARM64.ActiveCfg = Debug|Any CPU
		{51C95EAA-B943-4DC6-92C8-855A6C50DBC1}.Debug|ARM64.Build.0 = Debug|Any CPU
		{51C95EAA-B943-4DC6-92C8-855A6C50DBC1}.Debug|x64.ActiveCfg = Debug|Any CPU
		{51C95EAA-B943-4DC6-92C8-855A6C50DBC1}.Debug|x64.Build.0 = Debug|Any CPU
		{51C95EAA-B943-4DC6-92C8-855A6C50DBC1}.Release|Any CPU.ActiveCfg = Release|Any CPU
		{51C95EAA-B943-4DC6-92C8-855A6C50DBC1}.Release|Any CPU.Build.0 = Release|Any CPU
		{51C95EAA-B943-4DC6-92C8-855A6C50DBC1}.Release|ARM64.ActiveCfg = Release|Any CPU
		{51C95EAA-B943-4DC6-92C8-855A6C50DBC1}.Release|ARM64.Build.0 = Release|Any CPU
		{51C95EAA-B943-4DC6-92C8-855A6C50DBC1}.Release|x64.ActiveCfg = Release|Any CPU
		{51C95EAA-B943-4DC6-92C8-855A6C50DBC1}.Release|x64.Build.0 = Release|Any CPU
	EndGlobalSection
	GlobalSection(SolutionProperties) = preSolution
		HideSolutionNode = FALSE
	EndGlobalSection
	GlobalSection(ExtensibilityGlobals) = postSolution
		SolutionGuid = {34C808F3-A3B8-46A3-8933-CD8A60799E58}
	EndGlobalSection
EndGlobal
