
Microsoft Visual Studio Solution File, Format Version 12.00
# Visual Studio Version 17
VisualStudioVersion = 17.11.35005.142
MinimumVisualStudioVersion = 10.0.40219.1
Project("{9A19103F-16F7-4668-BE54-9A1E7A4F7556}") = "client-basics-cs", "basics\client-basics-cs.csproj", "{1CC716E5-9D3D-4402-9169-9E7D2B76540B}"
EndProject
Project("{9A19103F-16F7-4668-BE54-9A1E7A4F7556}") = "virtual-device-app-winui-cs", "virtual-device-app-winui\virtual-device-app-winui-cs.csproj", "{B2A27EAA-93BA-4FA4-AFDA-62CD5031950A}"
EndProject
Project("{9A19103F-16F7-4668-BE54-9A1E7A4F7556}") = "static-enum-endpoints-cs", "static-enum-endpoints\static-enum-endpoints-cs.csproj", "{32B44C84-8BB8-4773-9F3E-B15A8A139110}"
EndProject
Project("{9A19103F-16F7-4668-BE54-9A1E7A4F7556}") = "watch-endpoints-cs", "watch-endpoints\watch-endpoints-cs.csproj", "{5BC62076-30DF-49B4-A7A4-F351521BF056}"
EndProject
Project("{9A19103F-16F7-4668-BE54-9A1E7A4F7556}") = "watch-midi1-ports-cs", "watch-midi1-ports\watch-midi1-ports-cs.csproj", "{38C82054-06B7-4F09-9838-4B78844F1555}"
EndProject
Project("{9A19103F-16F7-4668-BE54-9A1E7A4F7556}") = "endpoint-listeners-cs", "endpoint-listeners\endpoint-listeners-cs.csproj", "{FCB84F82-B4EB-4796-8CBD-E8DAE20A21A1}"
EndProject
Project("{9A19103F-16F7-4668-BE54-9A1E7A4F7556}") = "get-vid-pid-cs", "get-vid-pid\get-vid-pid-cs.csproj", "{1D48D61E-E36C-4294-B1E5-22EF3C5FAA9C}"
EndProject
Project("{9A19103F-16F7-4668-BE54-9A1E7A4F7556}") = "identify-endpoint-type-cs", "identify-endpoint-type\identify-endpoint-type-cs.csproj", "{DC0BDAB9-622A-48B6-9C5B-488B4063E8AE}"
EndProject
Project("{9A19103F-16F7-4668-BE54-9A1E7A4F7556}") = "loopback-endpoints-cs", "loopback-endpoints\loopback-endpoints-cs.csproj", "{9BBBEFFF-AA11-4BF6-A007-B1F43EF97C73}"
EndProject
Project("{9A19103F-16F7-4668-BE54-9A1E7A4F7556}") = "loopback-basic-endpoints-cs", "loopback-basic-endpoints\loopback-basic-endpoints-cs.csproj", "{AC9AD643-0D98-4B6C-982E-E452B06770FF}"
EndProject
Project("{9A19103F-16F7-4668-BE54-9A1E7A4F7556}") = "scheduled-send-messages-cs", "scheduled-send-messages\scheduled-send-messages-cs.csproj", "{2B3A85D6-1724-4B71-9156-47BB5968A083}"
EndProject
Project("{9A19103F-16F7-4668-BE54-9A1E7A4F7556}") = "send-speed-cs", "send-speed\send-speed-cs.csproj", "{3485D3A5-DF36-4263-9BB5-B88381CC8D61}"
EndProject
Project("{9A19103F-16F7-4668-BE54-9A1E7A4F7556}") = "sysex-file-sender-cs", "sysex-file-sender\sysex-file-sender-cs.csproj", "{0EBEFBD6-FDA7-44FA-816B-2A1611AF19F7}"
EndProject
Project("{9A19103F-16F7-4668-BE54-9A1E7A4F7556}") = "sysex-file-receiver-cs", "sysex-file-receiver\sysex-file-receiver-cs.csproj", "{E05DF415-8E99-43B8-BD35-276186BC38C2}"
EndProject
Project("{9A19103F-16F7-4668-BE54-9A1E7A4F7556}") = "sysex-send-bytes-cs", "sysex-send-bytes\sysex-send-bytes-cs.csproj", "{51851DA5-9AAC-4A1E-923C-12DF10F19FA6}"
EndProject
Global
	GlobalSection(SolutionConfigurationPlatforms) = preSolution
		Debug|ARM64 = Debug|ARM64
		Debug|x64 = Debug|x64
		Release|ARM64 = Release|ARM64
		Release|x64 = Release|x64
	EndGlobalSection
	GlobalSection(ProjectConfigurationPlatforms) = postSolution
		{1CC716E5-9D3D-4402-9169-9E7D2B76540B}.Debug|ARM64.ActiveCfg = Debug|ARM64
		{1CC716E5-9D3D-4402-9169-9E7D2B76540B}.Debug|ARM64.Build.0 = Debug|ARM64
		{1CC716E5-9D3D-4402-9169-9E7D2B76540B}.Debug|x64.ActiveCfg = Debug|x64
		{1CC716E5-9D3D-4402-9169-9E7D2B76540B}.Debug|x64.Build.0 = Debug|x64
		{1CC716E5-9D3D-4402-9169-9E7D2B76540B}.Release|ARM64.ActiveCfg = Release|ARM64
		{1CC716E5-9D3D-4402-9169-9E7D2B76540B}.Release|ARM64.Build.0 = Release|ARM64
		{1CC716E5-9D3D-4402-9169-9E7D2B76540B}.Release|x64.ActiveCfg = Release|x64
		{1CC716E5-9D3D-4402-9169-9E7D2B76540B}.Release|x64.Build.0 = Release|x64
		{B2A27EAA-93BA-4FA4-AFDA-62CD5031950A}.Debug|ARM64.ActiveCfg = Debug|ARM64
		{B2A27EAA-93BA-4FA4-AFDA-62CD5031950A}.Debug|ARM64.Build.0 = Debug|ARM64
		{B2A27EAA-93BA-4FA4-AFDA-62CD5031950A}.Debug|x64.ActiveCfg = Debug|x64
		{B2A27EAA-93BA-4FA4-AFDA-62CD5031950A}.Debug|x64.Build.0 = Debug|x64
		{B2A27EAA-93BA-4FA4-AFDA-62CD5031950A}.Release|ARM64.ActiveCfg = Release|ARM64
		{B2A27EAA-93BA-4FA4-AFDA-62CD5031950A}.Release|ARM64.Build.0 = Release|ARM64
		{B2A27EAA-93BA-4FA4-AFDA-62CD5031950A}.Release|x64.ActiveCfg = Release|x64
		{B2A27EAA-93BA-4FA4-AFDA-62CD5031950A}.Release|x64.Build.0 = Release|x64
		{32B44C84-8BB8-4773-9F3E-B15A8A139110}.Debug|ARM64.ActiveCfg = Debug|ARM64
		{32B44C84-8BB8-4773-9F3E-B15A8A139110}.Debug|ARM64.Build.0 = Debug|ARM64
		{32B44C84-8BB8-4773-9F3E-B15A8A139110}.Debug|x64.ActiveCfg = Debug|x64
		{32B44C84-8BB8-4773-9F3E-B15A8A139110}.Debug|x64.Build.0 = Debug|x64
		{32B44C84-8BB8-4773-9F3E-B15A8A139110}.Release|ARM64.ActiveCfg = Release|ARM64
		{32B44C84-8BB8-4773-9F3E-B15A8A139110}.Release|ARM64.Build.0 = Release|ARM64
		{32B44C84-8BB8-4773-9F3E-B15A8A139110}.Release|x64.ActiveCfg = Release|x64
		{32B44C84-8BB8-4773-9F3E-B15A8A139110}.Release|x64.Build.0 = Release|x64
		{5BC62076-30DF-49B4-A7A4-F351521BF056}.Debug|ARM64.ActiveCfg = Debug|ARM64
		{5BC62076-30DF-49B4-A7A4-F351521BF056}.Debug|ARM64.Build.0 = Debug|ARM64
		{5BC62076-30DF-49B4-A7A4-F351521BF056}.Debug|x64.ActiveCfg = Debug|x64
		{5BC62076-30DF-49B4-A7A4-F351521BF056}.Debug|x64.Build.0 = Debug|x64
		{5BC62076-30DF-49B4-A7A4-F351521BF056}.Release|ARM64.ActiveCfg = Release|ARM64
		{5BC62076-30DF-49B4-A7A4-F351521BF056}.Release|ARM64.Build.0 = Release|ARM64
		{5BC62076-30DF-49B4-A7A4-F351521BF056}.Release|x64.ActiveCfg = Release|x64
		{5BC62076-30DF-49B4-A7A4-F351521BF056}.Release|x64.Build.0 = Release|x64
		{38C82054-06B7-4F09-9838-4B78844F1555}.Debug|ARM64.ActiveCfg = Debug|ARM64
		{38C82054-06B7-4F09-9838-4B78844F1555}.Debug|ARM64.Build.0 = Debug|ARM64
		{38C82054-06B7-4F09-9838-4B78844F1555}.Debug|x64.ActiveCfg = Debug|x64
		{38C82054-06B7-4F09-9838-4B78844F1555}.Debug|x64.Build.0 = Debug|x64
		{38C82054-06B7-4F09-9838-4B78844F1555}.Release|ARM64.ActiveCfg = Release|ARM64
		{38C82054-06B7-4F09-9838-4B78844F1555}.Release|ARM64.Build.0 = Release|ARM64
		{38C82054-06B7-4F09-9838-4B78844F1555}.Release|x64.ActiveCfg = Release|x64
		{38C82054-06B7-4F09-9838-4B78844F1555}.Release|x64.Build.0 = Release|x64
		{FCB84F82-B4EB-4796-8CBD-E8DAE20A21A1}.Debug|ARM64.ActiveCfg = Debug|ARM64
		{FCB84F82-B4EB-4796-8CBD-E8DAE20A21A1}.Debug|ARM64.Build.0 = Debug|ARM64
		{FCB84F82-B4EB-4796-8CBD-E8DAE20A21A1}.Debug|x64.ActiveCfg = Debug|x64
		{FCB84F82-B4EB-4796-8CBD-E8DAE20A21A1}.Debug|x64.Build.0 = Debug|x64
		{FCB84F82-B4EB-4796-8CBD-E8DAE20A21A1}.Release|ARM64.ActiveCfg = Release|ARM64
		{FCB84F82-B4EB-4796-8CBD-E8DAE20A21A1}.Release|ARM64.Build.0 = Release|ARM64
		{FCB84F82-B4EB-4796-8CBD-E8DAE20A21A1}.Release|x64.ActiveCfg = Release|x64
		{FCB84F82-B4EB-4796-8CBD-E8DAE20A21A1}.Release|x64.Build.0 = Release|x64
		{1D48D61E-E36C-4294-B1E5-22EF3C5FAA9C}.Debug|ARM64.ActiveCfg = Debug|ARM64
		{1D48D61E-E36C-4294-B1E5-22EF3C5FAA9C}.Debug|ARM64.Build.0 = Debug|ARM64
		{1D48D61E-E36C-4294-B1E5-22EF3C5FAA9C}.Debug|x64.ActiveCfg = Debug|x64
		{1D48D61E-E36C-4294-B1E5-22EF3C5FAA9C}.Debug|x64.Build.0 = Debug|x64
		{1D48D61E-E36C-4294-B1E5-22EF3C5FAA9C}.Release|ARM64.ActiveCfg = Release|ARM64
		{1D48D61E-E36C-4294-B1E5-22EF3C5FAA9C}.Release|ARM64.Build.0 = Release|ARM64
		{1D48D61E-E36C-4294-B1E5-22EF3C5FAA9C}.Release|x64.ActiveCfg = Release|x64
		{1D48D61E-E36C-4294-B1E5-22EF3C5FAA9C}.Release|x64.Build.0 = Release|x64
		{DC0BDAB9-622A-48B6-9C5B-488B4063E8AE}.Debug|ARM64.ActiveCfg = Debug|ARM64
		{DC0BDAB9-622A-48B6-9C5B-488B4063E8AE}.Debug|ARM64.Build.0 = Debug|ARM64
		{DC0BDAB9-622A-48B6-9C5B-488B4063E8AE}.Debug|x64.ActiveCfg = Debug|x64
		{DC0BDAB9-622A-48B6-9C5B-488B4063E8AE}.Debug|x64.Build.0 = Debug|x64
		{DC0BDAB9-622A-48B6-9C5B-488B4063E8AE}.Release|ARM64.ActiveCfg = Release|ARM64
		{DC0BDAB9-622A-48B6-9C5B-488B4063E8AE}.Release|ARM64.Build.0 = Release|ARM64
		{DC0BDAB9-622A-48B6-9C5B-488B4063E8AE}.Release|x64.ActiveCfg = Release|x64
		{DC0BDAB9-622A-48B6-9C5B-488B4063E8AE}.Release|x64.Build.0 = Release|x64
		{9BBBEFFF-AA11-4BF6-A007-B1F43EF97C73}.Debug|ARM64.ActiveCfg = Debug|ARM64
		{9BBBEFFF-AA11-4BF6-A007-B1F43EF97C73}.Debug|ARM64.Build.0 = Debug|ARM64
		{9BBBEFFF-AA11-4BF6-A007-B1F43EF97C73}.Debug|x64.ActiveCfg = Debug|x64
		{9BBBEFFF-AA11-4BF6-A007-B1F43EF97C73}.Debug|x64.Build.0 = Debug|x64
		{9BBBEFFF-AA11-4BF6-A007-B1F43EF97C73}.Release|ARM64.ActiveCfg = Release|ARM64
		{9BBBEFFF-AA11-4BF6-A007-B1F43EF97C73}.Release|ARM64.Build.0 = Release|ARM64
		{9BBBEFFF-AA11-4BF6-A007-B1F43EF97C73}.Release|x64.ActiveCfg = Release|x64
		{9BBBEFFF-AA11-4BF6-A007-B1F43EF97C73}.Release|x64.Build.0 = Release|x64
		{AC9AD643-0D98-4B6C-982E-E452B06770FF}.Debug|ARM64.ActiveCfg = Debug|ARM64
		{AC9AD643-0D98-4B6C-982E-E452B06770FF}.Debug|ARM64.Build.0 = Debug|ARM64
		{AC9AD643-0D98-4B6C-982E-E452B06770FF}.Debug|x64.ActiveCfg = Debug|x64
		{AC9AD643-0D98-4B6C-982E-E452B06770FF}.Debug|x64.Build.0 = Debug|x64
		{AC9AD643-0D98-4B6C-982E-E452B06770FF}.Release|ARM64.ActiveCfg = Release|ARM64
		{AC9AD643-0D98-4B6C-982E-E452B06770FF}.Release|ARM64.Build.0 = Release|ARM64
		{AC9AD643-0D98-4B6C-982E-E452B06770FF}.Release|x64.ActiveCfg = Release|x64
		{AC9AD643-0D98-4B6C-982E-E452B06770FF}.Release|x64.Build.0 = Release|x64
		{2B3A85D6-1724-4B71-9156-47BB5968A083}.Debug|ARM64.ActiveCfg = Debug|ARM64
		{2B3A85D6-1724-4B71-9156-47BB5968A083}.Debug|ARM64.Build.0 = Debug|ARM64
		{2B3A85D6-1724-4B71-9156-47BB5968A083}.Debug|x64.ActiveCfg = Debug|x64
		{2B3A85D6-1724-4B71-9156-47BB5968A083}.Debug|x64.Build.0 = Debug|x64
		{2B3A85D6-1724-4B71-9156-47BB5968A083}.Release|ARM64.ActiveCfg = Release|ARM64
		{2B3A85D6-1724-4B71-9156-47BB5968A083}.Release|ARM64.Build.0 = Release|ARM64
		{2B3A85D6-1724-4B71-9156-47BB5968A083}.Release|x64.ActiveCfg = Release|x64
		{2B3A85D6-1724-4B71-9156-47BB5968A083}.Release|x64.Build.0 = Release|x64
		{3485D3A5-DF36-4263-9BB5-B88381CC8D61}.Debug|ARM64.ActiveCfg = Debug|ARM64
		{3485D3A5-DF36-4263-9BB5-B88381CC8D61}.Debug|ARM64.Build.0 = Debug|ARM64
		{3485D3A5-DF36-4263-9BB5-B88381CC8D61}.Debug|x64.ActiveCfg = Debug|x64
		{3485D3A5-DF36-4263-9BB5-B88381CC8D61}.Debug|x64.Build.0 = Debug|x64
		{3485D3A5-DF36-4263-9BB5-B88381CC8D61}.Release|ARM64.ActiveCfg = Release|ARM64
		{3485D3A5-DF36-4263-9BB5-B88381CC8D61}.Release|ARM64.Build.0 = Release|ARM64
		{3485D3A5-DF36-4263-9BB5-B88381CC8D61}.Release|x64.ActiveCfg = Release|x64
		{3485D3A5-DF36-4263-9BB5-B88381CC8D61}.Release|x64.Build.0 = Release|x64
		{0EBEFBD6-FDA7-44FA-816B-2A1611AF19F7}.Debug|ARM64.ActiveCfg = Debug|ARM64
		{0EBEFBD6-FDA7-44FA-816B-2A1611AF19F7}.Debug|ARM64.Build.0 = Debug|ARM64
		{0EBEFBD6-FDA7-44FA-816B-2A1611AF19F7}.Debug|x64.ActiveCfg = Debug|x64
		{0EBEFBD6-FDA7-44FA-816B-2A1611AF19F7}.Debug|x64.Build.0 = Debug|x64
		{0EBEFBD6-FDA7-44FA-816B-2A1611AF19F7}.Release|ARM64.ActiveCfg = Release|ARM64
		{0EBEFBD6-FDA7-44FA-816B-2A1611AF19F7}.Release|ARM64.Build.0 = Release|ARM64
		{0EBEFBD6-FDA7-44FA-816B-2A1611AF19F7}.Release|x64.ActiveCfg = Release|x64
		{0EBEFBD6-FDA7-44FA-816B-2A1611AF19F7}.Release|x64.Build.0 = Release|x64
		{E05DF415-8E99-43B8-BD35-276186BC38C2}.Debug|ARM64.ActiveCfg = Debug|ARM64
		{E05DF415-8E99-43B8-BD35-276186BC38C2}.Debug|ARM64.Build.0 = Debug|ARM64
		{E05DF415-8E99-43B8-BD35-276186BC38C2}.Debug|x64.ActiveCfg = Debug|x64
		{E05DF415-8E99-43B8-BD35-276186BC38C2}.Debug|x64.Build.0 = Debug|x64
		{E05DF415-8E99-43B8-BD35-276186BC38C2}.Release|ARM64.ActiveCfg = Release|ARM64
		{E05DF415-8E99-43B8-BD35-276186BC38C2}.Release|ARM64.Build.0 = Release|ARM64
		{E05DF415-8E99-43B8-BD35-276186BC38C2}.Release|x64.ActiveCfg = Release|x64
		{E05DF415-8E99-43B8-BD35-276186BC38C2}.Release|x64.Build.0 = Release|x64
		{51851DA5-9AAC-4A1E-923C-12DF10F19FA6}.Debug|ARM64.ActiveCfg = Debug|ARM64
		{51851DA5-9AAC-4A1E-923C-12DF10F19FA6}.Debug|ARM64.Build.0 = Debug|ARM64
		{51851DA5-9AAC-4A1E-923C-12DF10F19FA6}.Debug|x64.ActiveCfg = Debug|x64
		{51851DA5-9AAC-4A1E-923C-12DF10F19FA6}.Debug|x64.Build.0 = Debug|x64
		{51851DA5-9AAC-4A1E-923C-12DF10F19FA6}.Release|ARM64.ActiveCfg = Release|ARM64
		{51851DA5-9AAC-4A1E-923C-12DF10F19FA6}.Release|ARM64.Build.0 = Release|ARM64
		{51851DA5-9AAC-4A1E-923C-12DF10F19FA6}.Release|x64.ActiveCfg = Release|x64
		{51851DA5-9AAC-4A1E-923C-12DF10F19FA6}.Release|x64.Build.0 = Release|x64
	EndGlobalSection
	GlobalSection(SolutionProperties) = preSolution
		HideSolutionNode = FALSE
	EndGlobalSection
	GlobalSection(ExtensibilityGlobals) = postSolution
		SolutionGuid = {34C808F3-A3B8-46A3-8933-CD8A60799E58}
	EndGlobalSection
EndGlobal
