<?xml version="1.0" encoding="utf-8"?>
<Project ToolsVersion="4.0" xmlns="http://schemas.microsoft.com/developer/msbuild/2003">
  <ItemGroup>
    <Natvis Include="$(MSBuildThisFileDirectory)..\..\natvis\wil.natvis" />
    <Natvis Include="$(MSBuildThisFileDirectory)..\..\natvis\wil.natstepfilter" />
  </ItemGroup>
  <ItemGroup>
    <ClCompile Include="dllmain.cpp" />
    <ClCompile Include="$(GeneratedFilesDir)\module.g.cpp" />
    <ClCompile Include="pch.cpp" />
    <ClCompile Include="MidiServiceConfigResponse.cpp">
      <Filter>SDK\Shared</Filter>
    </ClCompile>
  </ItemGroup>
  <ItemGroup>
    <ClInclude Include="pch.h" />
    <ClInclude Include="resource.h">
      <Filter>Resources</Filter>
    </ClInclude>
    <ClInclude Include="MidiServiceConfigResponse.h">
      <Filter>SDK\Shared</Filter>
    </ClInclude>
  </ItemGroup>
  <ItemGroup>
    <Midl Include="MidiApiContracts.idl">
      <Filter>Contracts</Filter>
    </Midl>
    <Midl Include="IMidiServiceTransportPluginConfig.idl">
      <Filter>SDK\Transport</Filter>
    </Midl>
    <Midl Include="MidiServiceTransportPluginConfigManager.idl">
      <Filter>SDK\Transport</Filter>
    </Midl>
    <Midl Include="MidiServiceConfigEndpointMatchCriteria.idl">
      <Filter>SDK\Transport</Filter>
    </Midl>
    <Midl Include="MidiServiceEndpointCustomizationConfig.idl">
      <Filter>SDK\Transport</Filter>
    </Midl>
    <Midl Include="MidiServiceTransportCommand.idl">
      <Filter>SDK\Transport</Filter>
    </Midl>
    <Midl Include="MidiServiceTransportCommonCommands.idl">
      <Filter>SDK\Transport</Filter>
    </Midl>
    <Midl Include="MidiServiceConfigResponse.idl">
      <Filter>SDK\Shared</Filter>
    </Midl>
    <Midl Include="MidiServiceConfigResponseStatusEnum.idl">
      <Filter>SDK\Shared</Filter>
    </Midl>
  </ItemGroup>
  <ItemGroup>
    <None Include="midi-app-winrt-sdk.def" />
    <None Include="packages.config" />
    <None Include="PropertySheet.props" />
  </ItemGroup>
  <ItemGroup>
    <Filter Include="SDK">
      <UniqueIdentifier>{e4f2bcb9-2b3e-4320-ac66-3b0980c6844b}</UniqueIdentifier>
    </Filter>
    <Filter Include="Resources">
      <UniqueIdentifier>{80a505ad-f796-44c9-99af-43cab6d4ead6}</UniqueIdentifier>
    </Filter>
    <Filter Include="Contracts">
      <UniqueIdentifier>{3a1311ff-454e-47c7-8306-41ccadee67d1}</UniqueIdentifier>
    </Filter>
    <Filter Include="SDK\Transport">
      <UniqueIdentifier>{23e3d110-b3a9-4bef-ab77-5c911afb106d}</UniqueIdentifier>
    </Filter>
    <Filter Include="SDK\Transform">
      <UniqueIdentifier>{e8f1da1f-b42e-4a18-8c1e-9bb79d6de18d}</UniqueIdentifier>
    </Filter>
    <Filter Include="SDK\Shared">
      <UniqueIdentifier>{9e25e358-ce1a-4350-9517-3a497efe4222}</UniqueIdentifier>
    </Filter>
  </ItemGroup>
  <ItemGroup>
    <ResourceCompile Include="Resources.rc">
      <Filter>Resources</Filter>
    </ResourceCompile>
  </ItemGroup>
</Project>