
Microsoft Visual Studio Solution File, Format Version 12.00
# Visual Studio Version 17
VisualStudioVersion = 17.10.34825.169
MinimumVisualStudioVersion = 10.0.40219.1
Project("{8BC9CEB8-8B4A-11D0-8D11-00A0C91BC942}") = "Microsoft.Windows.Devices.Midi2", "winrt-core\Microsoft.Windows.Devices.Midi2.vcxproj", "{9EAA3AF3-7328-4F67-A011-E2DD8FBAA4C4}"
EndProject
Project("{8BC9CEB8-8B4A-11D0-8D11-00A0C91BC942}") = "Microsoft.Windows.Devices.Midi2.Diagnostics", "winrt-diagnostics\Microsoft.Windows.Devices.Midi2.Diagnostics.vcxproj", "{05796B3C-25FF-4AC2-999B-EDEFB773393C}"
EndProject
Project("{8BC9CEB8-8B4A-11D0-8D11-00A0C91BC942}") = "Microsoft.Windows.Devices.Midi2.ClientPlugins", "winrt-client-plugins\Microsoft.Windows.Devices.Midi2.Plugins.vcxproj", "{3D2BC934-CDC7-4DC7-B7FC-F34B755BF726}"
EndProject
Project("{8BC9CEB8-8B4A-11D0-8D11-00A0C91BC942}") = "Microsoft.Windows.Devices.Midi2.Messages", "winrt-messages\Microsoft.Windows.Devices.Midi2.Messages.vcxproj", "{001601DE-B7AB-41D1-81B7-40286B139841}"
EndProject
Project("{8BC9CEB8-8B4A-11D0-8D11-00A0C91BC942}") = "Microsoft.Windows.Devices.Midi2.Endpoints.Loopback", "winrt-endpoint-loopback\Microsoft.Windows.Devices.Midi2.Endpoints.Loopback.vcxproj", "{D3B84D5D-8BED-4CB7-B430-B0BF1E46F3A1}"
EndProject
Project("{8BC9CEB8-8B4A-11D0-8D11-00A0C91BC942}") = "Microsoft.Windows.Devices.Midi2.Endpoints.Virtual", "winrt-endpoint-virtual\Microsoft.Windows.Devices.Midi2.Endpoints.Virtual.vcxproj", "{9B93146C-4D9D-4915-BECB-5227DF2667E2}"
EndProject
Project("{2150E333-8FDC-42A3-9474-1A3956D46DE8}") = "0 Shared", "0 Shared", "{78B3E981-FFD4-4C8D-9575-B288DED97905}"
	ProjectSection(SolutionItems) = preProject
		MyMidiApp.exe.manifest = MyMidiApp.exe.manifest
		readme.md = readme.md
		sdk-shared\SdkTraceLogging.h = sdk-shared\SdkTraceLogging.h
	EndProjectSection
EndProject
Project("{2150E333-8FDC-42A3-9474-1A3956D46DE8}") = "Tools", "Tools", "{C8B31D71-0226-4D2D-AC78-53D5C84F472F}"
EndProject
Project("{2150E333-8FDC-42A3-9474-1A3956D46DE8}") = "SDKs", "SDKs", "{C264A7FA-A710-4681-9732-796A4F9EAC81}"
EndProject
Project("{8BC9CEB8-8B4A-11D0-8D11-00A0C91BC942}") = "Microsoft.Windows.Devices.Midi2.CapabilityInquiry", "winrt-ci\Microsoft.Windows.Devices.Midi2.CapabilityInquiry.vcxproj", "{38E2CBFD-6C7A-45FB-B162-6BCC1734A0A1}"
EndProject
Project("{8BC9CEB8-8B4A-11D0-8D11-00A0C91BC942}") = "mididiag", "mididiag\mididiag.vcxproj", "{5EC6D5EB-53D4-4731-891E-F746F0201429}"
EndProject
Project("{8BC9CEB8-8B4A-11D0-8D11-00A0C91BC942}") = "Microsoft.Windows.Devices.Midi2.ServiceConfig", "winrt-service-config\Microsoft.Windows.Devices.Midi2.ServiceConfig.vcxproj", "{72D1A831-0492-41CC-AA58-BDD05C1099F7}"
EndProject
Project("{2150E333-8FDC-42A3-9474-1A3956D46DE8}") = "Packages", "Packages", "{FE75C8DD-3ECA-4B26-A5A2-07C1245DBFD3}"
EndProject
Project("{9A19103F-16F7-4668-BE54-9A1E7A4F7556}") = "Microsoft.Windows.Devices.Midi2.NetProjection", "projections\dotnet-and-cpp\Microsoft.Windows.Devices.Midi2.NetProjection.csproj", "{25F09B3A-0D97-4245-8591-262A0DFF4320}"
	ProjectSection(ProjectDependencies) = postProject
		{5EC6D5EB-53D4-4731-891E-F746F0201429} = {5EC6D5EB-53D4-4731-891E-F746F0201429}
		{B58C37D4-4E28-424F-93FA-5504C4A3B7A0} = {B58C37D4-4E28-424F-93FA-5504C4A3B7A0}
	EndProjectSection
EndProject
Project("{2150E333-8FDC-42A3-9474-1A3956D46DE8}") = "Build Support", "Build Support", "{B35DD12B-68E2-4A8C-BF18-9072AD47C0AE}"
EndProject
Project("{8BC9CEB8-8B4A-11D0-8D11-00A0C91BC942}") = "coalesce", "coalesce\coalesce.vcxproj", "{B58C37D4-4E28-424F-93FA-5504C4A3B7A0}"
EndProject
Project("{2150E333-8FDC-42A3-9474-1A3956D46DE8}") = "WinRT SDK Support", "WinRT SDK Support", "{8E176635-B6CB-44A9-B711-AB28959E5D1B}"
EndProject
Project("{2150E333-8FDC-42A3-9474-1A3956D46DE8}") = "WinRT", "WinRT", "{F5AE94B4-47A7-4D35-A9EE-65FD4CF58C4B}"
EndProject
Project("{2150E333-8FDC-42A3-9474-1A3956D46DE8}") = "Core Implementation", "Core Implementation", "{F2CC4F2C-FD40-4E1D-BECE-74D9275F412B}"
EndProject
Project("{8BC9CEB8-8B4A-11D0-8D11-00A0C91BC942}") = "Microsoft.Windows.Devices.Midi2.Initialization", "winrt-initialization\Microsoft.Windows.Devices.Midi2.Initialization.vcxproj", "{0CA9273A-0BAE-4AC4-8290-A72A985DD264}"
EndProject
Project("{2150E333-8FDC-42A3-9474-1A3956D46DE8}") = "ZZ Tests", "ZZ Tests", "{900D72D2-91F0-4E6C-B694-192FD48393D2}"
EndProject
Project("{8BC9CEB8-8B4A-11D0-8D11-00A0C91BC942}") = "Offline.unittests", "tests\Offline.unittests\Offline.unittests.vcxproj", "{BCAE6353-5F32-4AE8-9949-039A2BC2C8C6}"
EndProject
Project("{8BC9CEB8-8B4A-11D0-8D11-00A0C91BC942}") = "Service.integrationtests", "tests\Service.integrationtests\Service.integrationtests.vcxproj", "{63FDB29C-5638-427B-86BF-05B318480571}"
EndProject
Project("{8BC9CEB8-8B4A-11D0-8D11-00A0C91BC942}") = "Benchmarks", "tests\Benchmarks\Benchmarks.vcxproj", "{4DABE157-7DD5-422A-8C77-B83EAC9987D0}"
EndProject
Project("{8BC9CEB8-8B4A-11D0-8D11-00A0C91BC942}") = "midiusbinfo", "midiusbinfo\midiusbinfo.vcxproj", "{0F688DE9-BE99-4A86-BE79-C5BE32BC471D}"
EndProject
Global
	GlobalSection(SolutionConfigurationPlatforms) = preSolution
		Debug|Any CPU = Debug|Any CPU
		Debug|ARM64 = Debug|ARM64
		Debug|ARM64EC = Debug|ARM64EC
		Debug|x64 = Debug|x64
		Release|Any CPU = Release|Any CPU
		Release|ARM64 = Release|ARM64
		Release|ARM64EC = Release|ARM64EC
		Release|x64 = Release|x64
	EndGlobalSection
	GlobalSection(ProjectConfigurationPlatforms) = postSolution
		{9EAA3AF3-7328-4F67-A011-E2DD8FBAA4C4}.Debug|Any CPU.ActiveCfg = Debug|x64
		{9EAA3AF3-7328-4F67-A011-E2DD8FBAA4C4}.Debug|Any CPU.Build.0 = Debug|x64
		{9EAA3AF3-7328-4F67-A011-E2DD8FBAA4C4}.Debug|ARM64.ActiveCfg = Debug|ARM64
		{9EAA3AF3-7328-4F67-A011-E2DD8FBAA4C4}.Debug|ARM64.Build.0 = Debug|ARM64
		{9EAA3AF3-7328-4F67-A011-E2DD8FBAA4C4}.Debug|ARM64EC.ActiveCfg = Debug|ARM64EC
		{9EAA3AF3-7328-4F67-A011-E2DD8FBAA4C4}.Debug|ARM64EC.Build.0 = Debug|ARM64EC
		{9EAA3AF3-7328-4F67-A011-E2DD8FBAA4C4}.Debug|x64.ActiveCfg = Debug|x64
		{9EAA3AF3-7328-4F67-A011-E2DD8FBAA4C4}.Debug|x64.Build.0 = Debug|x64
		{9EAA3AF3-7328-4F67-A011-E2DD8FBAA4C4}.Release|Any CPU.ActiveCfg = Release|x64
		{9EAA3AF3-7328-4F67-A011-E2DD8FBAA4C4}.Release|Any CPU.Build.0 = Release|x64
		{9EAA3AF3-7328-4F67-A011-E2DD8FBAA4C4}.Release|ARM64.ActiveCfg = Release|ARM64
		{9EAA3AF3-7328-4F67-A011-E2DD8FBAA4C4}.Release|ARM64.Build.0 = Release|ARM64
		{9EAA3AF3-7328-4F67-A011-E2DD8FBAA4C4}.Release|ARM64EC.ActiveCfg = Release|ARM64EC
		{9EAA3AF3-7328-4F67-A011-E2DD8FBAA4C4}.Release|ARM64EC.Build.0 = Release|ARM64EC
		{9EAA3AF3-7328-4F67-A011-E2DD8FBAA4C4}.Release|x64.ActiveCfg = Release|x64
		{9EAA3AF3-7328-4F67-A011-E2DD8FBAA4C4}.Release|x64.Build.0 = Release|x64
		{05796B3C-25FF-4AC2-999B-EDEFB773393C}.Debug|Any CPU.ActiveCfg = Debug|x64
		{05796B3C-25FF-4AC2-999B-EDEFB773393C}.Debug|Any CPU.Build.0 = Debug|x64
		{05796B3C-25FF-4AC2-999B-EDEFB773393C}.Debug|ARM64.ActiveCfg = Debug|ARM64
		{05796B3C-25FF-4AC2-999B-EDEFB773393C}.Debug|ARM64.Build.0 = Debug|ARM64
		{05796B3C-25FF-4AC2-999B-EDEFB773393C}.Debug|ARM64EC.ActiveCfg = Debug|ARM64EC
		{05796B3C-25FF-4AC2-999B-EDEFB773393C}.Debug|ARM64EC.Build.0 = Debug|ARM64EC
		{05796B3C-25FF-4AC2-999B-EDEFB773393C}.Debug|x64.ActiveCfg = Debug|x64
		{05796B3C-25FF-4AC2-999B-EDEFB773393C}.Debug|x64.Build.0 = Debug|x64
		{05796B3C-25FF-4AC2-999B-EDEFB773393C}.Release|Any CPU.ActiveCfg = Release|x64
		{05796B3C-25FF-4AC2-999B-EDEFB773393C}.Release|Any CPU.Build.0 = Release|x64
		{05796B3C-25FF-4AC2-999B-EDEFB773393C}.Release|ARM64.ActiveCfg = Release|ARM64
		{05796B3C-25FF-4AC2-999B-EDEFB773393C}.Release|ARM64.Build.0 = Release|ARM64
		{05796B3C-25FF-4AC2-999B-EDEFB773393C}.Release|ARM64EC.ActiveCfg = Release|ARM64EC
		{05796B3C-25FF-4AC2-999B-EDEFB773393C}.Release|ARM64EC.Build.0 = Release|ARM64EC
		{05796B3C-25FF-4AC2-999B-EDEFB773393C}.Release|x64.ActiveCfg = Release|x64
		{05796B3C-25FF-4AC2-999B-EDEFB773393C}.Release|x64.Build.0 = Release|x64
		{3D2BC934-CDC7-4DC7-B7FC-F34B755BF726}.Debug|Any CPU.ActiveCfg = Debug|x64
		{3D2BC934-CDC7-4DC7-B7FC-F34B755BF726}.Debug|Any CPU.Build.0 = Debug|x64
		{3D2BC934-CDC7-4DC7-B7FC-F34B755BF726}.Debug|ARM64.ActiveCfg = Debug|ARM64
		{3D2BC934-CDC7-4DC7-B7FC-F34B755BF726}.Debug|ARM64.Build.0 = Debug|ARM64
		{3D2BC934-CDC7-4DC7-B7FC-F34B755BF726}.Debug|ARM64EC.ActiveCfg = Debug|ARM64EC
		{3D2BC934-CDC7-4DC7-B7FC-F34B755BF726}.Debug|ARM64EC.Build.0 = Debug|ARM64EC
		{3D2BC934-CDC7-4DC7-B7FC-F34B755BF726}.Debug|x64.ActiveCfg = Debug|x64
		{3D2BC934-CDC7-4DC7-B7FC-F34B755BF726}.Debug|x64.Build.0 = Debug|x64
		{3D2BC934-CDC7-4DC7-B7FC-F34B755BF726}.Release|Any CPU.ActiveCfg = Release|x64
		{3D2BC934-CDC7-4DC7-B7FC-F34B755BF726}.Release|Any CPU.Build.0 = Release|x64
		{3D2BC934-CDC7-4DC7-B7FC-F34B755BF726}.Release|ARM64.ActiveCfg = Release|ARM64
		{3D2BC934-CDC7-4DC7-B7FC-F34B755BF726}.Release|ARM64.Build.0 = Release|ARM64
		{3D2BC934-CDC7-4DC7-B7FC-F34B755BF726}.Release|ARM64EC.ActiveCfg = Release|ARM64EC
		{3D2BC934-CDC7-4DC7-B7FC-F34B755BF726}.Release|ARM64EC.Build.0 = Release|ARM64EC
		{3D2BC934-CDC7-4DC7-B7FC-F34B755BF726}.Release|x64.ActiveCfg = Release|x64
		{3D2BC934-CDC7-4DC7-B7FC-F34B755BF726}.Release|x64.Build.0 = Release|x64
		{001601DE-B7AB-41D1-81B7-40286B139841}.Debug|Any CPU.ActiveCfg = Debug|x64
		{001601DE-B7AB-41D1-81B7-40286B139841}.Debug|Any CPU.Build.0 = Debug|x64
		{001601DE-B7AB-41D1-81B7-40286B139841}.Debug|ARM64.ActiveCfg = Debug|ARM64
		{001601DE-B7AB-41D1-81B7-40286B139841}.Debug|ARM64.Build.0 = Debug|ARM64
		{001601DE-B7AB-41D1-81B7-40286B139841}.Debug|ARM64EC.ActiveCfg = Debug|ARM64EC
		{001601DE-B7AB-41D1-81B7-40286B139841}.Debug|ARM64EC.Build.0 = Debug|ARM64EC
		{001601DE-B7AB-41D1-81B7-40286B139841}.Debug|x64.ActiveCfg = Debug|x64
		{001601DE-B7AB-41D1-81B7-40286B139841}.Debug|x64.Build.0 = Debug|x64
		{001601DE-B7AB-41D1-81B7-40286B139841}.Release|Any CPU.ActiveCfg = Release|x64
		{001601DE-B7AB-41D1-81B7-40286B139841}.Release|Any CPU.Build.0 = Release|x64
		{001601DE-B7AB-41D1-81B7-40286B139841}.Release|ARM64.ActiveCfg = Release|ARM64
		{001601DE-B7AB-41D1-81B7-40286B139841}.Release|ARM64.Build.0 = Release|ARM64
		{001601DE-B7AB-41D1-81B7-40286B139841}.Release|ARM64EC.ActiveCfg = Release|ARM64EC
		{001601DE-B7AB-41D1-81B7-40286B139841}.Release|ARM64EC.Build.0 = Release|ARM64EC
		{001601DE-B7AB-41D1-81B7-40286B139841}.Release|x64.ActiveCfg = Release|x64
		{001601DE-B7AB-41D1-81B7-40286B139841}.Release|x64.Build.0 = Release|x64
		{D3B84D5D-8BED-4CB7-B430-B0BF1E46F3A1}.Debug|Any CPU.ActiveCfg = Debug|x64
		{D3B84D5D-8BED-4CB7-B430-B0BF1E46F3A1}.Debug|Any CPU.Build.0 = Debug|x64
		{D3B84D5D-8BED-4CB7-B430-B0BF1E46F3A1}.Debug|ARM64.ActiveCfg = Debug|ARM64
		{D3B84D5D-8BED-4CB7-B430-B0BF1E46F3A1}.Debug|ARM64.Build.0 = Debug|ARM64
		{D3B84D5D-8BED-4CB7-B430-B0BF1E46F3A1}.Debug|ARM64EC.ActiveCfg = Debug|ARM64EC
		{D3B84D5D-8BED-4CB7-B430-B0BF1E46F3A1}.Debug|ARM64EC.Build.0 = Debug|ARM64EC
		{D3B84D5D-8BED-4CB7-B430-B0BF1E46F3A1}.Debug|x64.ActiveCfg = Debug|x64
		{D3B84D5D-8BED-4CB7-B430-B0BF1E46F3A1}.Debug|x64.Build.0 = Debug|x64
		{D3B84D5D-8BED-4CB7-B430-B0BF1E46F3A1}.Release|Any CPU.ActiveCfg = Release|x64
		{D3B84D5D-8BED-4CB7-B430-B0BF1E46F3A1}.Release|Any CPU.Build.0 = Release|x64
		{D3B84D5D-8BED-4CB7-B430-B0BF1E46F3A1}.Release|ARM64.ActiveCfg = Release|ARM64
		{D3B84D5D-8BED-4CB7-B430-B0BF1E46F3A1}.Release|ARM64.Build.0 = Release|ARM64
		{D3B84D5D-8BED-4CB7-B430-B0BF1E46F3A1}.Release|ARM64EC.ActiveCfg = Release|ARM64EC
		{D3B84D5D-8BED-4CB7-B430-B0BF1E46F3A1}.Release|ARM64EC.Build.0 = Release|ARM64EC
		{D3B84D5D-8BED-4CB7-B430-B0BF1E46F3A1}.Release|x64.ActiveCfg = Release|x64
		{D3B84D5D-8BED-4CB7-B430-B0BF1E46F3A1}.Release|x64.Build.0 = Release|x64
		{9B93146C-4D9D-4915-BECB-5227DF2667E2}.Debug|Any CPU.ActiveCfg = Debug|x64
		{9B93146C-4D9D-4915-BECB-5227DF2667E2}.Debug|Any CPU.Build.0 = Debug|x64
		{9B93146C-4D9D-4915-BECB-5227DF2667E2}.Debug|ARM64.ActiveCfg = Debug|ARM64
		{9B93146C-4D9D-4915-BECB-5227DF2667E2}.Debug|ARM64.Build.0 = Debug|ARM64
		{9B93146C-4D9D-4915-BECB-5227DF2667E2}.Debug|ARM64EC.ActiveCfg = Debug|ARM64EC
		{9B93146C-4D9D-4915-BECB-5227DF2667E2}.Debug|ARM64EC.Build.0 = Debug|ARM64EC
		{9B93146C-4D9D-4915-BECB-5227DF2667E2}.Debug|x64.ActiveCfg = Debug|x64
		{9B93146C-4D9D-4915-BECB-5227DF2667E2}.Debug|x64.Build.0 = Debug|x64
		{9B93146C-4D9D-4915-BECB-5227DF2667E2}.Release|Any CPU.ActiveCfg = Release|x64
		{9B93146C-4D9D-4915-BECB-5227DF2667E2}.Release|Any CPU.Build.0 = Release|x64
		{9B93146C-4D9D-4915-BECB-5227DF2667E2}.Release|ARM64.ActiveCfg = Release|ARM64
		{9B93146C-4D9D-4915-BECB-5227DF2667E2}.Release|ARM64.Build.0 = Release|ARM64
		{9B93146C-4D9D-4915-BECB-5227DF2667E2}.Release|ARM64EC.ActiveCfg = Release|ARM64EC
		{9B93146C-4D9D-4915-BECB-5227DF2667E2}.Release|ARM64EC.Build.0 = Release|ARM64EC
		{9B93146C-4D9D-4915-BECB-5227DF2667E2}.Release|x64.ActiveCfg = Release|x64
		{9B93146C-4D9D-4915-BECB-5227DF2667E2}.Release|x64.Build.0 = Release|x64
		{38E2CBFD-6C7A-45FB-B162-6BCC1734A0A1}.Debug|Any CPU.ActiveCfg = Debug|x64
		{38E2CBFD-6C7A-45FB-B162-6BCC1734A0A1}.Debug|Any CPU.Build.0 = Debug|x64
		{38E2CBFD-6C7A-45FB-B162-6BCC1734A0A1}.Debug|ARM64.ActiveCfg = Debug|ARM64
		{38E2CBFD-6C7A-45FB-B162-6BCC1734A0A1}.Debug|ARM64.Build.0 = Debug|ARM64
		{38E2CBFD-6C7A-45FB-B162-6BCC1734A0A1}.Debug|ARM64EC.ActiveCfg = Debug|ARM64EC
		{38E2CBFD-6C7A-45FB-B162-6BCC1734A0A1}.Debug|ARM64EC.Build.0 = Debug|ARM64EC
		{38E2CBFD-6C7A-45FB-B162-6BCC1734A0A1}.Debug|x64.ActiveCfg = Debug|x64
		{38E2CBFD-6C7A-45FB-B162-6BCC1734A0A1}.Debug|x64.Build.0 = Debug|x64
		{38E2CBFD-6C7A-45FB-B162-6BCC1734A0A1}.Release|Any CPU.ActiveCfg = Release|x64
		{38E2CBFD-6C7A-45FB-B162-6BCC1734A0A1}.Release|Any CPU.Build.0 = Release|x64
		{38E2CBFD-6C7A-45FB-B162-6BCC1734A0A1}.Release|ARM64.ActiveCfg = Release|ARM64
		{38E2CBFD-6C7A-45FB-B162-6BCC1734A0A1}.Release|ARM64.Build.0 = Release|ARM64
		{38E2CBFD-6C7A-45FB-B162-6BCC1734A0A1}.Release|ARM64EC.ActiveCfg = Release|ARM64EC
		{38E2CBFD-6C7A-45FB-B162-6BCC1734A0A1}.Release|ARM64EC.Build.0 = Release|ARM64EC
		{38E2CBFD-6C7A-45FB-B162-6BCC1734A0A1}.Release|x64.ActiveCfg = Release|x64
		{38E2CBFD-6C7A-45FB-B162-6BCC1734A0A1}.Release|x64.Build.0 = Release|x64
		{5EC6D5EB-53D4-4731-891E-F746F0201429}.Debug|Any CPU.ActiveCfg = Debug|x64
		{5EC6D5EB-53D4-4731-891E-F746F0201429}.Debug|Any CPU.Build.0 = Debug|x64
		{5EC6D5EB-53D4-4731-891E-F746F0201429}.Debug|ARM64.ActiveCfg = Debug|ARM64
		{5EC6D5EB-53D4-4731-891E-F746F0201429}.Debug|ARM64.Build.0 = Debug|ARM64
		{5EC6D5EB-53D4-4731-891E-F746F0201429}.Debug|ARM64EC.ActiveCfg = Debug|x64
		{5EC6D5EB-53D4-4731-891E-F746F0201429}.Debug|ARM64EC.Build.0 = Debug|x64
		{5EC6D5EB-53D4-4731-891E-F746F0201429}.Debug|x64.ActiveCfg = Debug|x64
		{5EC6D5EB-53D4-4731-891E-F746F0201429}.Debug|x64.Build.0 = Debug|x64
		{5EC6D5EB-53D4-4731-891E-F746F0201429}.Release|Any CPU.ActiveCfg = Release|x64
		{5EC6D5EB-53D4-4731-891E-F746F0201429}.Release|Any CPU.Build.0 = Release|x64
		{5EC6D5EB-53D4-4731-891E-F746F0201429}.Release|ARM64.ActiveCfg = Release|ARM64
		{5EC6D5EB-53D4-4731-891E-F746F0201429}.Release|ARM64.Build.0 = Release|ARM64
		{5EC6D5EB-53D4-4731-891E-F746F0201429}.Release|ARM64EC.ActiveCfg = Release|x64
		{5EC6D5EB-53D4-4731-891E-F746F0201429}.Release|ARM64EC.Build.0 = Release|x64
		{5EC6D5EB-53D4-4731-891E-F746F0201429}.Release|x64.ActiveCfg = Release|x64
		{5EC6D5EB-53D4-4731-891E-F746F0201429}.Release|x64.Build.0 = Release|x64
		{72D1A831-0492-41CC-AA58-BDD05C1099F7}.Debug|Any CPU.ActiveCfg = Debug|x64
		{72D1A831-0492-41CC-AA58-BDD05C1099F7}.Debug|Any CPU.Build.0 = Debug|x64
		{72D1A831-0492-41CC-AA58-BDD05C1099F7}.Debug|ARM64.ActiveCfg = Debug|ARM64
		{72D1A831-0492-41CC-AA58-BDD05C1099F7}.Debug|ARM64.Build.0 = Debug|ARM64
		{72D1A831-0492-41CC-AA58-BDD05C1099F7}.Debug|ARM64EC.ActiveCfg = Debug|ARM64EC
		{72D1A831-0492-41CC-AA58-BDD05C1099F7}.Debug|ARM64EC.Build.0 = Debug|ARM64EC
		{72D1A831-0492-41CC-AA58-BDD05C1099F7}.Debug|x64.ActiveCfg = Debug|x64
		{72D1A831-0492-41CC-AA58-BDD05C1099F7}.Debug|x64.Build.0 = Debug|x64
		{72D1A831-0492-41CC-AA58-BDD05C1099F7}.Release|Any CPU.ActiveCfg = Release|x64
		{72D1A831-0492-41CC-AA58-BDD05C1099F7}.Release|Any CPU.Build.0 = Release|x64
		{72D1A831-0492-41CC-AA58-BDD05C1099F7}.Release|ARM64.ActiveCfg = Release|ARM64
		{72D1A831-0492-41CC-AA58-BDD05C1099F7}.Release|ARM64.Build.0 = Release|ARM64
		{72D1A831-0492-41CC-AA58-BDD05C1099F7}.Release|ARM64EC.ActiveCfg = Release|ARM64EC
		{72D1A831-0492-41CC-AA58-BDD05C1099F7}.Release|ARM64EC.Build.0 = Release|ARM64EC
		{72D1A831-0492-41CC-AA58-BDD05C1099F7}.Release|x64.ActiveCfg = Release|x64
		{72D1A831-0492-41CC-AA58-BDD05C1099F7}.Release|x64.Build.0 = Release|x64
		{25F09B3A-0D97-4245-8591-262A0DFF4320}.Debug|Any CPU.ActiveCfg = Debug|Any CPU
		{25F09B3A-0D97-4245-8591-262A0DFF4320}.Debug|Any CPU.Build.0 = Debug|Any CPU
		{25F09B3A-0D97-4245-8591-262A0DFF4320}.Debug|ARM64.ActiveCfg = Debug|ARM64
		{25F09B3A-0D97-4245-8591-262A0DFF4320}.Debug|ARM64.Build.0 = Debug|ARM64
		{25F09B3A-0D97-4245-8591-262A0DFF4320}.Debug|ARM64EC.ActiveCfg = Debug|Any CPU
		{25F09B3A-0D97-4245-8591-262A0DFF4320}.Debug|ARM64EC.Build.0 = Debug|Any CPU
		{25F09B3A-0D97-4245-8591-262A0DFF4320}.Debug|x64.ActiveCfg = Debug|x64
		{25F09B3A-0D97-4245-8591-262A0DFF4320}.Debug|x64.Build.0 = Debug|x64
		{25F09B3A-0D97-4245-8591-262A0DFF4320}.Release|Any CPU.ActiveCfg = Release|Any CPU
		{25F09B3A-0D97-4245-8591-262A0DFF4320}.Release|Any CPU.Build.0 = Release|Any CPU
		{25F09B3A-0D97-4245-8591-262A0DFF4320}.Release|ARM64.ActiveCfg = Release|Any CPU
		{25F09B3A-0D97-4245-8591-262A0DFF4320}.Release|ARM64.Build.0 = Release|Any CPU
		{25F09B3A-0D97-4245-8591-262A0DFF4320}.Release|ARM64EC.ActiveCfg = Release|Any CPU
		{25F09B3A-0D97-4245-8591-262A0DFF4320}.Release|ARM64EC.Build.0 = Release|Any CPU
		{25F09B3A-0D97-4245-8591-262A0DFF4320}.Release|x64.ActiveCfg = Release|Any CPU
		{25F09B3A-0D97-4245-8591-262A0DFF4320}.Release|x64.Build.0 = Release|Any CPU
		{B58C37D4-4E28-424F-93FA-5504C4A3B7A0}.Debug|Any CPU.ActiveCfg = Debug|x64
		{B58C37D4-4E28-424F-93FA-5504C4A3B7A0}.Debug|Any CPU.Build.0 = Debug|x64
		{B58C37D4-4E28-424F-93FA-5504C4A3B7A0}.Debug|ARM64.ActiveCfg = Debug|ARM64
		{B58C37D4-4E28-424F-93FA-5504C4A3B7A0}.Debug|ARM64.Build.0 = Debug|ARM64
		{B58C37D4-4E28-424F-93FA-5504C4A3B7A0}.Debug|ARM64EC.ActiveCfg = Debug|ARM64EC
		{B58C37D4-4E28-424F-93FA-5504C4A3B7A0}.Debug|ARM64EC.Build.0 = Debug|ARM64EC
		{B58C37D4-4E28-424F-93FA-5504C4A3B7A0}.Debug|x64.ActiveCfg = Debug|x64
		{B58C37D4-4E28-424F-93FA-5504C4A3B7A0}.Debug|x64.Build.0 = Debug|x64
		{B58C37D4-4E28-424F-93FA-5504C4A3B7A0}.Release|Any CPU.ActiveCfg = Release|x64
		{B58C37D4-4E28-424F-93FA-5504C4A3B7A0}.Release|Any CPU.Build.0 = Release|x64
		{B58C37D4-4E28-424F-93FA-5504C4A3B7A0}.Release|ARM64.ActiveCfg = Release|ARM64
		{B58C37D4-4E28-424F-93FA-5504C4A3B7A0}.Release|ARM64.Build.0 = Release|ARM64
		{B58C37D4-4E28-424F-93FA-5504C4A3B7A0}.Release|ARM64EC.ActiveCfg = Release|ARM64EC
		{B58C37D4-4E28-424F-93FA-5504C4A3B7A0}.Release|ARM64EC.Build.0 = Release|ARM64EC
		{B58C37D4-4E28-424F-93FA-5504C4A3B7A0}.Release|x64.ActiveCfg = Release|x64
		{B58C37D4-4E28-424F-93FA-5504C4A3B7A0}.Release|x64.Build.0 = Release|x64
		{0CA9273A-0BAE-4AC4-8290-A72A985DD264}.Debug|Any CPU.ActiveCfg = Debug|x64
		{0CA9273A-0BAE-4AC4-8290-A72A985DD264}.Debug|Any CPU.Build.0 = Debug|x64
		{0CA9273A-0BAE-4AC4-8290-A72A985DD264}.Debug|ARM64.ActiveCfg = Debug|ARM64
		{0CA9273A-0BAE-4AC4-8290-A72A985DD264}.Debug|ARM64.Build.0 = Debug|ARM64
		{0CA9273A-0BAE-4AC4-8290-A72A985DD264}.Debug|ARM64EC.ActiveCfg = Debug|ARM64EC
		{0CA9273A-0BAE-4AC4-8290-A72A985DD264}.Debug|ARM64EC.Build.0 = Debug|ARM64EC
		{0CA9273A-0BAE-4AC4-8290-A72A985DD264}.Debug|x64.ActiveCfg = Debug|x64
		{0CA9273A-0BAE-4AC4-8290-A72A985DD264}.Debug|x64.Build.0 = Debug|x64
		{0CA9273A-0BAE-4AC4-8290-A72A985DD264}.Release|Any CPU.ActiveCfg = Release|x64
		{0CA9273A-0BAE-4AC4-8290-A72A985DD264}.Release|Any CPU.Build.0 = Release|x64
		{0CA9273A-0BAE-4AC4-8290-A72A985DD264}.Release|ARM64.ActiveCfg = Release|ARM64
		{0CA9273A-0BAE-4AC4-8290-A72A985DD264}.Release|ARM64.Build.0 = Release|ARM64
		{0CA9273A-0BAE-4AC4-8290-A72A985DD264}.Release|ARM64EC.ActiveCfg = Release|ARM64EC
		{0CA9273A-0BAE-4AC4-8290-A72A985DD264}.Release|ARM64EC.Build.0 = Release|ARM64EC
		{0CA9273A-0BAE-4AC4-8290-A72A985DD264}.Release|x64.ActiveCfg = Release|x64
		{0CA9273A-0BAE-4AC4-8290-A72A985DD264}.Release|x64.Build.0 = Release|x64
		{BCAE6353-5F32-4AE8-9949-039A2BC2C8C6}.Debug|Any CPU.ActiveCfg = Debug|x64
		{BCAE6353-5F32-4AE8-9949-039A2BC2C8C6}.Debug|Any CPU.Build.0 = Debug|x64
		{BCAE6353-5F32-4AE8-9949-039A2BC2C8C6}.Debug|ARM64.ActiveCfg = Debug|ARM64
		{BCAE6353-5F32-4AE8-9949-039A2BC2C8C6}.Debug|ARM64.Build.0 = Debug|ARM64
		{BCAE6353-5F32-4AE8-9949-039A2BC2C8C6}.Debug|ARM64EC.ActiveCfg = Debug|x64
		{BCAE6353-5F32-4AE8-9949-039A2BC2C8C6}.Debug|ARM64EC.Build.0 = Debug|x64
		{BCAE6353-5F32-4AE8-9949-039A2BC2C8C6}.Debug|x64.ActiveCfg = Debug|x64
		{BCAE6353-5F32-4AE8-9949-039A2BC2C8C6}.Debug|x64.Build.0 = Debug|x64
		{BCAE6353-5F32-4AE8-9949-039A2BC2C8C6}.Release|Any CPU.ActiveCfg = Release|x64
		{BCAE6353-5F32-4AE8-9949-039A2BC2C8C6}.Release|Any CPU.Build.0 = Release|x64
		{BCAE6353-5F32-4AE8-9949-039A2BC2C8C6}.Release|ARM64.ActiveCfg = Release|ARM64
		{BCAE6353-5F32-4AE8-9949-039A2BC2C8C6}.Release|ARM64.Build.0 = Release|ARM64
		{BCAE6353-5F32-4AE8-9949-039A2BC2C8C6}.Release|ARM64EC.ActiveCfg = Release|x64
		{BCAE6353-5F32-4AE8-9949-039A2BC2C8C6}.Release|ARM64EC.Build.0 = Release|x64
		{BCAE6353-5F32-4AE8-9949-039A2BC2C8C6}.Release|x64.ActiveCfg = Release|x64
		{BCAE6353-5F32-4AE8-9949-039A2BC2C8C6}.Release|x64.Build.0 = Release|x64
		{63FDB29C-5638-427B-86BF-05B318480571}.Debug|Any CPU.ActiveCfg = Debug|x64
		{63FDB29C-5638-427B-86BF-05B318480571}.Debug|Any CPU.Build.0 = Debug|x64
		{63FDB29C-5638-427B-86BF-05B318480571}.Debug|ARM64.ActiveCfg = Debug|ARM64
		{63FDB29C-5638-427B-86BF-05B318480571}.Debug|ARM64.Build.0 = Debug|ARM64
		{63FDB29C-5638-427B-86BF-05B318480571}.Debug|ARM64EC.ActiveCfg = Debug|x64
		{63FDB29C-5638-427B-86BF-05B318480571}.Debug|ARM64EC.Build.0 = Debug|x64
		{63FDB29C-5638-427B-86BF-05B318480571}.Debug|x64.ActiveCfg = Debug|x64
		{63FDB29C-5638-427B-86BF-05B318480571}.Debug|x64.Build.0 = Debug|x64
		{63FDB29C-5638-427B-86BF-05B318480571}.Release|Any CPU.ActiveCfg = Release|x64
		{63FDB29C-5638-427B-86BF-05B318480571}.Release|Any CPU.Build.0 = Release|x64
		{63FDB29C-5638-427B-86BF-05B318480571}.Release|ARM64.ActiveCfg = Release|ARM64
		{63FDB29C-5638-427B-86BF-05B318480571}.Release|ARM64.Build.0 = Release|ARM64
		{63FDB29C-5638-427B-86BF-05B318480571}.Release|ARM64EC.ActiveCfg = Release|x64
		{63FDB29C-5638-427B-86BF-05B318480571}.Release|ARM64EC.Build.0 = Release|x64
		{63FDB29C-5638-427B-86BF-05B318480571}.Release|x64.ActiveCfg = Release|x64
		{63FDB29C-5638-427B-86BF-05B318480571}.Release|x64.Build.0 = Release|x64
		{4DABE157-7DD5-422A-8C77-B83EAC9987D0}.Debug|Any CPU.ActiveCfg = Debug|x64
		{4DABE157-7DD5-422A-8C77-B83EAC9987D0}.Debug|Any CPU.Build.0 = Debug|x64
		{4DABE157-7DD5-422A-8C77-B83EAC9987D0}.Debug|ARM64.ActiveCfg = Debug|ARM64
		{4DABE157-7DD5-422A-8C77-B83EAC9987D0}.Debug|ARM64.Build.0 = Debug|ARM64
		{4DABE157-7DD5-422A-8C77-B83EAC9987D0}.Debug|ARM64EC.ActiveCfg = Debug|x64
		{4DABE157-7DD5-422A-8C77-B83EAC9987D0}.Debug|ARM64EC.Build.0 = Debug|x64
		{4DABE157-7DD5-422A-8C77-B83EAC9987D0}.Debug|x64.ActiveCfg = Debug|x64
		{4DABE157-7DD5-422A-8C77-B83EAC9987D0}.Debug|x64.Build.0 = Debug|x64
		{4DABE157-7DD5-422A-8C77-B83EAC9987D0}.Release|Any CPU.ActiveCfg = Release|x64
		{4DABE157-7DD5-422A-8C77-B83EAC9987D0}.Release|Any CPU.Build.0 = Release|x64
		{4DABE157-7DD5-422A-8C77-B83EAC9987D0}.Release|ARM64.ActiveCfg = Release|ARM64
		{4DABE157-7DD5-422A-8C77-B83EAC9987D0}.Release|ARM64.Build.0 = Release|ARM64
		{4DABE157-7DD5-422A-8C77-B83EAC9987D0}.Release|ARM64EC.ActiveCfg = Release|x64
		{4DABE157-7DD5-422A-8C77-B83EAC9987D0}.Release|ARM64EC.Build.0 = Release|x64
		{4DABE157-7DD5-422A-8C77-B83EAC9987D0}.Release|x64.ActiveCfg = Release|x64
		{4DABE157-7DD5-422A-8C77-B83EAC9987D0}.Release|x64.Build.0 = Release|x64
		{0F688DE9-BE99-4A86-BE79-C5BE32BC471D}.Debug|Any CPU.ActiveCfg = Debug|x64
		{0F688DE9-BE99-4A86-BE79-C5BE32BC471D}.Debug|Any CPU.Build.0 = Debug|x64
		{0F688DE9-BE99-4A86-BE79-C5BE32BC471D}.Debug|ARM64.ActiveCfg = Debug|ARM64
		{0F688DE9-BE99-4A86-BE79-C5BE32BC471D}.Debug|ARM64.Build.0 = Debug|ARM64
		{0F688DE9-BE99-4A86-BE79-C5BE32BC471D}.Debug|ARM64EC.ActiveCfg = Debug|ARM64EC
		{0F688DE9-BE99-4A86-BE79-C5BE32BC471D}.Debug|ARM64EC.Build.0 = Debug|ARM64EC
		{0F688DE9-BE99-4A86-BE79-C5BE32BC471D}.Debug|x64.ActiveCfg = Debug|x64
		{0F688DE9-BE99-4A86-BE79-C5BE32BC471D}.Debug|x64.Build.0 = Debug|x64
		{0F688DE9-BE99-4A86-BE79-C5BE32BC471D}.Release|Any CPU.ActiveCfg = Release|x64
		{0F688DE9-BE99-4A86-BE79-C5BE32BC471D}.Release|Any CPU.Build.0 = Release|x64
		{0F688DE9-BE99-4A86-BE79-C5BE32BC471D}.Release|ARM64.ActiveCfg = Release|ARM64
		{0F688DE9-BE99-4A86-BE79-C5BE32BC471D}.Release|ARM64.Build.0 = Release|ARM64
		{0F688DE9-BE99-4A86-BE79-C5BE32BC471D}.Release|ARM64EC.ActiveCfg = Release|x64
		{0F688DE9-BE99-4A86-BE79-C5BE32BC471D}.Release|ARM64EC.Build.0 = Release|x64
		{0F688DE9-BE99-4A86-BE79-C5BE32BC471D}.Release|x64.ActiveCfg = Release|x64
		{0F688DE9-BE99-4A86-BE79-C5BE32BC471D}.Release|x64.Build.0 = Release|x64
	EndGlobalSection
	GlobalSection(SolutionProperties) = preSolution
		HideSolutionNode = FALSE
	EndGlobalSection
	GlobalSection(NestedProjects) = preSolution
		{9EAA3AF3-7328-4F67-A011-E2DD8FBAA4C4} = {F5AE94B4-47A7-4D35-A9EE-65FD4CF58C4B}
		{05796B3C-25FF-4AC2-999B-EDEFB773393C} = {F5AE94B4-47A7-4D35-A9EE-65FD4CF58C4B}
		{3D2BC934-CDC7-4DC7-B7FC-F34B755BF726} = {F5AE94B4-47A7-4D35-A9EE-65FD4CF58C4B}
		{001601DE-B7AB-41D1-81B7-40286B139841} = {F5AE94B4-47A7-4D35-A9EE-65FD4CF58C4B}
		{D3B84D5D-8BED-4CB7-B430-B0BF1E46F3A1} = {F5AE94B4-47A7-4D35-A9EE-65FD4CF58C4B}
		{9B93146C-4D9D-4915-BECB-5227DF2667E2} = {F5AE94B4-47A7-4D35-A9EE-65FD4CF58C4B}
		{38E2CBFD-6C7A-45FB-B162-6BCC1734A0A1} = {F5AE94B4-47A7-4D35-A9EE-65FD4CF58C4B}
		{5EC6D5EB-53D4-4731-891E-F746F0201429} = {C8B31D71-0226-4D2D-AC78-53D5C84F472F}
		{72D1A831-0492-41CC-AA58-BDD05C1099F7} = {F5AE94B4-47A7-4D35-A9EE-65FD4CF58C4B}
		{FE75C8DD-3ECA-4B26-A5A2-07C1245DBFD3} = {F5AE94B4-47A7-4D35-A9EE-65FD4CF58C4B}
		{25F09B3A-0D97-4245-8591-262A0DFF4320} = {FE75C8DD-3ECA-4B26-A5A2-07C1245DBFD3}
		{B35DD12B-68E2-4A8C-BF18-9072AD47C0AE} = {F5AE94B4-47A7-4D35-A9EE-65FD4CF58C4B}
		{B58C37D4-4E28-424F-93FA-5504C4A3B7A0} = {B35DD12B-68E2-4A8C-BF18-9072AD47C0AE}
		{8E176635-B6CB-44A9-B711-AB28959E5D1B} = {F5AE94B4-47A7-4D35-A9EE-65FD4CF58C4B}
		{F5AE94B4-47A7-4D35-A9EE-65FD4CF58C4B} = {C264A7FA-A710-4681-9732-796A4F9EAC81}
		{F2CC4F2C-FD40-4E1D-BECE-74D9275F412B} = {C264A7FA-A710-4681-9732-796A4F9EAC81}
		{0CA9273A-0BAE-4AC4-8290-A72A985DD264} = {8E176635-B6CB-44A9-B711-AB28959E5D1B}
		{BCAE6353-5F32-4AE8-9949-039A2BC2C8C6} = {900D72D2-91F0-4E6C-B694-192FD48393D2}
		{63FDB29C-5638-427B-86BF-05B318480571} = {900D72D2-91F0-4E6C-B694-192FD48393D2}
		{4DABE157-7DD5-422A-8C77-B83EAC9987D0} = {900D72D2-91F0-4E6C-B694-192FD48393D2}
		{0F688DE9-BE99-4A86-BE79-C5BE32BC471D} = {C8B31D71-0226-4D2D-AC78-53D5C84F472F}
	EndGlobalSection
	GlobalSection(ExtensibilityGlobals) = postSolution
		SolutionGuid = {AE1DF8B9-9FAB-4E20-8AC6-FF316882222F}
	EndGlobalSection
EndGlobal
