
Microsoft Visual Studio Solution File, Format Version 12.00
# Visual Studio Version 17
VisualStudioVersion = 17.10.34825.169
MinimumVisualStudioVersion = 10.0.40219.1
Project("{2150E333-8FDC-42A3-9474-1A3956D46DE8}") = "Tools", "Tools", "{C8B31D71-0226-4D2D-AC78-53D5C84F472F}"
EndProject
Project("{8BC9CEB8-8B4A-11D0-8D11-00A0C91BC942}") = "mididiag", "mididiag\mididiag.vcxproj", "{5EC6D5EB-53D4-4731-891E-F746F0201429}"
EndProject
Project("{2150E333-8FDC-42A3-9474-1A3956D46DE8}") = "ZZ Tests", "ZZ Tests", "{900D72D2-91F0-4E6C-B694-192FD48393D2}"
EndProject
Project("{8BC9CEB8-8B4A-11D0-8D11-00A0C91BC942}") = "Offline.unittests", "tests\Offline.unittests\Offline.unittests.vcxproj", "{BCAE6353-5F32-4AE8-9949-039A2BC2C8C6}"
EndProject
Project("{8BC9CEB8-8B4A-11D0-8D11-00A0C91BC942}") = "Service.integrationtests", "tests\Service.integrationtests\Service.integrationtests.vcxproj", "{63FDB29C-5638-427B-86BF-05B318480571}"
EndProject
Project("{8BC9CEB8-8B4A-11D0-8D11-00A0C91BC942}") = "Benchmarks", "tests\Benchmarks\Benchmarks.vcxproj", "{4DABE157-7DD5-422A-8C77-B83EAC9987D0}"
EndProject
Project("{8BC9CEB8-8B4A-11D0-8D11-00A0C91BC942}") = "midiusbinfo", "midiusbinfo\midiusbinfo.vcxproj", "{0F688DE9-BE99-4A86-BE79-C5BE32BC471D}"
EndProject
Project("{8BC9CEB8-8B4A-11D0-8D11-00A0C91BC942}") = "SdkInitialization.unittests", "tests\SdkInitialization.unittests\SdkInitialization.unittests.vcxproj", "{9803D8E6-5CA5-420C-A02B-5E3327355041}"
EndProject
Global
	GlobalSection(SolutionConfigurationPlatforms) = preSolution
		Debug|Any CPU = Debug|Any CPU
		Debug|ARM64 = Debug|ARM64
		Debug|ARM64EC = Debug|ARM64EC
		Debug|x64 = Debug|x64
		Release|Any CPU = Release|Any CPU
		Release|ARM64 = Release|ARM64
		Release|ARM64EC = Release|ARM64EC
		Release|x64 = Release|x64
	EndGlobalSection
	GlobalSection(ProjectConfigurationPlatforms) = postSolution
		{5EC6D5EB-53D4-4731-891E-F746F0201429}.Debug|Any CPU.ActiveCfg = Debug|x64
		{5EC6D5EB-53D4-4731-891E-F746F0201429}.Debug|Any CPU.Build.0 = Debug|x64
		{5EC6D5EB-53D4-4731-891E-F746F0201429}.Debug|ARM64.ActiveCfg = Debug|ARM64
		{5EC6D5EB-53D4-4731-891E-F746F0201429}.Debug|ARM64.Build.0 = Debug|ARM64
		{5EC6D5EB-53D4-4731-891E-F746F0201429}.Debug|ARM64EC.ActiveCfg = Debug|x64
		{5EC6D5EB-53D4-4731-891E-F746F0201429}.Debug|ARM64EC.Build.0 = Debug|x64
		{5EC6D5EB-53D4-4731-891E-F746F0201429}.Debug|x64.ActiveCfg = Debug|x64
		{5EC6D5EB-53D4-4731-891E-F746F0201429}.Debug|x64.Build.0 = Debug|x64
		{5EC6D5EB-53D4-4731-891E-F746F0201429}.Release|Any CPU.ActiveCfg = Release|x64
		{5EC6D5EB-53D4-4731-891E-F746F0201429}.Release|Any CPU.Build.0 = Release|x64
		{5EC6D5EB-53D4-4731-891E-F746F0201429}.Release|ARM64.ActiveCfg = Release|ARM64
		{5EC6D5EB-53D4-4731-891E-F746F0201429}.Release|ARM64.Build.0 = Release|ARM64
		{5EC6D5EB-53D4-4731-891E-F746F0201429}.Release|ARM64EC.ActiveCfg = Release|ARM64
		{5EC6D5EB-53D4-4731-891E-F746F0201429}.Release|ARM64EC.Build.0 = Release|ARM64
		{5EC6D5EB-53D4-4731-891E-F746F0201429}.Release|x64.ActiveCfg = Release|x64
		{5EC6D5EB-53D4-4731-891E-F746F0201429}.Release|x64.Build.0 = Release|x64
		{BCAE6353-5F32-4AE8-9949-039A2BC2C8C6}.Debug|Any CPU.ActiveCfg = Debug|x64
		{BCAE6353-5F32-4AE8-9949-039A2BC2C8C6}.Debug|Any CPU.Build.0 = Debug|x64
		{BCAE6353-5F32-4AE8-9949-039A2BC2C8C6}.Debug|ARM64.ActiveCfg = Debug|ARM64
		{BCAE6353-5F32-4AE8-9949-039A2BC2C8C6}.Debug|ARM64.Build.0 = Debug|ARM64
		{BCAE6353-5F32-4AE8-9949-039A2BC2C8C6}.Debug|ARM64EC.ActiveCfg = Debug|x64
		{BCAE6353-5F32-4AE8-9949-039A2BC2C8C6}.Debug|ARM64EC.Build.0 = Debug|x64
		{BCAE6353-5F32-4AE8-9949-039A2BC2C8C6}.Debug|x64.ActiveCfg = Debug|x64
		{BCAE6353-5F32-4AE8-9949-039A2BC2C8C6}.Debug|x64.Build.0 = Debug|x64
		{BCAE6353-5F32-4AE8-9949-039A2BC2C8C6}.Release|Any CPU.ActiveCfg = Release|x64
		{BCAE6353-5F32-4AE8-9949-039A2BC2C8C6}.Release|Any CPU.Build.0 = Release|x64
		{BCAE6353-5F32-4AE8-9949-039A2BC2C8C6}.Release|ARM64.ActiveCfg = Release|ARM64
		{BCAE6353-5F32-4AE8-9949-039A2BC2C8C6}.Release|ARM64.Build.0 = Release|ARM64
		{BCAE6353-5F32-4AE8-9949-039A2BC2C8C6}.Release|ARM64EC.ActiveCfg = Release|x64
		{BCAE6353-5F32-4AE8-9949-039A2BC2C8C6}.Release|ARM64EC.Build.0 = Release|x64
		{BCAE6353-5F32-4AE8-9949-039A2BC2C8C6}.Release|x64.ActiveCfg = Release|x64
		{BCAE6353-5F32-4AE8-9949-039A2BC2C8C6}.Release|x64.Build.0 = Release|x64
		{63FDB29C-5638-427B-86BF-05B318480571}.Debug|Any CPU.ActiveCfg = Debug|x64
		{63FDB29C-5638-427B-86BF-05B318480571}.Debug|Any CPU.Build.0 = Debug|x64
		{63FDB29C-5638-427B-86BF-05B318480571}.Debug|ARM64.ActiveCfg = Debug|ARM64
		{63FDB29C-5638-427B-86BF-05B318480571}.Debug|ARM64.Build.0 = Debug|ARM64
		{63FDB29C-5638-427B-86BF-05B318480571}.Debug|ARM64EC.ActiveCfg = Debug|x64
		{63FDB29C-5638-427B-86BF-05B318480571}.Debug|ARM64EC.Build.0 = Debug|x64
		{63FDB29C-5638-427B-86BF-05B318480571}.Debug|x64.ActiveCfg = Debug|x64
		{63FDB29C-5638-427B-86BF-05B318480571}.Debug|x64.Build.0 = Debug|x64
		{63FDB29C-5638-427B-86BF-05B318480571}.Release|Any CPU.ActiveCfg = Release|x64
		{63FDB29C-5638-427B-86BF-05B318480571}.Release|Any CPU.Build.0 = Release|x64
		{63FDB29C-5638-427B-86BF-05B318480571}.Release|ARM64.ActiveCfg = Release|ARM64
		{63FDB29C-5638-427B-86BF-05B318480571}.Release|ARM64.Build.0 = Release|ARM64
		{63FDB29C-5638-427B-86BF-05B318480571}.Release|ARM64EC.ActiveCfg = Release|x64
		{63FDB29C-5638-427B-86BF-05B318480571}.Release|ARM64EC.Build.0 = Release|x64
		{63FDB29C-5638-427B-86BF-05B318480571}.Release|x64.ActiveCfg = Release|x64
		{63FDB29C-5638-427B-86BF-05B318480571}.Release|x64.Build.0 = Release|x64
		{4DABE157-7DD5-422A-8C77-B83EAC9987D0}.Debug|Any CPU.ActiveCfg = Debug|x64
		{4DABE157-7DD5-422A-8C77-B83EAC9987D0}.Debug|Any CPU.Build.0 = Debug|x64
		{4DABE157-7DD5-422A-8C77-B83EAC9987D0}.Debug|ARM64.ActiveCfg = Debug|ARM64
		{4DABE157-7DD5-422A-8C77-B83EAC9987D0}.Debug|ARM64.Build.0 = Debug|ARM64
		{4DABE157-7DD5-422A-8C77-B83EAC9987D0}.Debug|ARM64EC.ActiveCfg = Debug|x64
		{4DABE157-7DD5-422A-8C77-B83EAC9987D0}.Debug|ARM64EC.Build.0 = Debug|x64
		{4DABE157-7DD5-422A-8C77-B83EAC9987D0}.Debug|x64.ActiveCfg = Debug|x64
		{4DABE157-7DD5-422A-8C77-B83EAC9987D0}.Debug|x64.Build.0 = Debug|x64
		{4DABE157-7DD5-422A-8C77-B83EAC9987D0}.Release|Any CPU.ActiveCfg = Release|x64
		{4DABE157-7DD5-422A-8C77-B83EAC9987D0}.Release|Any CPU.Build.0 = Release|x64
		{4DABE157-7DD5-422A-8C77-B83EAC9987D0}.Release|ARM64.ActiveCfg = Release|ARM64
		{4DABE157-7DD5-422A-8C77-B83EAC9987D0}.Release|ARM64.Build.0 = Release|ARM64
		{4DABE157-7DD5-422A-8C77-B83EAC9987D0}.Release|ARM64EC.ActiveCfg = Release|x64
		{4DABE157-7DD5-422A-8C77-B83EAC9987D0}.Release|ARM64EC.Build.0 = Release|x64
		{4DABE157-7DD5-422A-8C77-B83EAC9987D0}.Release|x64.ActiveCfg = Release|x64
		{4DABE157-7DD5-422A-8C77-B83EAC9987D0}.Release|x64.Build.0 = Release|x64
		{0F688DE9-BE99-4A86-BE79-C5BE32BC471D}.Debug|Any CPU.ActiveCfg = Debug|x64
		{0F688DE9-BE99-4A86-BE79-C5BE32BC471D}.Debug|Any CPU.Build.0 = Debug|x64
		{0F688DE9-BE99-4A86-BE79-C5BE32BC471D}.Debug|ARM64.ActiveCfg = Debug|ARM64
		{0F688DE9-BE99-4A86-BE79-C5BE32BC471D}.Debug|ARM64.Build.0 = Debug|ARM64
		{0F688DE9-BE99-4A86-BE79-C5BE32BC471D}.Debug|ARM64EC.ActiveCfg = Debug|ARM64EC
		{0F688DE9-BE99-4A86-BE79-C5BE32BC471D}.Debug|ARM64EC.Build.0 = Debug|ARM64EC
		{0F688DE9-BE99-4A86-BE79-C5BE32BC471D}.Debug|x64.ActiveCfg = Debug|x64
		{0F688DE9-BE99-4A86-BE79-C5BE32BC471D}.Debug|x64.Build.0 = Debug|x64
		{0F688DE9-BE99-4A86-BE79-C5BE32BC471D}.Release|Any CPU.ActiveCfg = Release|x64
		{0F688DE9-BE99-4A86-BE79-C5BE32BC471D}.Release|Any CPU.Build.0 = Release|x64
		{0F688DE9-BE99-4A86-BE79-C5BE32BC471D}.Release|ARM64.ActiveCfg = Release|ARM64
		{0F688DE9-BE99-4A86-BE79-C5BE32BC471D}.Release|ARM64.Build.0 = Release|ARM64
		{0F688DE9-BE99-4A86-BE79-C5BE32BC471D}.Release|ARM64EC.ActiveCfg = Release|ARM64
		{0F688DE9-BE99-4A86-BE79-C5BE32BC471D}.Release|ARM64EC.Build.0 = Release|ARM64
		{0F688DE9-BE99-4A86-BE79-C5BE32BC471D}.Release|x64.ActiveCfg = Release|x64
		{0F688DE9-BE99-4A86-BE79-C5BE32BC471D}.Release|x64.Build.0 = Release|x64
		{9803D8E6-5CA5-420C-A02B-5E3327355041}.Debug|Any CPU.ActiveCfg = Debug|x64
		{9803D8E6-5CA5-420C-A02B-5E3327355041}.Debug|Any CPU.Build.0 = Debug|x64
		{9803D8E6-5CA5-420C-A02B-5E3327355041}.Debug|ARM64.ActiveCfg = Debug|ARM64
		{9803D8E6-5CA5-420C-A02B-5E3327355041}.Debug|ARM64.Build.0 = Debug|ARM64
		{9803D8E6-5CA5-420C-A02B-5E3327355041}.Debug|ARM64EC.ActiveCfg = Debug|x64
		{9803D8E6-5CA5-420C-A02B-5E3327355041}.Debug|ARM64EC.Build.0 = Debug|x64
		{9803D8E6-5CA5-420C-A02B-5E3327355041}.Debug|x64.ActiveCfg = Debug|x64
		{9803D8E6-5CA5-420C-A02B-5E3327355041}.Debug|x64.Build.0 = Debug|x64
		{9803D8E6-5CA5-420C-A02B-5E3327355041}.Release|Any CPU.ActiveCfg = Release|x64
		{9803D8E6-5CA5-420C-A02B-5E3327355041}.Release|Any CPU.Build.0 = Release|x64
		{9803D8E6-5CA5-420C-A02B-5E3327355041}.Release|ARM64.ActiveCfg = Release|ARM64
		{9803D8E6-5CA5-420C-A02B-5E3327355041}.Release|ARM64.Build.0 = Release|ARM64
		{9803D8E6-5CA5-420C-A02B-5E3327355041}.Release|ARM64EC.ActiveCfg = Release|x64
		{9803D8E6-5CA5-420C-A02B-5E3327355041}.Release|ARM64EC.Build.0 = Release|x64
		{9803D8E6-5CA5-420C-A02B-5E3327355041}.Release|x64.ActiveCfg = Release|x64
		{9803D8E6-5CA5-420C-A02B-5E3327355041}.Release|x64.Build.0 = Release|x64
	EndGlobalSection
	GlobalSection(SolutionProperties) = preSolution
		HideSolutionNode = FALSE
	EndGlobalSection
	GlobalSection(NestedProjects) = preSolution
		{5EC6D5EB-53D4-4731-891E-F746F0201429} = {C8B31D71-0226-4D2D-AC78-53D5C84F472F}
		{BCAE6353-5F32-4AE8-9949-039A2BC2C8C6} = {900D72D2-91F0-4E6C-B694-192FD48393D2}
		{63FDB29C-5638-427B-86BF-05B318480571} = {900D72D2-91F0-4E6C-B694-192FD48393D2}
		{4DABE157-7DD5-422A-8C77-B83EAC9987D0} = {900D72D2-91F0-4E6C-B694-192FD48393D2}
		{0F688DE9-BE99-4A86-BE79-C5BE32BC471D} = {C8B31D71-0226-4D2D-AC78-53D5C84F472F}
		{9803D8E6-5CA5-420C-A02B-5E3327355041} = {900D72D2-91F0-4E6C-B694-192FD48393D2}
	EndGlobalSection
	GlobalSection(ExtensibilityGlobals) = postSolution
		SolutionGuid = {AE1DF8B9-9FAB-4E20-8AC6-FF316882222F}
	EndGlobalSection
EndGlobal
