<?xml version="1.0" encoding="utf-8"?>
<Project ToolsVersion="4.0" xmlns="http://schemas.microsoft.com/developer/msbuild/2003">
  <ItemGroup>
    <ClCompile Include="pch.cpp" />
    <ClCompile Include="$(GeneratedFilesDir)module.g.cpp" />
  </ItemGroup>
  <ItemGroup>
    <ClInclude Include="pch.h" />
    <ClInclude Include="winrt_midi1_midl_defines.h" />
  </ItemGroup>
  <ItemGroup>
    <Midl Include="IMidiMessage.idl">
      <Filter>API\Messages</Filter>
    </Midl>
    <Midl Include="MidiNoteOffMessage.idl">
      <Filter>API\Messages</Filter>
    </Midl>
    <Midl Include="MidiNoteOnMessage.idl">
      <Filter>API\Messages</Filter>
    </Midl>
    <Midl Include="MidiPolyphonicKeyPressureMessage.idl">
      <Filter>API\Messages</Filter>
    </Midl>
    <Midl Include="MidiControlChangeMessage.idl">
      <Filter>API\Messages</Filter>
    </Midl>
    <Midl Include="MidiProgramChangeMessage.idl">
      <Filter>API\Messages</Filter>
    </Midl>
    <Midl Include="MidiChannelPressureMessage.idl">
      <Filter>API\Messages</Filter>
    </Midl>
    <Midl Include="MidiPitchBendChangeMessage.idl">
      <Filter>API\Messages</Filter>
    </Midl>
    <Midl Include="MidiSystemExclusiveMessage.idl">
      <Filter>API\Messages</Filter>
    </Midl>
    <Midl Include="MidiSongPositionPointerMessage.idl">
      <Filter>API\Messages</Filter>
    </Midl>
    <Midl Include="MidiSongSelectMessage.idl">
      <Filter>API\Messages</Filter>
    </Midl>
    <Midl Include="MidiTuneRequestMessage.idl">
      <Filter>API\Messages</Filter>
    </Midl>
    <Midl Include="MidiStartMessage.idl">
      <Filter>API\Messages</Filter>
    </Midl>
    <Midl Include="MidiContinueMessage.idl">
      <Filter>API\Messages</Filter>
    </Midl>
    <Midl Include="MidiStopMessage.idl">
      <Filter>API\Messages</Filter>
    </Midl>
    <Midl Include="MidiActiveSensingMessage.idl">
      <Filter>API\Messages</Filter>
    </Midl>
    <Midl Include="MidiSystemResetMessage.idl">
      <Filter>API\Messages</Filter>
    </Midl>
    <Midl Include="MidiInPort.idl">
      <Filter>API\Endpoints</Filter>
    </Midl>
    <Midl Include="MidiOutPort.idl">
      <Filter>API\Endpoints</Filter>
    </Midl>
    <Midl Include="MidiSynthesizer.idl">
      <Filter>API\Endpoints</Filter>
    </Midl>
    <Midl Include="MidiMessageTypeEnum.idl">
      <Filter>API\Enum</Filter>
    </Midl>
    <Midl Include="IMidiOutPort.idl">
      <Filter>API\Endpoints</Filter>
    </Midl>
    <Midl Include="MidiMessageReceivedEventArgs.idl">
      <Filter>API\Endpoints</Filter>
    </Midl>
    <Midl Include="MidiTimeCodeMessage.idl">
      <Filter>API\Messages</Filter>
    </Midl>
    <Midl Include="MidiTimingClockMessage.idl">
      <Filter>API\Messages</Filter>
    </Midl>
  </ItemGroup>
  <ItemGroup>
    <None Include="Windows_Devices_Midi_Shim.def" />
    <None Include="PropertySheet.props" />
    <None Include="packages.config" />
  </ItemGroup>
  <ItemGroup>
    <Text Include="readme.txt" />
    <Text Include="WinRTMidi1ActivationEntries.txt">
      <Filter>API\InstallSupport</Filter>
    </Text>
  </ItemGroup>
  <ItemGroup>
    <Filter Include="API">
      <UniqueIdentifier>{8c94fc17-fddc-4e09-ad5d-07fe16f04114}</UniqueIdentifier>
    </Filter>
    <Filter Include="API\Messages">
      <UniqueIdentifier>{e31f22fc-a7ce-48c4-b852-777c95f3d487}</UniqueIdentifier>
    </Filter>
    <Filter Include="API\Endpoints">
      <UniqueIdentifier>{8b7a8dfb-2cf8-43b3-938d-29bd0d9a7078}</UniqueIdentifier>
    </Filter>
    <Filter Include="API\Enum">
      <UniqueIdentifier>{929d9a88-28b7-4d79-ac2a-2f14341c2eae}</UniqueIdentifier>
    </Filter>
    <Filter Include="API\InstallSupport">
      <UniqueIdentifier>{fe416c69-9117-497e-ad76-8e352ef89458}</UniqueIdentifier>
    </Filter>
  </ItemGroup>
</Project>