<?xml version="1.0" encoding="utf-8"?>
<Project ToolsVersion="4.0" xmlns="http://schemas.microsoft.com/developer/msbuild/2003">
  <ItemGroup>
    <ClCompile Include="pch.cpp" />
    <ClCompile Include="$(GeneratedFilesDir)module.g.cpp" />
  </ItemGroup>
  <ItemGroup>
    <ClInclude Include="pch.h" />
  </ItemGroup>
  <ItemGroup>
    <Midl Include="Class.idl" />
    <Midl Include="MidiLoopbackEndpointSettingsUI.idl">
      <Filter>UI</Filter>
    </Midl>
  </ItemGroup>
  <ItemGroup>
    <None Include="midi_app_sdk_loopback_endpoints.def" />
    <None Include="packages.config" />
    <None Include="PropertySheet.props" />
  </ItemGroup>
  <ItemGroup>
    <Filter Include="UI">
      <UniqueIdentifier>{2708d77e-a83e-45bb-91b6-b73ff39aea3a}</UniqueIdentifier>
    </Filter>
  </ItemGroup>
</Project>