<?xml version="1.0" encoding="utf-8"?>
<Project ToolsVersion="4.0" xmlns="http://schemas.microsoft.com/developer/msbuild/2003">
  <ItemGroup>
    <Natvis Include="$(MSBuildThisFileDirectory)..\..\natvis\wil.natvis" />
  </ItemGroup>
  <ItemGroup>
    <ClCompile Include="$(GeneratedFilesDir)\module.g.cpp" />
    <ClCompile Include="pch.cpp" />
  </ItemGroup>
  <ItemGroup>
    <ClInclude Include="midl_defines.h" />
    <ClInclude Include="namespace_defines.h" />
    <ClInclude Include="resource.h" />
    <ClInclude Include="pch.h" />
  </ItemGroup>
  <ItemGroup>
    <ResourceCompile Include="Microsoft.Devices.Midi2.rc" />
  </ItemGroup>
  <ItemGroup>
    <Midl Include="MidiService.idl" />
    <Midl Include="MidiDiagnostics.idl">
      <Filter>SDK\Diagnostics</Filter>
    </Midl>
    <Midl Include="MidiServiceMessageProcessingPluginInfo.idl">
      <Filter>SDK\Reporting</Filter>
    </Midl>
    <Midl Include="MidiReporting.idl">
      <Filter>SDK\Reporting</Filter>
    </Midl>
    <Midl Include="MidiServicePingResponse.idl">
      <Filter>SDK\Diagnostics</Filter>
    </Midl>
    <Midl Include="MidiServicePingResponseSummary.idl">
      <Filter>SDK\Diagnostics</Filter>
    </Midl>
    <Midl Include="MidiServiceSessionConnectionInfo.idl">
      <Filter>SDK\Reporting</Filter>
    </Midl>
    <Midl Include="MidiServiceSessionInfo.idl">
      <Filter>SDK\Reporting</Filter>
    </Midl>
    <Midl Include="MidiServiceTransportPluginInfo.idl">
      <Filter>SDK\Reporting</Filter>
    </Midl>
  </ItemGroup>
  <ItemGroup>
    <None Include="midi-app-api.def" />
    <None Include="packages.config" />
    <None Include="PropertySheet.props" />
  </ItemGroup>
  <ItemGroup>
    <Text Include="WinRTActivationEntries.txt" />
  </ItemGroup>
  <ItemGroup>
    <Filter Include="SDK">
      <UniqueIdentifier>{25ebfe5d-4aaa-49c6-a12e-9d5caebb9fc7}</UniqueIdentifier>
    </Filter>
    <Filter Include="SDK\Diagnostics">
      <UniqueIdentifier>{ef38351e-9416-4adc-8232-0397f235c023}</UniqueIdentifier>
    </Filter>
    <Filter Include="SDK\Reporting">
      <UniqueIdentifier>{68f7a7ec-e703-447b-a8ea-037ee9757a20}</UniqueIdentifier>
    </Filter>
  </ItemGroup>
</Project>