
Microsoft Visual Studio Solution File, Format Version 12.00
# Visual Studio Version 17
VisualStudioVersion = 17.3.32708.82
MinimumVisualStudioVersion = 10.0.40219.1
Project("{9A19103F-16F7-4668-BE54-9A1E7A4F7556}") = "MidiService", "service\MidiService\MidiService.csproj", "{E3C7D9A8-CBA2-4E49-BA8D-0F38ED7AAB05}"
EndProject
Project("{9A19103F-16F7-4668-BE54-9A1E7A4F7556}") = "MidiService.Protocol", "service-protocol-shared\MidiServiceProtocol\MidiService.Protocol.csproj", "{7F3CD6C3-CEA8-4CB4-802B-2DC0449941D6}"
EndProject
Project("{9A19103F-16F7-4668-BE54-9A1E7A4F7556}") = "MidiService.Data", "service-protocol-shared\MidiServiceData\MidiService.Data.csproj", "{75ABE3E3-583E-4634-B3ED-174D8D8C868B}"
EndProject
Project("{2150E333-8FDC-42A3-9474-1A3956D46DE8}") = "00 Solution Items", "00 Solution Items", "{1E909C14-D20C-4541-9446-7433252C60C7}"
EndProject
Project("{9A19103F-16F7-4668-BE54-9A1E7A4F7556}") = "ProtocolTests", "service-protocol-shared\tests\ProtocolTests.csproj", "{6B496566-879B-471A-87FD-0D3770D801FB}"
EndProject
Project("{2150E333-8FDC-42A3-9474-1A3956D46DE8}") = "SDK-Client", "SDK-Client", "{103446DA-D85F-491B-AF1F-F90A81B0D866}"
EndProject
Project("{2150E333-8FDC-42A3-9474-1A3956D46DE8}") = "Service", "Service", "{773EAC35-13BD-4E08-AB43-9A6B20BCE56D}"
	ProjectSection(SolutionItems) = preProject
		service\MIDI Message Routing.md = service\MIDI Message Routing.md
	EndProjectSection
EndProject
Project("{2150E333-8FDC-42A3-9474-1A3956D46DE8}") = "Tests", "Tests", "{EA8B53E2-8FEC-47AA-9C2B-785F5C1DF734}"
EndProject
Project("{2150E333-8FDC-42A3-9474-1A3956D46DE8}") = "Shared with Tools", "Shared with Tools", "{6B5E10B7-EB57-47A9-9CD1-36393259F92B}"
EndProject
Project("{9A19103F-16F7-4668-BE54-9A1E7A4F7556}") = "MidiSetup", "shared\setup\MidiSetup.csproj", "{FDC75DD2-D95C-4829-9EB1-8F1864B55EF9}"
EndProject
Project("{9A19103F-16F7-4668-BE54-9A1E7A4F7556}") = "MidiConfig", "shared\config\MidiConfig.csproj", "{4C20CC34-E785-43E1-B7BA-897B0B17FC40}"
EndProject
Project("{9A19103F-16F7-4668-BE54-9A1E7A4F7556}") = "SharedLibraryTests", "shared\tests\SharedLibraryTests.csproj", "{8732C5BB-7516-4356-9520-BBCDADA5BC51}"
EndProject
Project("{930C7802-8A8C-48F9-8165-68863BCCD9DD}") = "MidiServicesInstaller", "installers\MidiServicesSetup\MidiServicesInstaller.wixproj", "{B6DBF7A0-F6EB-458E-BF1A-1BDD7C60494A}"
EndProject
Project("{2150E333-8FDC-42A3-9474-1A3956D46DE8}") = "Plugins", "Plugins", "{783C16E2-65B7-4DFE-906E-0378CF2D7223}"
EndProject
Project("{9A19103F-16F7-4668-BE54-9A1E7A4F7556}") = "MidiLoopbackPlugin", "plugins\device-transport\loopback\MidiLoopbackPlugin.csproj", "{5FECA8F0-8EA6-4009-A053-FD8DE6F32942}"
EndProject
Project("{2150E333-8FDC-42A3-9474-1A3956D46DE8}") = "Service Protocol Shared", "Service Protocol Shared", "{B96A414C-DCAA-443E-B004-84F223C6118E}"
EndProject
Project("{9A19103F-16F7-4668-BE54-9A1E7A4F7556}") = "MidiServiceControlManagement", "service-protocol-shared\MidiServiceManagement\MidiServiceControlManagement.csproj", "{AE5C0C08-BCF4-4E59-90B8-F3E325ABC348}"
EndProject
Project("{9A19103F-16F7-4668-BE54-9A1E7A4F7556}") = "MidiVirtualPlugin", "plugins\device-transport\virtual\MidiVirtualPlugin.csproj", "{C57B580A-B097-4D26-838D-3083298AB123}"
EndProject
Project("{2150E333-8FDC-42A3-9474-1A3956D46DE8}") = "SDK-Plugins", "SDK-Plugins", "{BE3D5FFF-1B07-4331-BE6B-5C7F389CF6F2}"
EndProject
Project("{9A19103F-16F7-4668-BE54-9A1E7A4F7556}") = "MidiService.DevicePluginModel", "sdk-plugin\MidiDevicePlugin\MidiService.DevicePluginModel.csproj", "{A285D2F6-46BA-4486-A367-4826A0A4B166}"
EndProject
Project("{9A19103F-16F7-4668-BE54-9A1E7A4F7556}") = "MidiService.PluginLoader", "sdk-plugin\MidiPluginLoader\MidiService.PluginLoader.csproj", "{98A7354B-006C-4C49-957A-9E044F713936}"
EndProject
Project("{9A19103F-16F7-4668-BE54-9A1E7A4F7556}") = "Microsoft.Windows.Midi.Messages", "sdk-client\Windows.Midi.Messages\Microsoft.Windows.Midi.Messages.csproj", "{C01DC33A-846A-4EDB-9D40-7A8048B368D2}"
EndProject
Project("{9A19103F-16F7-4668-BE54-9A1E7A4F7556}") = "Microsoft.Windows.Midi.Management", "sdk-client\Windows.Midi.Management\Microsoft.Windows.Midi.Management.csproj", "{7AC699EF-6389-44E4-B21E-732B61D1B673}"
EndProject
Project("{9A19103F-16F7-4668-BE54-9A1E7A4F7556}") = "MidiService.MessageProcessorPluginModel", "sdk-plugin\MidiMessageProcessorPlugin\MidiService.MessageProcessorPluginModel.csproj", "{70954FCE-A41A-4B16-B06C-9E15A5557B1A}"
EndProject
Project("{9A19103F-16F7-4668-BE54-9A1E7A4F7556}") = "Microsoft.Windows.Midi", "sdk-client\Windows.Midi\Microsoft.Windows.Midi.csproj", "{968CAF62-FF40-4293-A101-92AAE7219270}"
EndProject
Project("{9A19103F-16F7-4668-BE54-9A1E7A4F7556}") = "MidiService.PluginModel", "sdk-plugin\MidiPluginCommon\MidiService.PluginModel.csproj", "{EEA77C69-D3D5-42B7-9B68-68B3B6868130}"
EndProject
Project("{9A19103F-16F7-4668-BE54-9A1E7A4F7556}") = "ClientSdkTests", "sdk-client\ClientSdkTests\ClientSdkTests.csproj", "{9C0B8024-4AB7-4A77-B6EA-ACA6B4643151}"
EndProject
Global
	GlobalSection(SolutionConfigurationPlatforms) = preSolution
		Debug|Any CPU = Debug|Any CPU
		Debug|ARM = Debug|ARM
		Debug|ARM64 = Debug|ARM64
		Debug|x64 = Debug|x64
		Debug|x86 = Debug|x86
		Release|Any CPU = Release|Any CPU
		Release|ARM = Release|ARM
		Release|ARM64 = Release|ARM64
		Release|x64 = Release|x64
		Release|x86 = Release|x86
	EndGlobalSection
	GlobalSection(ProjectConfigurationPlatforms) = postSolution
		{E3C7D9A8-CBA2-4E49-BA8D-0F38ED7AAB05}.Debug|Any CPU.ActiveCfg = Debug|Any CPU
		{E3C7D9A8-CBA2-4E49-BA8D-0F38ED7AAB05}.Debug|Any CPU.Build.0 = Debug|Any CPU
		{E3C7D9A8-CBA2-4E49-BA8D-0F38ED7AAB05}.Debug|ARM.ActiveCfg = Debug|Any CPU
		{E3C7D9A8-CBA2-4E49-BA8D-0F38ED7AAB05}.Debug|ARM.Build.0 = Debug|Any CPU
		{E3C7D9A8-CBA2-4E49-BA8D-0F38ED7AAB05}.Debug|ARM64.ActiveCfg = Debug|Any CPU
		{E3C7D9A8-CBA2-4E49-BA8D-0F38ED7AAB05}.Debug|ARM64.Build.0 = Debug|Any CPU
		{E3C7D9A8-CBA2-4E49-BA8D-0F38ED7AAB05}.Debug|x64.ActiveCfg = Debug|x64
		{E3C7D9A8-CBA2-4E49-BA8D-0F38ED7AAB05}.Debug|x64.Build.0 = Debug|x64
		{E3C7D9A8-CBA2-4E49-BA8D-0F38ED7AAB05}.Debug|x86.ActiveCfg = Debug|Any CPU
		{E3C7D9A8-CBA2-4E49-BA8D-0F38ED7AAB05}.Debug|x86.Build.0 = Debug|Any CPU
		{E3C7D9A8-CBA2-4E49-BA8D-0F38ED7AAB05}.Release|Any CPU.ActiveCfg = Release|Any CPU
		{E3C7D9A8-CBA2-4E49-BA8D-0F38ED7AAB05}.Release|Any CPU.Build.0 = Release|Any CPU
		{E3C7D9A8-CBA2-4E49-BA8D-0F38ED7AAB05}.Release|ARM.ActiveCfg = Release|Any CPU
		{E3C7D9A8-CBA2-4E49-BA8D-0F38ED7AAB05}.Release|ARM.Build.0 = Release|Any CPU
		{E3C7D9A8-CBA2-4E49-BA8D-0F38ED7AAB05}.Release|ARM64.ActiveCfg = Release|Any CPU
		{E3C7D9A8-CBA2-4E49-BA8D-0F38ED7AAB05}.Release|ARM64.Build.0 = Release|Any CPU
		{E3C7D9A8-CBA2-4E49-BA8D-0F38ED7AAB05}.Release|x64.ActiveCfg = Release|x64
		{E3C7D9A8-CBA2-4E49-BA8D-0F38ED7AAB05}.Release|x64.Build.0 = Release|x64
		{E3C7D9A8-CBA2-4E49-BA8D-0F38ED7AAB05}.Release|x86.ActiveCfg = Release|Any CPU
		{E3C7D9A8-CBA2-4E49-BA8D-0F38ED7AAB05}.Release|x86.Build.0 = Release|Any CPU
		{7F3CD6C3-CEA8-4CB4-802B-2DC0449941D6}.Debug|Any CPU.ActiveCfg = Debug|Any CPU
		{7F3CD6C3-CEA8-4CB4-802B-2DC0449941D6}.Debug|Any CPU.Build.0 = Debug|Any CPU
		{7F3CD6C3-CEA8-4CB4-802B-2DC0449941D6}.Debug|ARM.ActiveCfg = Debug|Any CPU
		{7F3CD6C3-CEA8-4CB4-802B-2DC0449941D6}.Debug|ARM.Build.0 = Debug|Any CPU
		{7F3CD6C3-CEA8-4CB4-802B-2DC0449941D6}.Debug|ARM64.ActiveCfg = Debug|Any CPU
		{7F3CD6C3-CEA8-4CB4-802B-2DC0449941D6}.Debug|ARM64.Build.0 = Debug|Any CPU
		{7F3CD6C3-CEA8-4CB4-802B-2DC0449941D6}.Debug|x64.ActiveCfg = Debug|x64
		{7F3CD6C3-CEA8-4CB4-802B-2DC0449941D6}.Debug|x64.Build.0 = Debug|x64
		{7F3CD6C3-CEA8-4CB4-802B-2DC0449941D6}.Debug|x86.ActiveCfg = Debug|Any CPU
		{7F3CD6C3-CEA8-4CB4-802B-2DC0449941D6}.Debug|x86.Build.0 = Debug|Any CPU
		{7F3CD6C3-CEA8-4CB4-802B-2DC0449941D6}.Release|Any CPU.ActiveCfg = Release|Any CPU
		{7F3CD6C3-CEA8-4CB4-802B-2DC0449941D6}.Release|Any CPU.Build.0 = Release|Any CPU
		{7F3CD6C3-CEA8-4CB4-802B-2DC0449941D6}.Release|ARM.ActiveCfg = Release|Any CPU
		{7F3CD6C3-CEA8-4CB4-802B-2DC0449941D6}.Release|ARM.Build.0 = Release|Any CPU
		{7F3CD6C3-CEA8-4CB4-802B-2DC0449941D6}.Release|ARM64.ActiveCfg = Release|Any CPU
		{7F3CD6C3-CEA8-4CB4-802B-2DC0449941D6}.Release|ARM64.Build.0 = Release|Any CPU
		{7F3CD6C3-CEA8-4CB4-802B-2DC0449941D6}.Release|x64.ActiveCfg = Release|x64
		{7F3CD6C3-CEA8-4CB4-802B-2DC0449941D6}.Release|x64.Build.0 = Release|x64
		{7F3CD6C3-CEA8-4CB4-802B-2DC0449941D6}.Release|x86.ActiveCfg = Release|Any CPU
		{7F3CD6C3-CEA8-4CB4-802B-2DC0449941D6}.Release|x86.Build.0 = Release|Any CPU
		{75ABE3E3-583E-4634-B3ED-174D8D8C868B}.Debug|Any CPU.ActiveCfg = Debug|Any CPU
		{75ABE3E3-583E-4634-B3ED-174D8D8C868B}.Debug|Any CPU.Build.0 = Debug|Any CPU
		{75ABE3E3-583E-4634-B3ED-174D8D8C868B}.Debug|ARM.ActiveCfg = Debug|Any CPU
		{75ABE3E3-583E-4634-B3ED-174D8D8C868B}.Debug|ARM.Build.0 = Debug|Any CPU
		{75ABE3E3-583E-4634-B3ED-174D8D8C868B}.Debug|ARM64.ActiveCfg = Debug|Any CPU
		{75ABE3E3-583E-4634-B3ED-174D8D8C868B}.Debug|ARM64.Build.0 = Debug|Any CPU
		{75ABE3E3-583E-4634-B3ED-174D8D8C868B}.Debug|x64.ActiveCfg = Debug|x64
		{75ABE3E3-583E-4634-B3ED-174D8D8C868B}.Debug|x64.Build.0 = Debug|x64
		{75ABE3E3-583E-4634-B3ED-174D8D8C868B}.Debug|x86.ActiveCfg = Debug|Any CPU
		{75ABE3E3-583E-4634-B3ED-174D8D8C868B}.Debug|x86.Build.0 = Debug|Any CPU
		{75ABE3E3-583E-4634-B3ED-174D8D8C868B}.Release|Any CPU.ActiveCfg = Release|Any CPU
		{75ABE3E3-583E-4634-B3ED-174D8D8C868B}.Release|Any CPU.Build.0 = Release|Any CPU
		{75ABE3E3-583E-4634-B3ED-174D8D8C868B}.Release|ARM.ActiveCfg = Release|Any CPU
		{75ABE3E3-583E-4634-B3ED-174D8D8C868B}.Release|ARM.Build.0 = Release|Any CPU
		{75ABE3E3-583E-4634-B3ED-174D8D8C868B}.Release|ARM64.ActiveCfg = Release|Any CPU
		{75ABE3E3-583E-4634-B3ED-174D8D8C868B}.Release|ARM64.Build.0 = Release|Any CPU
		{75ABE3E3-583E-4634-B3ED-174D8D8C868B}.Release|x64.ActiveCfg = Release|x64
		{75ABE3E3-583E-4634-B3ED-174D8D8C868B}.Release|x64.Build.0 = Release|x64
		{75ABE3E3-583E-4634-B3ED-174D8D8C868B}.Release|x86.ActiveCfg = Release|Any CPU
		{75ABE3E3-583E-4634-B3ED-174D8D8C868B}.Release|x86.Build.0 = Release|Any CPU
		{6B496566-879B-471A-87FD-0D3770D801FB}.Debug|Any CPU.ActiveCfg = Debug|Any CPU
		{6B496566-879B-471A-87FD-0D3770D801FB}.Debug|Any CPU.Build.0 = Debug|Any CPU
		{6B496566-879B-471A-87FD-0D3770D801FB}.Debug|ARM.ActiveCfg = Debug|Any CPU
		{6B496566-879B-471A-87FD-0D3770D801FB}.Debug|ARM.Build.0 = Debug|Any CPU
		{6B496566-879B-471A-87FD-0D3770D801FB}.Debug|ARM64.ActiveCfg = Debug|Any CPU
		{6B496566-879B-471A-87FD-0D3770D801FB}.Debug|ARM64.Build.0 = Debug|Any CPU
		{6B496566-879B-471A-87FD-0D3770D801FB}.Debug|x64.ActiveCfg = Debug|x64
		{6B496566-879B-471A-87FD-0D3770D801FB}.Debug|x64.Build.0 = Debug|x64
		{6B496566-879B-471A-87FD-0D3770D801FB}.Debug|x86.ActiveCfg = Debug|Any CPU
		{6B496566-879B-471A-87FD-0D3770D801FB}.Debug|x86.Build.0 = Debug|Any CPU
		{6B496566-879B-471A-87FD-0D3770D801FB}.Release|Any CPU.ActiveCfg = Release|Any CPU
		{6B496566-879B-471A-87FD-0D3770D801FB}.Release|Any CPU.Build.0 = Release|Any CPU
		{6B496566-879B-471A-87FD-0D3770D801FB}.Release|ARM.ActiveCfg = Release|Any CPU
		{6B496566-879B-471A-87FD-0D3770D801FB}.Release|ARM.Build.0 = Release|Any CPU
		{6B496566-879B-471A-87FD-0D3770D801FB}.Release|ARM64.ActiveCfg = Release|Any CPU
		{6B496566-879B-471A-87FD-0D3770D801FB}.Release|ARM64.Build.0 = Release|Any CPU
		{6B496566-879B-471A-87FD-0D3770D801FB}.Release|x64.ActiveCfg = Release|x64
		{6B496566-879B-471A-87FD-0D3770D801FB}.Release|x64.Build.0 = Release|x64
		{6B496566-879B-471A-87FD-0D3770D801FB}.Release|x86.ActiveCfg = Release|Any CPU
		{6B496566-879B-471A-87FD-0D3770D801FB}.Release|x86.Build.0 = Release|Any CPU
		{FDC75DD2-D95C-4829-9EB1-8F1864B55EF9}.Debug|Any CPU.ActiveCfg = Debug|Any CPU
		{FDC75DD2-D95C-4829-9EB1-8F1864B55EF9}.Debug|Any CPU.Build.0 = Debug|Any CPU
		{FDC75DD2-D95C-4829-9EB1-8F1864B55EF9}.Debug|ARM.ActiveCfg = Debug|Any CPU
		{FDC75DD2-D95C-4829-9EB1-8F1864B55EF9}.Debug|ARM.Build.0 = Debug|Any CPU
		{FDC75DD2-D95C-4829-9EB1-8F1864B55EF9}.Debug|ARM64.ActiveCfg = Debug|Any CPU
		{FDC75DD2-D95C-4829-9EB1-8F1864B55EF9}.Debug|ARM64.Build.0 = Debug|Any CPU
		{FDC75DD2-D95C-4829-9EB1-8F1864B55EF9}.Debug|x64.ActiveCfg = Debug|x64
		{FDC75DD2-D95C-4829-9EB1-8F1864B55EF9}.Debug|x64.Build.0 = Debug|x64
		{FDC75DD2-D95C-4829-9EB1-8F1864B55EF9}.Debug|x86.ActiveCfg = Debug|Any CPU
		{FDC75DD2-D95C-4829-9EB1-8F1864B55EF9}.Debug|x86.Build.0 = Debug|Any CPU
		{FDC75DD2-D95C-4829-9EB1-8F1864B55EF9}.Release|Any CPU.ActiveCfg = Release|Any CPU
		{FDC75DD2-D95C-4829-9EB1-8F1864B55EF9}.Release|Any CPU.Build.0 = Release|Any CPU
		{FDC75DD2-D95C-4829-9EB1-8F1864B55EF9}.Release|ARM.ActiveCfg = Release|Any CPU
		{FDC75DD2-D95C-4829-9EB1-8F1864B55EF9}.Release|ARM.Build.0 = Release|Any CPU
		{FDC75DD2-D95C-4829-9EB1-8F1864B55EF9}.Release|ARM64.ActiveCfg = Release|Any CPU
		{FDC75DD2-D95C-4829-9EB1-8F1864B55EF9}.Release|ARM64.Build.0 = Release|Any CPU
		{FDC75DD2-D95C-4829-9EB1-8F1864B55EF9}.Release|x64.ActiveCfg = Release|x64
		{FDC75DD2-D95C-4829-9EB1-8F1864B55EF9}.Release|x64.Build.0 = Release|x64
		{FDC75DD2-D95C-4829-9EB1-8F1864B55EF9}.Release|x86.ActiveCfg = Release|Any CPU
		{FDC75DD2-D95C-4829-9EB1-8F1864B55EF9}.Release|x86.Build.0 = Release|Any CPU
		{4C20CC34-E785-43E1-B7BA-897B0B17FC40}.Debug|Any CPU.ActiveCfg = Debug|Any CPU
		{4C20CC34-E785-43E1-B7BA-897B0B17FC40}.Debug|Any CPU.Build.0 = Debug|Any CPU
		{4C20CC34-E785-43E1-B7BA-897B0B17FC40}.Debug|ARM.ActiveCfg = Debug|Any CPU
		{4C20CC34-E785-43E1-B7BA-897B0B17FC40}.Debug|ARM.Build.0 = Debug|Any CPU
		{4C20CC34-E785-43E1-B7BA-897B0B17FC40}.Debug|ARM64.ActiveCfg = Debug|Any CPU
		{4C20CC34-E785-43E1-B7BA-897B0B17FC40}.Debug|ARM64.Build.0 = Debug|Any CPU
		{4C20CC34-E785-43E1-B7BA-897B0B17FC40}.Debug|x64.ActiveCfg = Debug|x64
		{4C20CC34-E785-43E1-B7BA-897B0B17FC40}.Debug|x64.Build.0 = Debug|x64
		{4C20CC34-E785-43E1-B7BA-897B0B17FC40}.Debug|x86.ActiveCfg = Debug|Any CPU
		{4C20CC34-E785-43E1-B7BA-897B0B17FC40}.Debug|x86.Build.0 = Debug|Any CPU
		{4C20CC34-E785-43E1-B7BA-897B0B17FC40}.Release|Any CPU.ActiveCfg = Release|Any CPU
		{4C20CC34-E785-43E1-B7BA-897B0B17FC40}.Release|Any CPU.Build.0 = Release|Any CPU
		{4C20CC34-E785-43E1-B7BA-897B0B17FC40}.Release|ARM.ActiveCfg = Release|Any CPU
		{4C20CC34-E785-43E1-B7BA-897B0B17FC40}.Release|ARM.Build.0 = Release|Any CPU
		{4C20CC34-E785-43E1-B7BA-897B0B17FC40}.Release|ARM64.ActiveCfg = Release|Any CPU
		{4C20CC34-E785-43E1-B7BA-897B0B17FC40}.Release|ARM64.Build.0 = Release|Any CPU
		{4C20CC34-E785-43E1-B7BA-897B0B17FC40}.Release|x64.ActiveCfg = Release|x64
		{4C20CC34-E785-43E1-B7BA-897B0B17FC40}.Release|x64.Build.0 = Release|x64
		{4C20CC34-E785-43E1-B7BA-897B0B17FC40}.Release|x86.ActiveCfg = Release|Any CPU
		{4C20CC34-E785-43E1-B7BA-897B0B17FC40}.Release|x86.Build.0 = Release|Any CPU
		{8732C5BB-7516-4356-9520-BBCDADA5BC51}.Debug|Any CPU.ActiveCfg = Debug|Any CPU
		{8732C5BB-7516-4356-9520-BBCDADA5BC51}.Debug|Any CPU.Build.0 = Debug|Any CPU
		{8732C5BB-7516-4356-9520-BBCDADA5BC51}.Debug|ARM.ActiveCfg = Debug|Any CPU
		{8732C5BB-7516-4356-9520-BBCDADA5BC51}.Debug|ARM.Build.0 = Debug|Any CPU
		{8732C5BB-7516-4356-9520-BBCDADA5BC51}.Debug|ARM64.ActiveCfg = Debug|Any CPU
		{8732C5BB-7516-4356-9520-BBCDADA5BC51}.Debug|ARM64.Build.0 = Debug|Any CPU
		{8732C5BB-7516-4356-9520-BBCDADA5BC51}.Debug|x64.ActiveCfg = Debug|x64
		{8732C5BB-7516-4356-9520-BBCDADA5BC51}.Debug|x64.Build.0 = Debug|x64
		{8732C5BB-7516-4356-9520-BBCDADA5BC51}.Debug|x86.ActiveCfg = Debug|Any CPU
		{8732C5BB-7516-4356-9520-BBCDADA5BC51}.Debug|x86.Build.0 = Debug|Any CPU
		{8732C5BB-7516-4356-9520-BBCDADA5BC51}.Release|Any CPU.ActiveCfg = Release|Any CPU
		{8732C5BB-7516-4356-9520-BBCDADA5BC51}.Release|Any CPU.Build.0 = Release|Any CPU
		{8732C5BB-7516-4356-9520-BBCDADA5BC51}.Release|ARM.ActiveCfg = Release|Any CPU
		{8732C5BB-7516-4356-9520-BBCDADA5BC51}.Release|ARM.Build.0 = Release|Any CPU
		{8732C5BB-7516-4356-9520-BBCDADA5BC51}.Release|ARM64.ActiveCfg = Release|Any CPU
		{8732C5BB-7516-4356-9520-BBCDADA5BC51}.Release|ARM64.Build.0 = Release|Any CPU
		{8732C5BB-7516-4356-9520-BBCDADA5BC51}.Release|x64.ActiveCfg = Release|x64
		{8732C5BB-7516-4356-9520-BBCDADA5BC51}.Release|x64.Build.0 = Release|x64
		{8732C5BB-7516-4356-9520-BBCDADA5BC51}.Release|x86.ActiveCfg = Release|Any CPU
		{8732C5BB-7516-4356-9520-BBCDADA5BC51}.Release|x86.Build.0 = Release|Any CPU
		{B6DBF7A0-F6EB-458E-BF1A-1BDD7C60494A}.Debug|Any CPU.ActiveCfg = Debug|x86
		{B6DBF7A0-F6EB-458E-BF1A-1BDD7C60494A}.Debug|Any CPU.Build.0 = Debug|x86
		{B6DBF7A0-F6EB-458E-BF1A-1BDD7C60494A}.Debug|ARM.ActiveCfg = Debug|x86
		{B6DBF7A0-F6EB-458E-BF1A-1BDD7C60494A}.Debug|ARM.Build.0 = Debug|x86
		{B6DBF7A0-F6EB-458E-BF1A-1BDD7C60494A}.Debug|ARM64.ActiveCfg = Debug|x86
		{B6DBF7A0-F6EB-458E-BF1A-1BDD7C60494A}.Debug|ARM64.Build.0 = Debug|x86
		{B6DBF7A0-F6EB-458E-BF1A-1BDD7C60494A}.Debug|x64.ActiveCfg = Debug|x86
		{B6DBF7A0-F6EB-458E-BF1A-1BDD7C60494A}.Debug|x86.ActiveCfg = Debug|x86
		{B6DBF7A0-F6EB-458E-BF1A-1BDD7C60494A}.Debug|x86.Build.0 = Debug|x86
		{B6DBF7A0-F6EB-458E-BF1A-1BDD7C60494A}.Release|Any CPU.ActiveCfg = Release|x86
		{B6DBF7A0-F6EB-458E-BF1A-1BDD7C60494A}.Release|Any CPU.Build.0 = Release|x86
		{B6DBF7A0-F6EB-458E-BF1A-1BDD7C60494A}.Release|ARM.ActiveCfg = Release|x86
		{B6DBF7A0-F6EB-458E-BF1A-1BDD7C60494A}.Release|ARM.Build.0 = Release|x86
		{B6DBF7A0-F6EB-458E-BF1A-1BDD7C60494A}.Release|ARM64.ActiveCfg = Release|x86
		{B6DBF7A0-F6EB-458E-BF1A-1BDD7C60494A}.Release|ARM64.Build.0 = Release|x86
		{B6DBF7A0-F6EB-458E-BF1A-1BDD7C60494A}.Release|x64.ActiveCfg = Release|x86
		{B6DBF7A0-F6EB-458E-BF1A-1BDD7C60494A}.Release|x86.ActiveCfg = Release|x86
		{B6DBF7A0-F6EB-458E-BF1A-1BDD7C60494A}.Release|x86.Build.0 = Release|x86
		{5FECA8F0-8EA6-4009-A053-FD8DE6F32942}.Debug|Any CPU.ActiveCfg = Debug|Any CPU
		{5FECA8F0-8EA6-4009-A053-FD8DE6F32942}.Debug|Any CPU.Build.0 = Debug|Any CPU
		{5FECA8F0-8EA6-4009-A053-FD8DE6F32942}.Debug|ARM.ActiveCfg = Debug|Any CPU
		{5FECA8F0-8EA6-4009-A053-FD8DE6F32942}.Debug|ARM.Build.0 = Debug|Any CPU
		{5FECA8F0-8EA6-4009-A053-FD8DE6F32942}.Debug|ARM64.ActiveCfg = Debug|Any CPU
		{5FECA8F0-8EA6-4009-A053-FD8DE6F32942}.Debug|ARM64.Build.0 = Debug|Any CPU
		{5FECA8F0-8EA6-4009-A053-FD8DE6F32942}.Debug|x64.ActiveCfg = Debug|x64
		{5FECA8F0-8EA6-4009-A053-FD8DE6F32942}.Debug|x64.Build.0 = Debug|x64
		{5FECA8F0-8EA6-4009-A053-FD8DE6F32942}.Debug|x86.ActiveCfg = Debug|Any CPU
		{5FECA8F0-8EA6-4009-A053-FD8DE6F32942}.Debug|x86.Build.0 = Debug|Any CPU
		{5FECA8F0-8EA6-4009-A053-FD8DE6F32942}.Release|Any CPU.ActiveCfg = Release|Any CPU
		{5FECA8F0-8EA6-4009-A053-FD8DE6F32942}.Release|Any CPU.Build.0 = Release|Any CPU
		{5FECA8F0-8EA6-4009-A053-FD8DE6F32942}.Release|ARM.ActiveCfg = Release|Any CPU
		{5FECA8F0-8EA6-4009-A053-FD8DE6F32942}.Release|ARM.Build.0 = Release|Any CPU
		{5FECA8F0-8EA6-4009-A053-FD8DE6F32942}.Release|ARM64.ActiveCfg = Release|Any CPU
		{5FECA8F0-8EA6-4009-A053-FD8DE6F32942}.Release|ARM64.Build.0 = Release|Any CPU
		{5FECA8F0-8EA6-4009-A053-FD8DE6F32942}.Release|x64.ActiveCfg = Release|x64
		{5FECA8F0-8EA6-4009-A053-FD8DE6F32942}.Release|x64.Build.0 = Release|x64
		{5FECA8F0-8EA6-4009-A053-FD8DE6F32942}.Release|x86.ActiveCfg = Release|Any CPU
		{5FECA8F0-8EA6-4009-A053-FD8DE6F32942}.Release|x86.Build.0 = Release|Any CPU
		{AE5C0C08-BCF4-4E59-90B8-F3E325ABC348}.Debug|Any CPU.ActiveCfg = Debug|Any CPU
		{AE5C0C08-BCF4-4E59-90B8-F3E325ABC348}.Debug|Any CPU.Build.0 = Debug|Any CPU
		{AE5C0C08-BCF4-4E59-90B8-F3E325ABC348}.Debug|ARM.ActiveCfg = Debug|Any CPU
		{AE5C0C08-BCF4-4E59-90B8-F3E325ABC348}.Debug|ARM.Build.0 = Debug|Any CPU
		{AE5C0C08-BCF4-4E59-90B8-F3E325ABC348}.Debug|ARM64.ActiveCfg = Debug|Any CPU
		{AE5C0C08-BCF4-4E59-90B8-F3E325ABC348}.Debug|ARM64.Build.0 = Debug|Any CPU
		{AE5C0C08-BCF4-4E59-90B8-F3E325ABC348}.Debug|x64.ActiveCfg = Debug|x64
		{AE5C0C08-BCF4-4E59-90B8-F3E325ABC348}.Debug|x64.Build.0 = Debug|x64
		{AE5C0C08-BCF4-4E59-90B8-F3E325ABC348}.Debug|x86.ActiveCfg = Debug|Any CPU
		{AE5C0C08-BCF4-4E59-90B8-F3E325ABC348}.Debug|x86.Build.0 = Debug|Any CPU
		{AE5C0C08-BCF4-4E59-90B8-F3E325ABC348}.Release|Any CPU.ActiveCfg = Release|Any CPU
		{AE5C0C08-BCF4-4E59-90B8-F3E325ABC348}.Release|Any CPU.Build.0 = Release|Any CPU
		{AE5C0C08-BCF4-4E59-90B8-F3E325ABC348}.Release|ARM.ActiveCfg = Release|Any CPU
		{AE5C0C08-BCF4-4E59-90B8-F3E325ABC348}.Release|ARM.Build.0 = Release|Any CPU
		{AE5C0C08-BCF4-4E59-90B8-F3E325ABC348}.Release|ARM64.ActiveCfg = Release|Any CPU
		{AE5C0C08-BCF4-4E59-90B8-F3E325ABC348}.Release|ARM64.Build.0 = Release|Any CPU
		{AE5C0C08-BCF4-4E59-90B8-F3E325ABC348}.Release|x64.ActiveCfg = Release|x64
		{AE5C0C08-BCF4-4E59-90B8-F3E325ABC348}.Release|x64.Build.0 = Release|x64
		{AE5C0C08-BCF4-4E59-90B8-F3E325ABC348}.Release|x86.ActiveCfg = Release|Any CPU
		{AE5C0C08-BCF4-4E59-90B8-F3E325ABC348}.Release|x86.Build.0 = Release|Any CPU
		{C57B580A-B097-4D26-838D-3083298AB123}.Debug|Any CPU.ActiveCfg = Debug|Any CPU
		{C57B580A-B097-4D26-838D-3083298AB123}.Debug|Any CPU.Build.0 = Debug|Any CPU
		{C57B580A-B097-4D26-838D-3083298AB123}.Debug|ARM.ActiveCfg = Debug|Any CPU
		{C57B580A-B097-4D26-838D-3083298AB123}.Debug|ARM.Build.0 = Debug|Any CPU
		{C57B580A-B097-4D26-838D-3083298AB123}.Debug|ARM64.ActiveCfg = Debug|Any CPU
		{C57B580A-B097-4D26-838D-3083298AB123}.Debug|ARM64.Build.0 = Debug|Any CPU
		{C57B580A-B097-4D26-838D-3083298AB123}.Debug|x64.ActiveCfg = Debug|x64
		{C57B580A-B097-4D26-838D-3083298AB123}.Debug|x64.Build.0 = Debug|x64
		{C57B580A-B097-4D26-838D-3083298AB123}.Debug|x86.ActiveCfg = Debug|Any CPU
		{C57B580A-B097-4D26-838D-3083298AB123}.Debug|x86.Build.0 = Debug|Any CPU
		{C57B580A-B097-4D26-838D-3083298AB123}.Release|Any CPU.ActiveCfg = Release|Any CPU
		{C57B580A-B097-4D26-838D-3083298AB123}.Release|Any CPU.Build.0 = Release|Any CPU
		{C57B580A-B097-4D26-838D-3083298AB123}.Release|ARM.ActiveCfg = Release|Any CPU
		{C57B580A-B097-4D26-838D-3083298AB123}.Release|ARM.Build.0 = Release|Any CPU
		{C57B580A-B097-4D26-838D-3083298AB123}.Release|ARM64.ActiveCfg = Release|Any CPU
		{C57B580A-B097-4D26-838D-3083298AB123}.Release|ARM64.Build.0 = Release|Any CPU
		{C57B580A-B097-4D26-838D-3083298AB123}.Release|x64.ActiveCfg = Release|x64
		{C57B580A-B097-4D26-838D-3083298AB123}.Release|x64.Build.0 = Release|x64
		{C57B580A-B097-4D26-838D-3083298AB123}.Release|x86.ActiveCfg = Release|Any CPU
		{C57B580A-B097-4D26-838D-3083298AB123}.Release|x86.Build.0 = Release|Any CPU
		{A285D2F6-46BA-4486-A367-4826A0A4B166}.Debug|Any CPU.ActiveCfg = Debug|x64
		{A285D2F6-46BA-4486-A367-4826A0A4B166}.Debug|Any CPU.Build.0 = Debug|x64
		{A285D2F6-46BA-4486-A367-4826A0A4B166}.Debug|ARM.ActiveCfg = Debug|x64
		{A285D2F6-46BA-4486-A367-4826A0A4B166}.Debug|ARM.Build.0 = Debug|x64
		{A285D2F6-46BA-4486-A367-4826A0A4B166}.Debug|ARM64.ActiveCfg = Debug|x64
		{A285D2F6-46BA-4486-A367-4826A0A4B166}.Debug|ARM64.Build.0 = Debug|x64
		{A285D2F6-46BA-4486-A367-4826A0A4B166}.Debug|x64.ActiveCfg = Debug|x64
		{A285D2F6-46BA-4486-A367-4826A0A4B166}.Debug|x64.Build.0 = Debug|x64
		{A285D2F6-46BA-4486-A367-4826A0A4B166}.Debug|x86.ActiveCfg = Debug|x64
		{A285D2F6-46BA-4486-A367-4826A0A4B166}.Debug|x86.Build.0 = Debug|x64
		{A285D2F6-46BA-4486-A367-4826A0A4B166}.Release|Any CPU.ActiveCfg = Release|x64
		{A285D2F6-46BA-4486-A367-4826A0A4B166}.Release|Any CPU.Build.0 = Release|x64
		{A285D2F6-46BA-4486-A367-4826A0A4B166}.Release|ARM.ActiveCfg = Release|x64
		{A285D2F6-46BA-4486-A367-4826A0A4B166}.Release|ARM.Build.0 = Release|x64
		{A285D2F6-46BA-4486-A367-4826A0A4B166}.Release|ARM64.ActiveCfg = Release|x64
		{A285D2F6-46BA-4486-A367-4826A0A4B166}.Release|ARM64.Build.0 = Release|x64
		{A285D2F6-46BA-4486-A367-4826A0A4B166}.Release|x64.ActiveCfg = Release|x64
		{A285D2F6-46BA-4486-A367-4826A0A4B166}.Release|x64.Build.0 = Release|x64
		{A285D2F6-46BA-4486-A367-4826A0A4B166}.Release|x86.ActiveCfg = Release|x64
		{A285D2F6-46BA-4486-A367-4826A0A4B166}.Release|x86.Build.0 = Release|x64
		{98A7354B-006C-4C49-957A-9E044F713936}.Debug|Any CPU.ActiveCfg = Debug|x64
		{98A7354B-006C-4C49-957A-9E044F713936}.Debug|Any CPU.Build.0 = Debug|x64
		{98A7354B-006C-4C49-957A-9E044F713936}.Debug|ARM.ActiveCfg = Debug|x64
		{98A7354B-006C-4C49-957A-9E044F713936}.Debug|ARM.Build.0 = Debug|x64
		{98A7354B-006C-4C49-957A-9E044F713936}.Debug|ARM64.ActiveCfg = Debug|x64
		{98A7354B-006C-4C49-957A-9E044F713936}.Debug|ARM64.Build.0 = Debug|x64
		{98A7354B-006C-4C49-957A-9E044F713936}.Debug|x64.ActiveCfg = Debug|x64
		{98A7354B-006C-4C49-957A-9E044F713936}.Debug|x64.Build.0 = Debug|x64
		{98A7354B-006C-4C49-957A-9E044F713936}.Debug|x86.ActiveCfg = Debug|x64
		{98A7354B-006C-4C49-957A-9E044F713936}.Debug|x86.Build.0 = Debug|x64
		{98A7354B-006C-4C49-957A-9E044F713936}.Release|Any CPU.ActiveCfg = Release|x64
		{98A7354B-006C-4C49-957A-9E044F713936}.Release|Any CPU.Build.0 = Release|x64
		{98A7354B-006C-4C49-957A-9E044F713936}.Release|ARM.ActiveCfg = Release|x64
		{98A7354B-006C-4C49-957A-9E044F713936}.Release|ARM.Build.0 = Release|x64
		{98A7354B-006C-4C49-957A-9E044F713936}.Release|ARM64.ActiveCfg = Release|x64
		{98A7354B-006C-4C49-957A-9E044F713936}.Release|ARM64.Build.0 = Release|x64
		{98A7354B-006C-4C49-957A-9E044F713936}.Release|x64.ActiveCfg = Release|x64
		{98A7354B-006C-4C49-957A-9E044F713936}.Release|x64.Build.0 = Release|x64
		{98A7354B-006C-4C49-957A-9E044F713936}.Release|x86.ActiveCfg = Release|x64
		{98A7354B-006C-4C49-957A-9E044F713936}.Release|x86.Build.0 = Release|x64
		{C01DC33A-846A-4EDB-9D40-7A8048B368D2}.Debug|Any CPU.ActiveCfg = Debug|x64
		{C01DC33A-846A-4EDB-9D40-7A8048B368D2}.Debug|Any CPU.Build.0 = Debug|x64
		{C01DC33A-846A-4EDB-9D40-7A8048B368D2}.Debug|ARM.ActiveCfg = Debug|x64
		{C01DC33A-846A-4EDB-9D40-7A8048B368D2}.Debug|ARM.Build.0 = Debug|x64
		{C01DC33A-846A-4EDB-9D40-7A8048B368D2}.Debug|ARM64.ActiveCfg = Debug|x64
		{C01DC33A-846A-4EDB-9D40-7A8048B368D2}.Debug|ARM64.Build.0 = Debug|x64
		{C01DC33A-846A-4EDB-9D40-7A8048B368D2}.Debug|x64.ActiveCfg = Debug|x64
		{C01DC33A-846A-4EDB-9D40-7A8048B368D2}.Debug|x64.Build.0 = Debug|x64
		{C01DC33A-846A-4EDB-9D40-7A8048B368D2}.Debug|x86.ActiveCfg = Debug|x64
		{C01DC33A-846A-4EDB-9D40-7A8048B368D2}.Debug|x86.Build.0 = Debug|x64
		{C01DC33A-846A-4EDB-9D40-7A8048B368D2}.Release|Any CPU.ActiveCfg = Release|x64
		{C01DC33A-846A-4EDB-9D40-7A8048B368D2}.Release|Any CPU.Build.0 = Release|x64
		{C01DC33A-846A-4EDB-9D40-7A8048B368D2}.Release|ARM.ActiveCfg = Release|x64
		{C01DC33A-846A-4EDB-9D40-7A8048B368D2}.Release|ARM.Build.0 = Release|x64
		{C01DC33A-846A-4EDB-9D40-7A8048B368D2}.Release|ARM64.ActiveCfg = Release|x64
		{C01DC33A-846A-4EDB-9D40-7A8048B368D2}.Release|ARM64.Build.0 = Release|x64
		{C01DC33A-846A-4EDB-9D40-7A8048B368D2}.Release|x64.ActiveCfg = Release|x64
		{C01DC33A-846A-4EDB-9D40-7A8048B368D2}.Release|x64.Build.0 = Release|x64
		{C01DC33A-846A-4EDB-9D40-7A8048B368D2}.Release|x86.ActiveCfg = Release|x64
		{C01DC33A-846A-4EDB-9D40-7A8048B368D2}.Release|x86.Build.0 = Release|x64
		{7AC699EF-6389-44E4-B21E-732B61D1B673}.Debug|Any CPU.ActiveCfg = Debug|x64
		{7AC699EF-6389-44E4-B21E-732B61D1B673}.Debug|Any CPU.Build.0 = Debug|x64
		{7AC699EF-6389-44E4-B21E-732B61D1B673}.Debug|ARM.ActiveCfg = Debug|x64
		{7AC699EF-6389-44E4-B21E-732B61D1B673}.Debug|ARM.Build.0 = Debug|x64
		{7AC699EF-6389-44E4-B21E-732B61D1B673}.Debug|ARM64.ActiveCfg = Debug|x64
		{7AC699EF-6389-44E4-B21E-732B61D1B673}.Debug|ARM64.Build.0 = Debug|x64
		{7AC699EF-6389-44E4-B21E-732B61D1B673}.Debug|x64.ActiveCfg = Debug|x64
		{7AC699EF-6389-44E4-B21E-732B61D1B673}.Debug|x64.Build.0 = Debug|x64
		{7AC699EF-6389-44E4-B21E-732B61D1B673}.Debug|x86.ActiveCfg = Debug|x64
		{7AC699EF-6389-44E4-B21E-732B61D1B673}.Debug|x86.Build.0 = Debug|x64
		{7AC699EF-6389-44E4-B21E-732B61D1B673}.Release|Any CPU.ActiveCfg = Release|x64
		{7AC699EF-6389-44E4-B21E-732B61D1B673}.Release|Any CPU.Build.0 = Release|x64
		{7AC699EF-6389-44E4-B21E-732B61D1B673}.Release|ARM.ActiveCfg = Release|x64
		{7AC699EF-6389-44E4-B21E-732B61D1B673}.Release|ARM.Build.0 = Release|x64
		{7AC699EF-6389-44E4-B21E-732B61D1B673}.Release|ARM64.ActiveCfg = Release|x64
		{7AC699EF-6389-44E4-B21E-732B61D1B673}.Release|ARM64.Build.0 = Release|x64
		{7AC699EF-6389-44E4-B21E-732B61D1B673}.Release|x64.ActiveCfg = Release|x64
		{7AC699EF-6389-44E4-B21E-732B61D1B673}.Release|x64.Build.0 = Release|x64
		{7AC699EF-6389-44E4-B21E-732B61D1B673}.Release|x86.ActiveCfg = Release|x64
		{7AC699EF-6389-44E4-B21E-732B61D1B673}.Release|x86.Build.0 = Release|x64
		{70954FCE-A41A-4B16-B06C-9E15A5557B1A}.Debug|Any CPU.ActiveCfg = Debug|Any CPU
		{70954FCE-A41A-4B16-B06C-9E15A5557B1A}.Debug|Any CPU.Build.0 = Debug|Any CPU
		{70954FCE-A41A-4B16-B06C-9E15A5557B1A}.Debug|ARM.ActiveCfg = Debug|Any CPU
		{70954FCE-A41A-4B16-B06C-9E15A5557B1A}.Debug|ARM.Build.0 = Debug|Any CPU
		{70954FCE-A41A-4B16-B06C-9E15A5557B1A}.Debug|ARM64.ActiveCfg = Debug|Any CPU
		{70954FCE-A41A-4B16-B06C-9E15A5557B1A}.Debug|ARM64.Build.0 = Debug|Any CPU
		{70954FCE-A41A-4B16-B06C-9E15A5557B1A}.Debug|x64.ActiveCfg = Debug|x64
		{70954FCE-A41A-4B16-B06C-9E15A5557B1A}.Debug|x64.Build.0 = Debug|x64
		{70954FCE-A41A-4B16-B06C-9E15A5557B1A}.Debug|x86.ActiveCfg = Debug|Any CPU
		{70954FCE-A41A-4B16-B06C-9E15A5557B1A}.Debug|x86.Build.0 = Debug|Any CPU
		{70954FCE-A41A-4B16-B06C-9E15A5557B1A}.Release|Any CPU.ActiveCfg = Release|Any CPU
		{70954FCE-A41A-4B16-B06C-9E15A5557B1A}.Release|Any CPU.Build.0 = Release|Any CPU
		{70954FCE-A41A-4B16-B06C-9E15A5557B1A}.Release|ARM.ActiveCfg = Release|Any CPU
		{70954FCE-A41A-4B16-B06C-9E15A5557B1A}.Release|ARM.Build.0 = Release|Any CPU
		{70954FCE-A41A-4B16-B06C-9E15A5557B1A}.Release|ARM64.ActiveCfg = Release|Any CPU
		{70954FCE-A41A-4B16-B06C-9E15A5557B1A}.Release|ARM64.Build.0 = Release|Any CPU
		{70954FCE-A41A-4B16-B06C-9E15A5557B1A}.Release|x64.ActiveCfg = Release|x64
		{70954FCE-A41A-4B16-B06C-9E15A5557B1A}.Release|x64.Build.0 = Release|x64
		{70954FCE-A41A-4B16-B06C-9E15A5557B1A}.Release|x86.ActiveCfg = Release|Any CPU
		{70954FCE-A41A-4B16-B06C-9E15A5557B1A}.Release|x86.Build.0 = Release|Any CPU
		{968CAF62-FF40-4293-A101-92AAE7219270}.Debug|Any CPU.ActiveCfg = Debug|x64
		{968CAF62-FF40-4293-A101-92AAE7219270}.Debug|Any CPU.Build.0 = Debug|x64
		{968CAF62-FF40-4293-A101-92AAE7219270}.Debug|ARM.ActiveCfg = Debug|x64
		{968CAF62-FF40-4293-A101-92AAE7219270}.Debug|ARM.Build.0 = Debug|x64
		{968CAF62-FF40-4293-A101-92AAE7219270}.Debug|ARM64.ActiveCfg = Debug|x64
		{968CAF62-FF40-4293-A101-92AAE7219270}.Debug|ARM64.Build.0 = Debug|x64
		{968CAF62-FF40-4293-A101-92AAE7219270}.Debug|x64.ActiveCfg = Debug|x64
		{968CAF62-FF40-4293-A101-92AAE7219270}.Debug|x64.Build.0 = Debug|x64
		{968CAF62-FF40-4293-A101-92AAE7219270}.Debug|x86.ActiveCfg = Debug|x64
		{968CAF62-FF40-4293-A101-92AAE7219270}.Debug|x86.Build.0 = Debug|x64
		{968CAF62-FF40-4293-A101-92AAE7219270}.Release|Any CPU.ActiveCfg = Release|x64
		{968CAF62-FF40-4293-A101-92AAE7219270}.Release|Any CPU.Build.0 = Release|x64
		{968CAF62-FF40-4293-A101-92AAE7219270}.Release|ARM.ActiveCfg = Release|x64
		{968CAF62-FF40-4293-A101-92AAE7219270}.Release|ARM.Build.0 = Release|x64
		{968CAF62-FF40-4293-A101-92AAE7219270}.Release|ARM64.ActiveCfg = Release|x64
		{968CAF62-FF40-4293-A101-92AAE7219270}.Release|ARM64.Build.0 = Release|x64
		{968CAF62-FF40-4293-A101-92AAE7219270}.Release|x64.ActiveCfg = Release|x64
		{968CAF62-FF40-4293-A101-92AAE7219270}.Release|x64.Build.0 = Release|x64
		{968CAF62-FF40-4293-A101-92AAE7219270}.Release|x86.ActiveCfg = Release|x64
		{968CAF62-FF40-4293-A101-92AAE7219270}.Release|x86.Build.0 = Release|x64
		{EEA77C69-D3D5-42B7-9B68-68B3B6868130}.Debug|Any CPU.ActiveCfg = Debug|Any CPU
		{EEA77C69-D3D5-42B7-9B68-68B3B6868130}.Debug|Any CPU.Build.0 = Debug|Any CPU
		{EEA77C69-D3D5-42B7-9B68-68B3B6868130}.Debug|ARM.ActiveCfg = Debug|Any CPU
		{EEA77C69-D3D5-42B7-9B68-68B3B6868130}.Debug|ARM.Build.0 = Debug|Any CPU
		{EEA77C69-D3D5-42B7-9B68-68B3B6868130}.Debug|ARM64.ActiveCfg = Debug|Any CPU
		{EEA77C69-D3D5-42B7-9B68-68B3B6868130}.Debug|ARM64.Build.0 = Debug|Any CPU
		{EEA77C69-D3D5-42B7-9B68-68B3B6868130}.Debug|x64.ActiveCfg = Debug|x64
		{EEA77C69-D3D5-42B7-9B68-68B3B6868130}.Debug|x64.Build.0 = Debug|x64
		{EEA77C69-D3D5-42B7-9B68-68B3B6868130}.Debug|x86.ActiveCfg = Debug|Any CPU
		{EEA77C69-D3D5-42B7-9B68-68B3B6868130}.Debug|x86.Build.0 = Debug|Any CPU
		{EEA77C69-D3D5-42B7-9B68-68B3B6868130}.Release|Any CPU.ActiveCfg = Release|Any CPU
		{EEA77C69-D3D5-42B7-9B68-68B3B6868130}.Release|Any CPU.Build.0 = Release|Any CPU
		{EEA77C69-D3D5-42B7-9B68-68B3B6868130}.Release|ARM.ActiveCfg = Release|Any CPU
		{EEA77C69-D3D5-42B7-9B68-68B3B6868130}.Release|ARM.Build.0 = Release|Any CPU
		{EEA77C69-D3D5-42B7-9B68-68B3B6868130}.Release|ARM64.ActiveCfg = Release|Any CPU
		{EEA77C69-D3D5-42B7-9B68-68B3B6868130}.Release|ARM64.Build.0 = Release|Any CPU
		{EEA77C69-D3D5-42B7-9B68-68B3B6868130}.Release|x64.ActiveCfg = Release|x64
		{EEA77C69-D3D5-42B7-9B68-68B3B6868130}.Release|x64.Build.0 = Release|x64
		{EEA77C69-D3D5-42B7-9B68-68B3B6868130}.Release|x86.ActiveCfg = Release|Any CPU
		{EEA77C69-D3D5-42B7-9B68-68B3B6868130}.Release|x86.Build.0 = Release|Any CPU
		{9C0B8024-4AB7-4A77-B6EA-ACA6B4643151}.Debug|Any CPU.ActiveCfg = Debug|x64
		{9C0B8024-4AB7-4A77-B6EA-ACA6B4643151}.Debug|Any CPU.Build.0 = Debug|x64
		{9C0B8024-4AB7-4A77-B6EA-ACA6B4643151}.Debug|ARM.ActiveCfg = Debug|x64
		{9C0B8024-4AB7-4A77-B6EA-ACA6B4643151}.Debug|ARM.Build.0 = Debug|x64
		{9C0B8024-4AB7-4A77-B6EA-ACA6B4643151}.Debug|ARM64.ActiveCfg = Debug|x64
		{9C0B8024-4AB7-4A77-B6EA-ACA6B4643151}.Debug|ARM64.Build.0 = Debug|x64
		{9C0B8024-4AB7-4A77-B6EA-ACA6B4643151}.Debug|x64.ActiveCfg = Debug|x64
		{9C0B8024-4AB7-4A77-B6EA-ACA6B4643151}.Debug|x64.Build.0 = Debug|x64
		{9C0B8024-4AB7-4A77-B6EA-ACA6B4643151}.Debug|x86.ActiveCfg = Debug|x64
		{9C0B8024-4AB7-4A77-B6EA-ACA6B4643151}.Debug|x86.Build.0 = Debug|x64
		{9C0B8024-4AB7-4A77-B6EA-ACA6B4643151}.Release|Any CPU.ActiveCfg = Release|x64
		{9C0B8024-4AB7-4A77-B6EA-ACA6B4643151}.Release|Any CPU.Build.0 = Release|x64
		{9C0B8024-4AB7-4A77-B6EA-ACA6B4643151}.Release|ARM.ActiveCfg = Release|x64
		{9C0B8024-4AB7-4A77-B6EA-ACA6B4643151}.Release|ARM.Build.0 = Release|x64
		{9C0B8024-4AB7-4A77-B6EA-ACA6B4643151}.Release|ARM64.ActiveCfg = Release|x64
		{9C0B8024-4AB7-4A77-B6EA-ACA6B4643151}.Release|ARM64.Build.0 = Release|x64
		{9C0B8024-4AB7-4A77-B6EA-ACA6B4643151}.Release|x64.ActiveCfg = Release|x64
		{9C0B8024-4AB7-4A77-B6EA-ACA6B4643151}.Release|x64.Build.0 = Release|x64
		{9C0B8024-4AB7-4A77-B6EA-ACA6B4643151}.Release|x86.ActiveCfg = Release|x64
		{9C0B8024-4AB7-4A77-B6EA-ACA6B4643151}.Release|x86.Build.0 = Release|x64
	EndGlobalSection
	GlobalSection(SolutionProperties) = preSolution
		HideSolutionNode = FALSE
	EndGlobalSection
	GlobalSection(NestedProjects) = preSolution
		{E3C7D9A8-CBA2-4E49-BA8D-0F38ED7AAB05} = {773EAC35-13BD-4E08-AB43-9A6B20BCE56D}
		{7F3CD6C3-CEA8-4CB4-802B-2DC0449941D6} = {B96A414C-DCAA-443E-B004-84F223C6118E}
		{75ABE3E3-583E-4634-B3ED-174D8D8C868B} = {B96A414C-DCAA-443E-B004-84F223C6118E}
		{6B496566-879B-471A-87FD-0D3770D801FB} = {EA8B53E2-8FEC-47AA-9C2B-785F5C1DF734}
		{FDC75DD2-D95C-4829-9EB1-8F1864B55EF9} = {6B5E10B7-EB57-47A9-9CD1-36393259F92B}
		{4C20CC34-E785-43E1-B7BA-897B0B17FC40} = {6B5E10B7-EB57-47A9-9CD1-36393259F92B}
		{8732C5BB-7516-4356-9520-BBCDADA5BC51} = {EA8B53E2-8FEC-47AA-9C2B-785F5C1DF734}
		{5FECA8F0-8EA6-4009-A053-FD8DE6F32942} = {783C16E2-65B7-4DFE-906E-0378CF2D7223}
		{AE5C0C08-BCF4-4E59-90B8-F3E325ABC348} = {B96A414C-DCAA-443E-B004-84F223C6118E}
		{C57B580A-B097-4D26-838D-3083298AB123} = {783C16E2-65B7-4DFE-906E-0378CF2D7223}
		{A285D2F6-46BA-4486-A367-4826A0A4B166} = {BE3D5FFF-1B07-4331-BE6B-5C7F389CF6F2}
		{98A7354B-006C-4C49-957A-9E044F713936} = {BE3D5FFF-1B07-4331-BE6B-5C7F389CF6F2}
		{C01DC33A-846A-4EDB-9D40-7A8048B368D2} = {103446DA-D85F-491B-AF1F-F90A81B0D866}
		{7AC699EF-6389-44E4-B21E-732B61D1B673} = {103446DA-D85F-491B-AF1F-F90A81B0D866}
		{70954FCE-A41A-4B16-B06C-9E15A5557B1A} = {BE3D5FFF-1B07-4331-BE6B-5C7F389CF6F2}
		{968CAF62-FF40-4293-A101-92AAE7219270} = {103446DA-D85F-491B-AF1F-F90A81B0D866}
		{EEA77C69-D3D5-42B7-9B68-68B3B6868130} = {BE3D5FFF-1B07-4331-BE6B-5C7F389CF6F2}
		{9C0B8024-4AB7-4A77-B6EA-ACA6B4643151} = {EA8B53E2-8FEC-47AA-9C2B-785F5C1DF734}
	EndGlobalSection
	GlobalSection(ExtensibilityGlobals) = postSolution
		SolutionGuid = {474FE20C-14C2-44B9-9A01-332ED5A0EDD8}
	EndGlobalSection
EndGlobal
