
Microsoft Visual Studio Solution File, Format Version 12.00
# Visual Studio Version 17
VisualStudioVersion = 17.7.33711.374
MinimumVisualStudioVersion = 10.0.40219.1
Project("{8BC9CEB8-8B4A-11D0-8D11-00A0C91BC942}") = "Microsoft.Devices.Midi2", "sdk\midi-app-sdk.vcxproj", "{3AA50484-E4C1-41FB-9AE4-FEEA724E6077}"
EndProject
Project("{9A19103F-16F7-4668-BE54-9A1E7A4F7556}") = "MidiAppSdkCSProjection", "sdk-projections\MidiAppSdkCSharpProjection\MidiAppSdkCSProjection.csproj", "{FCCCC673-71D7-412A-B67E-8201A3CE1C93}"
EndProject
Project("{2150E333-8FDC-42A3-9474-1A3956D46DE8}") = "Solution Items", "Solution Items", "{C3A60AEE-F167-4267-8B67-52ACAA3323A7}"
	ProjectSection(SolutionItems) = preProject
		Directory.Build.props = Directory.Build.props
	EndProjectSection
EndProject
Global
	GlobalSection(SolutionConfigurationPlatforms) = preSolution
		Debug|Any CPU = Debug|Any CPU
		Debug|ARM = Debug|ARM
		Debug|ARM64 = Debug|ARM64
		Debug|ARM64EC = Debug|ARM64EC
		Debug|x64 = Debug|x64
		Debug|x86 = Debug|x86
		Release|Any CPU = Release|Any CPU
		Release|ARM = Release|ARM
		Release|ARM64 = Release|ARM64
		Release|ARM64EC = Release|ARM64EC
		Release|x64 = Release|x64
		Release|x86 = Release|x86
	EndGlobalSection
	GlobalSection(ProjectConfigurationPlatforms) = postSolution
		{3AA50484-E4C1-41FB-9AE4-FEEA724E6077}.Debug|Any CPU.ActiveCfg = Debug|x64
		{3AA50484-E4C1-41FB-9AE4-FEEA724E6077}.Debug|Any CPU.Build.0 = Debug|x64
		{3AA50484-E4C1-41FB-9AE4-FEEA724E6077}.Debug|ARM.ActiveCfg = Debug|x64
		{3AA50484-E4C1-41FB-9AE4-FEEA724E6077}.Debug|ARM.Build.0 = Debug|x64
		{3AA50484-E4C1-41FB-9AE4-FEEA724E6077}.Debug|ARM64.ActiveCfg = Debug|ARM64
		{3AA50484-E4C1-41FB-9AE4-FEEA724E6077}.Debug|ARM64.Build.0 = Debug|ARM64
		{3AA50484-E4C1-41FB-9AE4-FEEA724E6077}.Debug|ARM64EC.ActiveCfg = Debug|ARM64EC
		{3AA50484-E4C1-41FB-9AE4-FEEA724E6077}.Debug|ARM64EC.Build.0 = Debug|ARM64EC
		{3AA50484-E4C1-41FB-9AE4-FEEA724E6077}.Debug|x64.ActiveCfg = Debug|x64
		{3AA50484-E4C1-41FB-9AE4-FEEA724E6077}.Debug|x64.Build.0 = Debug|x64
		{3AA50484-E4C1-41FB-9AE4-FEEA724E6077}.Debug|x86.ActiveCfg = Debug|x64
		{3AA50484-E4C1-41FB-9AE4-FEEA724E6077}.Debug|x86.Build.0 = Debug|x64
		{3AA50484-E4C1-41FB-9AE4-FEEA724E6077}.Release|Any CPU.ActiveCfg = Release|x64
		{3AA50484-E4C1-41FB-9AE4-FEEA724E6077}.Release|Any CPU.Build.0 = Release|x64
		{3AA50484-E4C1-41FB-9AE4-FEEA724E6077}.Release|ARM.ActiveCfg = Release|x64
		{3AA50484-E4C1-41FB-9AE4-FEEA724E6077}.Release|ARM.Build.0 = Release|x64
		{3AA50484-E4C1-41FB-9AE4-FEEA724E6077}.Release|ARM64.ActiveCfg = Release|ARM64
		{3AA50484-E4C1-41FB-9AE4-FEEA724E6077}.Release|ARM64.Build.0 = Release|ARM64
		{3AA50484-E4C1-41FB-9AE4-FEEA724E6077}.Release|ARM64EC.ActiveCfg = Release|ARM64EC
		{3AA50484-E4C1-41FB-9AE4-FEEA724E6077}.Release|ARM64EC.Build.0 = Release|ARM64EC
		{3AA50484-E4C1-41FB-9AE4-FEEA724E6077}.Release|x64.ActiveCfg = Release|x64
		{3AA50484-E4C1-41FB-9AE4-FEEA724E6077}.Release|x64.Build.0 = Release|x64
		{3AA50484-E4C1-41FB-9AE4-FEEA724E6077}.Release|x86.ActiveCfg = Release|x64
		{3AA50484-E4C1-41FB-9AE4-FEEA724E6077}.Release|x86.Build.0 = Release|x64
		{FCCCC673-71D7-412A-B67E-8201A3CE1C93}.Debug|Any CPU.ActiveCfg = Debug|Any CPU
		{FCCCC673-71D7-412A-B67E-8201A3CE1C93}.Debug|Any CPU.Build.0 = Debug|Any CPU
		{FCCCC673-71D7-412A-B67E-8201A3CE1C93}.Debug|ARM.ActiveCfg = Debug|Any CPU
		{FCCCC673-71D7-412A-B67E-8201A3CE1C93}.Debug|ARM.Build.0 = Debug|Any CPU
		{FCCCC673-71D7-412A-B67E-8201A3CE1C93}.Debug|ARM64.ActiveCfg = Debug|Any CPU
		{FCCCC673-71D7-412A-B67E-8201A3CE1C93}.Debug|ARM64.Build.0 = Debug|Any CPU
		{FCCCC673-71D7-412A-B67E-8201A3CE1C93}.Debug|ARM64EC.ActiveCfg = Debug|Any CPU
		{FCCCC673-71D7-412A-B67E-8201A3CE1C93}.Debug|ARM64EC.Build.0 = Debug|Any CPU
		{FCCCC673-71D7-412A-B67E-8201A3CE1C93}.Debug|x64.ActiveCfg = Debug|x64
		{FCCCC673-71D7-412A-B67E-8201A3CE1C93}.Debug|x64.Build.0 = Debug|x64
		{FCCCC673-71D7-412A-B67E-8201A3CE1C93}.Debug|x86.ActiveCfg = Debug|Any CPU
		{FCCCC673-71D7-412A-B67E-8201A3CE1C93}.Debug|x86.Build.0 = Debug|Any CPU
		{FCCCC673-71D7-412A-B67E-8201A3CE1C93}.Release|Any CPU.ActiveCfg = Release|Any CPU
		{FCCCC673-71D7-412A-B67E-8201A3CE1C93}.Release|Any CPU.Build.0 = Release|Any CPU
		{FCCCC673-71D7-412A-B67E-8201A3CE1C93}.Release|ARM.ActiveCfg = Release|Any CPU
		{FCCCC673-71D7-412A-B67E-8201A3CE1C93}.Release|ARM.Build.0 = Release|Any CPU
		{FCCCC673-71D7-412A-B67E-8201A3CE1C93}.Release|ARM64.ActiveCfg = Release|Any CPU
		{FCCCC673-71D7-412A-B67E-8201A3CE1C93}.Release|ARM64.Build.0 = Release|Any CPU
		{FCCCC673-71D7-412A-B67E-8201A3CE1C93}.Release|ARM64EC.ActiveCfg = Release|Any CPU
		{FCCCC673-71D7-412A-B67E-8201A3CE1C93}.Release|ARM64EC.Build.0 = Release|Any CPU
		{FCCCC673-71D7-412A-B67E-8201A3CE1C93}.Release|x64.ActiveCfg = Release|Any CPU
		{FCCCC673-71D7-412A-B67E-8201A3CE1C93}.Release|x64.Build.0 = Release|Any CPU
		{FCCCC673-71D7-412A-B67E-8201A3CE1C93}.Release|x86.ActiveCfg = Release|Any CPU
		{FCCCC673-71D7-412A-B67E-8201A3CE1C93}.Release|x86.Build.0 = Release|Any CPU
	EndGlobalSection
	GlobalSection(SolutionProperties) = preSolution
		HideSolutionNode = FALSE
	EndGlobalSection
	GlobalSection(ExtensibilityGlobals) = postSolution
		SolutionGuid = {19B64F27-27A7-4F45-91D3-EE18D0FEEFA5}
	EndGlobalSection
EndGlobal
