
Microsoft Visual Studio Solution File, Format Version 12.00
# Visual Studio Version 17
VisualStudioVersion = 17.7.33711.374
MinimumVisualStudioVersion = 10.0.40219.1
Project("{8BC9CEB8-8B4A-11D0-8D11-00A0C91BC942}") = "Microsoft.Devices.Midi2.Core", "sdk-core\Microsoft.Devices.Midi2.Core.vcxproj", "{3AA50484-E4C1-41FB-9AE4-FEEA724E6077}"
EndProject
Project("{9A19103F-16F7-4668-BE54-9A1E7A4F7556}") = "Microsoft.Devices.Midi2.Core.NET", "sdk-core-projection-cs\Microsoft.Devices.Midi2.Core.NET.csproj", "{FCCCC673-71D7-412A-B67E-8201A3CE1C93}"
EndProject
Project("{2150E333-8FDC-42A3-9474-1A3956D46DE8}") = "Solution Items", "Solution Items", "{C3A60AEE-F167-4267-8B67-52ACAA3323A7}"
	ProjectSection(SolutionItems) = preProject
		.runsettings = .runsettings
		Directory.Build.props = Directory.Build.props
		README.md = README.md
	EndProjectSection
EndProject
Project("{8BC9CEB8-8B4A-11D0-8D11-00A0C91BC942}") = "Microsoft.Devices.Midi2.Messages", "sdk-messages\Microsoft.Devices.Midi2.Messages.vcxproj", "{B322045D-5106-4B70-89E4-094151CC840C}"
EndProject
Project("{8BC9CEB8-8B4A-11D0-8D11-00A0C91BC942}") = "Microsoft.Devices.Midi2.SysEx", "sdk-sysex\Microsoft.Devices.Midi2.SysExProcessor.vcxproj", "{8C4C61D3-5EFB-44AE-B881-34D0A12801D1}"
EndProject
Project("{8BC9CEB8-8B4A-11D0-8D11-00A0C91BC942}") = "Microsoft.Devices.Midi2.CI", "sdk-ci\Microsoft.Devices.Midi2.CI.vcxproj", "{27F48565-8ACF-4A73-8078-81D373254246}"
EndProject
Project("{8BC9CEB8-8B4A-11D0-8D11-00A0C91BC942}") = "Microsoft.Devices.Midi2.Diagnostics", "sdk-diagnostics\Microsoft.Devices.Midi2.Diagnostics.vcxproj", "{17CD6396-C61F-48D0-867C-52E2F9A4A80C}"
EndProject
Project("{8BC9CEB8-8B4A-11D0-8D11-00A0C91BC942}") = "Microsoft.Devices.Midi2.Setups", "sdk-setups\Microsoft.Devices.Midi2.Setups.vcxproj", "{67F25A4C-E651-4739-8B13-8F454CD57B4A}"
EndProject
Project("{8BC9CEB8-8B4A-11D0-8D11-00A0C91BC942}") = "Microsoft.Devices.Midi2.SettingsUI", "sdk-settings-ui\Microsoft.Devices.Midi2.SettingsAppLauncher.vcxproj", "{236E1240-6005-4909-9088-92A12015AECF}"
EndProject
Project("{2150E333-8FDC-42A3-9474-1A3956D46DE8}") = "Satellite SDKs", "Satellite SDKs", "{68F4A0F4-F443-47C4-A850-2BAA0FF43E75}"
EndProject
Project("{2150E333-8FDC-42A3-9474-1A3956D46DE8}") = "Core SDK", "Core SDK", "{7EB712A7-A3CA-49D3-9055-73AA871DAF35}"
EndProject
Project("{2150E333-8FDC-42A3-9474-1A3956D46DE8}") = "Tests", "Tests", "{7D5B581F-CDE7-40F2-8A9E-E640008227EE}"
EndProject
Project("{8BC9CEB8-8B4A-11D0-8D11-00A0C91BC942}") = "sdk-core-cpp-winrt-tests", "sdk-core-cpp-winrt-tests\sdk-core-cpp-winrt-tests.vcxproj", "{8199DE11-CC7D-4546-97A7-F771A7544046}"
EndProject
Global
	GlobalSection(SolutionConfigurationPlatforms) = preSolution
		Debug|Any CPU = Debug|Any CPU
		Debug|ARM64 = Debug|ARM64
		Debug|ARM64EC = Debug|ARM64EC
		Debug|x64 = Debug|x64
		Release|Any CPU = Release|Any CPU
		Release|ARM64 = Release|ARM64
		Release|ARM64EC = Release|ARM64EC
		Release|x64 = Release|x64
	EndGlobalSection
	GlobalSection(ProjectConfigurationPlatforms) = postSolution
		{3AA50484-E4C1-41FB-9AE4-FEEA724E6077}.Debug|Any CPU.ActiveCfg = Debug|x64
		{3AA50484-E4C1-41FB-9AE4-FEEA724E6077}.Debug|Any CPU.Build.0 = Debug|x64
		{3AA50484-E4C1-41FB-9AE4-FEEA724E6077}.Debug|ARM64.ActiveCfg = Debug|ARM64
		{3AA50484-E4C1-41FB-9AE4-FEEA724E6077}.Debug|ARM64.Build.0 = Debug|ARM64
		{3AA50484-E4C1-41FB-9AE4-FEEA724E6077}.Debug|ARM64EC.ActiveCfg = Debug|ARM64EC
		{3AA50484-E4C1-41FB-9AE4-FEEA724E6077}.Debug|ARM64EC.Build.0 = Debug|ARM64EC
		{3AA50484-E4C1-41FB-9AE4-FEEA724E6077}.Debug|x64.ActiveCfg = Debug|x64
		{3AA50484-E4C1-41FB-9AE4-FEEA724E6077}.Debug|x64.Build.0 = Debug|x64
		{3AA50484-E4C1-41FB-9AE4-FEEA724E6077}.Release|Any CPU.ActiveCfg = Release|x64
		{3AA50484-E4C1-41FB-9AE4-FEEA724E6077}.Release|Any CPU.Build.0 = Release|x64
		{3AA50484-E4C1-41FB-9AE4-FEEA724E6077}.Release|ARM64.ActiveCfg = Release|ARM64
		{3AA50484-E4C1-41FB-9AE4-FEEA724E6077}.Release|ARM64.Build.0 = Release|ARM64
		{3AA50484-E4C1-41FB-9AE4-FEEA724E6077}.Release|ARM64EC.ActiveCfg = Release|ARM64EC
		{3AA50484-E4C1-41FB-9AE4-FEEA724E6077}.Release|ARM64EC.Build.0 = Release|ARM64EC
		{3AA50484-E4C1-41FB-9AE4-FEEA724E6077}.Release|x64.ActiveCfg = Release|x64
		{3AA50484-E4C1-41FB-9AE4-FEEA724E6077}.Release|x64.Build.0 = Release|x64
		{FCCCC673-71D7-412A-B67E-8201A3CE1C93}.Debug|Any CPU.ActiveCfg = Debug|Any CPU
		{FCCCC673-71D7-412A-B67E-8201A3CE1C93}.Debug|Any CPU.Build.0 = Debug|Any CPU
		{FCCCC673-71D7-412A-B67E-8201A3CE1C93}.Debug|ARM64.ActiveCfg = Debug|ARM64
		{FCCCC673-71D7-412A-B67E-8201A3CE1C93}.Debug|ARM64.Build.0 = Debug|ARM64
		{FCCCC673-71D7-412A-B67E-8201A3CE1C93}.Debug|ARM64EC.ActiveCfg = Debug|Any CPU
		{FCCCC673-71D7-412A-B67E-8201A3CE1C93}.Debug|ARM64EC.Build.0 = Debug|Any CPU
		{FCCCC673-71D7-412A-B67E-8201A3CE1C93}.Debug|x64.ActiveCfg = Debug|x64
		{FCCCC673-71D7-412A-B67E-8201A3CE1C93}.Debug|x64.Build.0 = Debug|x64
		{FCCCC673-71D7-412A-B67E-8201A3CE1C93}.Release|Any CPU.ActiveCfg = Release|Any CPU
		{FCCCC673-71D7-412A-B67E-8201A3CE1C93}.Release|Any CPU.Build.0 = Release|Any CPU
		{FCCCC673-71D7-412A-B67E-8201A3CE1C93}.Release|ARM64.ActiveCfg = Release|ARM64
		{FCCCC673-71D7-412A-B67E-8201A3CE1C93}.Release|ARM64.Build.0 = Release|ARM64
		{FCCCC673-71D7-412A-B67E-8201A3CE1C93}.Release|ARM64EC.ActiveCfg = Release|Any CPU
		{FCCCC673-71D7-412A-B67E-8201A3CE1C93}.Release|ARM64EC.Build.0 = Release|Any CPU
		{FCCCC673-71D7-412A-B67E-8201A3CE1C93}.Release|x64.ActiveCfg = Release|x64
		{FCCCC673-71D7-412A-B67E-8201A3CE1C93}.Release|x64.Build.0 = Release|x64
		{B322045D-5106-4B70-89E4-094151CC840C}.Debug|Any CPU.ActiveCfg = Debug|x64
		{B322045D-5106-4B70-89E4-094151CC840C}.Debug|Any CPU.Build.0 = Debug|x64
		{B322045D-5106-4B70-89E4-094151CC840C}.Debug|ARM64.ActiveCfg = Debug|ARM64
		{B322045D-5106-4B70-89E4-094151CC840C}.Debug|ARM64.Build.0 = Debug|ARM64
		{B322045D-5106-4B70-89E4-094151CC840C}.Debug|ARM64EC.ActiveCfg = Debug|x64
		{B322045D-5106-4B70-89E4-094151CC840C}.Debug|ARM64EC.Build.0 = Debug|x64
		{B322045D-5106-4B70-89E4-094151CC840C}.Debug|x64.ActiveCfg = Debug|x64
		{B322045D-5106-4B70-89E4-094151CC840C}.Debug|x64.Build.0 = Debug|x64
		{B322045D-5106-4B70-89E4-094151CC840C}.Release|Any CPU.ActiveCfg = Release|x64
		{B322045D-5106-4B70-89E4-094151CC840C}.Release|Any CPU.Build.0 = Release|x64
		{B322045D-5106-4B70-89E4-094151CC840C}.Release|ARM64.ActiveCfg = Release|ARM64
		{B322045D-5106-4B70-89E4-094151CC840C}.Release|ARM64.Build.0 = Release|ARM64
		{B322045D-5106-4B70-89E4-094151CC840C}.Release|ARM64EC.ActiveCfg = Release|x64
		{B322045D-5106-4B70-89E4-094151CC840C}.Release|ARM64EC.Build.0 = Release|x64
		{B322045D-5106-4B70-89E4-094151CC840C}.Release|x64.ActiveCfg = Release|x64
		{B322045D-5106-4B70-89E4-094151CC840C}.Release|x64.Build.0 = Release|x64
		{8C4C61D3-5EFB-44AE-B881-34D0A12801D1}.Debug|Any CPU.ActiveCfg = Debug|x64
		{8C4C61D3-5EFB-44AE-B881-34D0A12801D1}.Debug|Any CPU.Build.0 = Debug|x64
		{8C4C61D3-5EFB-44AE-B881-34D0A12801D1}.Debug|ARM64.ActiveCfg = Debug|ARM64
		{8C4C61D3-5EFB-44AE-B881-34D0A12801D1}.Debug|ARM64.Build.0 = Debug|ARM64
		{8C4C61D3-5EFB-44AE-B881-34D0A12801D1}.Debug|ARM64EC.ActiveCfg = Debug|x64
		{8C4C61D3-5EFB-44AE-B881-34D0A12801D1}.Debug|ARM64EC.Build.0 = Debug|x64
		{8C4C61D3-5EFB-44AE-B881-34D0A12801D1}.Debug|x64.ActiveCfg = Debug|x64
		{8C4C61D3-5EFB-44AE-B881-34D0A12801D1}.Debug|x64.Build.0 = Debug|x64
		{8C4C61D3-5EFB-44AE-B881-34D0A12801D1}.Release|Any CPU.ActiveCfg = Release|x64
		{8C4C61D3-5EFB-44AE-B881-34D0A12801D1}.Release|Any CPU.Build.0 = Release|x64
		{8C4C61D3-5EFB-44AE-B881-34D0A12801D1}.Release|ARM64.ActiveCfg = Release|ARM64
		{8C4C61D3-5EFB-44AE-B881-34D0A12801D1}.Release|ARM64.Build.0 = Release|ARM64
		{8C4C61D3-5EFB-44AE-B881-34D0A12801D1}.Release|ARM64EC.ActiveCfg = Release|x64
		{8C4C61D3-5EFB-44AE-B881-34D0A12801D1}.Release|ARM64EC.Build.0 = Release|x64
		{8C4C61D3-5EFB-44AE-B881-34D0A12801D1}.Release|x64.ActiveCfg = Release|x64
		{8C4C61D3-5EFB-44AE-B881-34D0A12801D1}.Release|x64.Build.0 = Release|x64
		{27F48565-8ACF-4A73-8078-81D373254246}.Debug|Any CPU.ActiveCfg = Debug|x64
		{27F48565-8ACF-4A73-8078-81D373254246}.Debug|Any CPU.Build.0 = Debug|x64
		{27F48565-8ACF-4A73-8078-81D373254246}.Debug|ARM64.ActiveCfg = Debug|ARM64
		{27F48565-8ACF-4A73-8078-81D373254246}.Debug|ARM64.Build.0 = Debug|ARM64
		{27F48565-8ACF-4A73-8078-81D373254246}.Debug|ARM64EC.ActiveCfg = Debug|ARM64EC
		{27F48565-8ACF-4A73-8078-81D373254246}.Debug|ARM64EC.Build.0 = Debug|ARM64EC
		{27F48565-8ACF-4A73-8078-81D373254246}.Debug|x64.ActiveCfg = Debug|x64
		{27F48565-8ACF-4A73-8078-81D373254246}.Debug|x64.Build.0 = Debug|x64
		{27F48565-8ACF-4A73-8078-81D373254246}.Release|Any CPU.ActiveCfg = Release|x64
		{27F48565-8ACF-4A73-8078-81D373254246}.Release|Any CPU.Build.0 = Release|x64
		{27F48565-8ACF-4A73-8078-81D373254246}.Release|ARM64.ActiveCfg = Release|ARM64
		{27F48565-8ACF-4A73-8078-81D373254246}.Release|ARM64.Build.0 = Release|ARM64
		{27F48565-8ACF-4A73-8078-81D373254246}.Release|ARM64EC.ActiveCfg = Release|ARM64EC
		{27F48565-8ACF-4A73-8078-81D373254246}.Release|ARM64EC.Build.0 = Release|ARM64EC
		{27F48565-8ACF-4A73-8078-81D373254246}.Release|x64.ActiveCfg = Release|x64
		{27F48565-8ACF-4A73-8078-81D373254246}.Release|x64.Build.0 = Release|x64
		{17CD6396-C61F-48D0-867C-52E2F9A4A80C}.Debug|Any CPU.ActiveCfg = Debug|x64
		{17CD6396-C61F-48D0-867C-52E2F9A4A80C}.Debug|Any CPU.Build.0 = Debug|x64
		{17CD6396-C61F-48D0-867C-52E2F9A4A80C}.Debug|ARM64.ActiveCfg = Debug|ARM64
		{17CD6396-C61F-48D0-867C-52E2F9A4A80C}.Debug|ARM64.Build.0 = Debug|ARM64
		{17CD6396-C61F-48D0-867C-52E2F9A4A80C}.Debug|ARM64EC.ActiveCfg = Debug|x64
		{17CD6396-C61F-48D0-867C-52E2F9A4A80C}.Debug|ARM64EC.Build.0 = Debug|x64
		{17CD6396-C61F-48D0-867C-52E2F9A4A80C}.Debug|x64.ActiveCfg = Debug|x64
		{17CD6396-C61F-48D0-867C-52E2F9A4A80C}.Debug|x64.Build.0 = Debug|x64
		{17CD6396-C61F-48D0-867C-52E2F9A4A80C}.Release|Any CPU.ActiveCfg = Release|x64
		{17CD6396-C61F-48D0-867C-52E2F9A4A80C}.Release|Any CPU.Build.0 = Release|x64
		{17CD6396-C61F-48D0-867C-52E2F9A4A80C}.Release|ARM64.ActiveCfg = Release|ARM64
		{17CD6396-C61F-48D0-867C-52E2F9A4A80C}.Release|ARM64.Build.0 = Release|ARM64
		{17CD6396-C61F-48D0-867C-52E2F9A4A80C}.Release|ARM64EC.ActiveCfg = Release|x64
		{17CD6396-C61F-48D0-867C-52E2F9A4A80C}.Release|ARM64EC.Build.0 = Release|x64
		{17CD6396-C61F-48D0-867C-52E2F9A4A80C}.Release|x64.ActiveCfg = Release|x64
		{17CD6396-C61F-48D0-867C-52E2F9A4A80C}.Release|x64.Build.0 = Release|x64
		{67F25A4C-E651-4739-8B13-8F454CD57B4A}.Debug|Any CPU.ActiveCfg = Debug|x64
		{67F25A4C-E651-4739-8B13-8F454CD57B4A}.Debug|Any CPU.Build.0 = Debug|x64
		{67F25A4C-E651-4739-8B13-8F454CD57B4A}.Debug|ARM64.ActiveCfg = Debug|ARM64
		{67F25A4C-E651-4739-8B13-8F454CD57B4A}.Debug|ARM64.Build.0 = Debug|ARM64
		{67F25A4C-E651-4739-8B13-8F454CD57B4A}.Debug|ARM64EC.ActiveCfg = Debug|x64
		{67F25A4C-E651-4739-8B13-8F454CD57B4A}.Debug|ARM64EC.Build.0 = Debug|x64
		{67F25A4C-E651-4739-8B13-8F454CD57B4A}.Debug|x64.ActiveCfg = Debug|x64
		{67F25A4C-E651-4739-8B13-8F454CD57B4A}.Debug|x64.Build.0 = Debug|x64
		{67F25A4C-E651-4739-8B13-8F454CD57B4A}.Release|Any CPU.ActiveCfg = Release|x64
		{67F25A4C-E651-4739-8B13-8F454CD57B4A}.Release|Any CPU.Build.0 = Release|x64
		{67F25A4C-E651-4739-8B13-8F454CD57B4A}.Release|ARM64.ActiveCfg = Release|ARM64
		{67F25A4C-E651-4739-8B13-8F454CD57B4A}.Release|ARM64.Build.0 = Release|ARM64
		{67F25A4C-E651-4739-8B13-8F454CD57B4A}.Release|ARM64EC.ActiveCfg = Release|x64
		{67F25A4C-E651-4739-8B13-8F454CD57B4A}.Release|ARM64EC.Build.0 = Release|x64
		{67F25A4C-E651-4739-8B13-8F454CD57B4A}.Release|x64.ActiveCfg = Release|x64
		{67F25A4C-E651-4739-8B13-8F454CD57B4A}.Release|x64.Build.0 = Release|x64
		{236E1240-6005-4909-9088-92A12015AECF}.Debug|Any CPU.ActiveCfg = Debug|x64
		{236E1240-6005-4909-9088-92A12015AECF}.Debug|Any CPU.Build.0 = Debug|x64
		{236E1240-6005-4909-9088-92A12015AECF}.Debug|ARM64.ActiveCfg = Debug|ARM64
		{236E1240-6005-4909-9088-92A12015AECF}.Debug|ARM64.Build.0 = Debug|ARM64
		{236E1240-6005-4909-9088-92A12015AECF}.Debug|ARM64EC.ActiveCfg = Debug|x64
		{236E1240-6005-4909-9088-92A12015AECF}.Debug|ARM64EC.Build.0 = Debug|x64
		{236E1240-6005-4909-9088-92A12015AECF}.Debug|x64.ActiveCfg = Debug|x64
		{236E1240-6005-4909-9088-92A12015AECF}.Debug|x64.Build.0 = Debug|x64
		{236E1240-6005-4909-9088-92A12015AECF}.Release|Any CPU.ActiveCfg = Release|x64
		{236E1240-6005-4909-9088-92A12015AECF}.Release|Any CPU.Build.0 = Release|x64
		{236E1240-6005-4909-9088-92A12015AECF}.Release|ARM64.ActiveCfg = Release|ARM64
		{236E1240-6005-4909-9088-92A12015AECF}.Release|ARM64.Build.0 = Release|ARM64
		{236E1240-6005-4909-9088-92A12015AECF}.Release|ARM64EC.ActiveCfg = Release|x64
		{236E1240-6005-4909-9088-92A12015AECF}.Release|ARM64EC.Build.0 = Release|x64
		{236E1240-6005-4909-9088-92A12015AECF}.Release|x64.ActiveCfg = Release|x64
		{236E1240-6005-4909-9088-92A12015AECF}.Release|x64.Build.0 = Release|x64
		{8199DE11-CC7D-4546-97A7-F771A7544046}.Debug|Any CPU.ActiveCfg = Debug|x64
		{8199DE11-CC7D-4546-97A7-F771A7544046}.Debug|Any CPU.Build.0 = Debug|x64
		{8199DE11-CC7D-4546-97A7-F771A7544046}.Debug|ARM64.ActiveCfg = Debug|ARM64
		{8199DE11-CC7D-4546-97A7-F771A7544046}.Debug|ARM64.Build.0 = Debug|ARM64
		{8199DE11-CC7D-4546-97A7-F771A7544046}.Debug|ARM64EC.ActiveCfg = Debug|x64
		{8199DE11-CC7D-4546-97A7-F771A7544046}.Debug|ARM64EC.Build.0 = Debug|x64
		{8199DE11-CC7D-4546-97A7-F771A7544046}.Debug|x64.ActiveCfg = Debug|x64
		{8199DE11-CC7D-4546-97A7-F771A7544046}.Debug|x64.Build.0 = Debug|x64
		{8199DE11-CC7D-4546-97A7-F771A7544046}.Release|Any CPU.ActiveCfg = Release|x64
		{8199DE11-CC7D-4546-97A7-F771A7544046}.Release|Any CPU.Build.0 = Release|x64
		{8199DE11-CC7D-4546-97A7-F771A7544046}.Release|ARM64.ActiveCfg = Release|ARM64
		{8199DE11-CC7D-4546-97A7-F771A7544046}.Release|ARM64.Build.0 = Release|ARM64
		{8199DE11-CC7D-4546-97A7-F771A7544046}.Release|ARM64EC.ActiveCfg = Release|x64
		{8199DE11-CC7D-4546-97A7-F771A7544046}.Release|ARM64EC.Build.0 = Release|x64
		{8199DE11-CC7D-4546-97A7-F771A7544046}.Release|x64.ActiveCfg = Release|x64
		{8199DE11-CC7D-4546-97A7-F771A7544046}.Release|x64.Build.0 = Release|x64
	EndGlobalSection
	GlobalSection(SolutionProperties) = preSolution
		HideSolutionNode = FALSE
	EndGlobalSection
	GlobalSection(NestedProjects) = preSolution
		{3AA50484-E4C1-41FB-9AE4-FEEA724E6077} = {7EB712A7-A3CA-49D3-9055-73AA871DAF35}
		{FCCCC673-71D7-412A-B67E-8201A3CE1C93} = {7EB712A7-A3CA-49D3-9055-73AA871DAF35}
		{B322045D-5106-4B70-89E4-094151CC840C} = {68F4A0F4-F443-47C4-A850-2BAA0FF43E75}
		{8C4C61D3-5EFB-44AE-B881-34D0A12801D1} = {68F4A0F4-F443-47C4-A850-2BAA0FF43E75}
		{27F48565-8ACF-4A73-8078-81D373254246} = {68F4A0F4-F443-47C4-A850-2BAA0FF43E75}
		{17CD6396-C61F-48D0-867C-52E2F9A4A80C} = {68F4A0F4-F443-47C4-A850-2BAA0FF43E75}
		{67F25A4C-E651-4739-8B13-8F454CD57B4A} = {68F4A0F4-F443-47C4-A850-2BAA0FF43E75}
		{236E1240-6005-4909-9088-92A12015AECF} = {68F4A0F4-F443-47C4-A850-2BAA0FF43E75}
		{8199DE11-CC7D-4546-97A7-F771A7544046} = {7D5B581F-CDE7-40F2-8A9E-E640008227EE}
	EndGlobalSection
	GlobalSection(ExtensibilityGlobals) = postSolution
		SolutionGuid = {19B64F27-27A7-4F45-91D3-EE18D0FEEFA5}
	EndGlobalSection
EndGlobal
